
Microsoft Visual Studio Solution File, Format Version 12.00
# Visual Studio Version 16
VisualStudioVersion = 25.0.1703.3
MinimumVisualStudioVersion = 10.0.40219.1
Project("{FAE04EC0-301F-11D3-BF4B-00C04F79EFBC}") = "O2NextGen.PFRCenterApp", "O2NextGen.PFRCenterApp.csproj", "{8B995DCC-83AD-4BED-91FA-A52021BAE2C1}"
EndProject
Project("{FAE04EC0-301F-11D3-BF4B-00C04F79EFBC}") = "O2NextGen.IdentityServer", "..\O2NextGen.IdentityServer\O2NextGen.IdentityServer.csproj", "{C735AE3A-5EA5-4224-A88B-149989632E08}"
EndProject
Global
	GlobalSection(SolutionConfigurationPlatforms) = preSolution
		Debug|Any CPU = Debug|Any CPU
		Release|Any CPU = Release|Any CPU
	EndGlobalSection
	GlobalSection(ProjectConfigurationPlatforms) = postSolution
		{8B995DCC-83AD-4BED-91FA-A52021BAE2C1}.Debug|Any CPU.ActiveCfg = Debug|Any CPU
		{8B995DCC-83AD-4BED-91FA-A52021BAE2C1}.Debug|Any CPU.Build.0 = Debug|Any CPU
		{8B995DCC-83AD-4BED-91FA-A52021BAE2C1}.Release|Any CPU.ActiveCfg = Release|Any CPU
		{8B995DCC-83AD-4BED-91FA-A52021BAE2C1}.Release|Any CPU.Build.0 = Release|Any CPU
		{C735AE3A-5EA5-4224-A88B-149989632E08}.Debug|Any CPU.ActiveCfg = Debug|Any CPU
		{C735AE3A-5EA5-4224-A88B-149989632E08}.Debug|Any CPU.Build.0 = Debug|Any CPU
		{C735AE3A-5EA5-4224-A88B-149989632E08}.Release|Any CPU.ActiveCfg = Release|Any CPU
		{C735AE3A-5EA5-4224-A88B-149989632E08}.Release|Any CPU.Build.0 = Release|Any CPU
	EndGlobalSection
	GlobalSection(SolutionProperties) = preSolution
		HideSolutionNode = FALSE
	EndGlobalSection
	GlobalSection(ExtensibilityGlobals) = postSolution
		SolutionGuid = {220A3658-0CA7-434E-9EEF-CD9E7D1C3329}
	EndGlobalSection
EndGlobal
