
Microsoft Visual Studio Solution File, Format Version 12.00
# Visual Studio Version 16
VisualStudioVersion = 16.0.810.11
MinimumVisualStudioVersion = 10.0.40219.1
Project("{9A19103F-16F7-4668-BE54-9A1E7A4F7556}") = "O2NextGen.Auth.Web", "O2NextGen.Auth.Web\O2NextGen.Auth.Web.csproj", "{9558F553-05AB-44CE-A7D7-C44AB970A358}"
EndProject
Project("{FAE04EC0-301F-11D3-BF4B-00C04F79EFBC}") = "O2NextGen.Auth.Reference", "O2NextGen.Auth.Sample\O2NextGen.Auth.Reference.csproj", "{286B8419-F5B7-443D-BDE6-509AC83052ED}"
EndProject
Project("{2150E333-8FDC-42A3-9474-1A3956D46DE8}") = "Tests", "Tests", "{F27FA45B-F416-44AE-8A24-91AA3C4EBA39}"
EndProject
Project("{FAE04EC0-301F-11D3-BF4B-00C04F79EFBC}") = "IntegrationTests.O2NextGen.Auth.Web", "Tests\IntegrationTests.O2NextGen.Auth.Web\IntegrationTests.O2NextGen.Auth.Web.csproj", "{297099E8-8227-4BC2-A537-2B8FAF41BB17}"
EndProject
Project("{FAE04EC0-301F-11D3-BF4B-00C04F79EFBC}") = "Tests.O2NextGen.Auth.Web", "Tests\Tests.O2NextGen.Auth.Web\Tests.O2NextGen.Auth.Web.csproj", "{D0C86E83-9BAB-446C-906C-1AD166084612}"
EndProject
Project("{2150E333-8FDC-42A3-9474-1A3956D46DE8}") = "Temp", "Temp", "{1B2A171B-C30F-4CE1-9D02-F4CDC4C395FA}"
EndProject
Global
	GlobalSection(SolutionConfigurationPlatforms) = preSolution
		Debug|Any CPU = Debug|Any CPU
		Release|Any CPU = Release|Any CPU
	EndGlobalSection
	GlobalSection(ProjectConfigurationPlatforms) = postSolution
		{9558F553-05AB-44CE-A7D7-C44AB970A358}.Debug|Any CPU.ActiveCfg = Debug|Any CPU
		{9558F553-05AB-44CE-A7D7-C44AB970A358}.Debug|Any CPU.Build.0 = Debug|Any CPU
		{9558F553-05AB-44CE-A7D7-C44AB970A358}.Release|Any CPU.ActiveCfg = Release|Any CPU
		{9558F553-05AB-44CE-A7D7-C44AB970A358}.Release|Any CPU.Build.0 = Release|Any CPU
		{286B8419-F5B7-443D-BDE6-509AC83052ED}.Debug|Any CPU.ActiveCfg = Debug|Any CPU
		{286B8419-F5B7-443D-BDE6-509AC83052ED}.Debug|Any CPU.Build.0 = Debug|Any CPU
		{286B8419-F5B7-443D-BDE6-509AC83052ED}.Release|Any CPU.ActiveCfg = Release|Any CPU
		{286B8419-F5B7-443D-BDE6-509AC83052ED}.Release|Any CPU.Build.0 = Release|Any CPU
		{297099E8-8227-4BC2-A537-2B8FAF41BB17}.Debug|Any CPU.ActiveCfg = Debug|Any CPU
		{297099E8-8227-4BC2-A537-2B8FAF41BB17}.Debug|Any CPU.Build.0 = Debug|Any CPU
		{297099E8-8227-4BC2-A537-2B8FAF41BB17}.Release|Any CPU.ActiveCfg = Release|Any CPU
		{297099E8-8227-4BC2-A537-2B8FAF41BB17}.Release|Any CPU.Build.0 = Release|Any CPU
		{D0C86E83-9BAB-446C-906C-1AD166084612}.Debug|Any CPU.ActiveCfg = Debug|Any CPU
		{D0C86E83-9BAB-446C-906C-1AD166084612}.Debug|Any CPU.Build.0 = Debug|Any CPU
		{D0C86E83-9BAB-446C-906C-1AD166084612}.Release|Any CPU.ActiveCfg = Release|Any CPU
		{D0C86E83-9BAB-446C-906C-1AD166084612}.Release|Any CPU.Build.0 = Release|Any CPU
	EndGlobalSection
	GlobalSection(SolutionProperties) = preSolution
		HideSolutionNode = FALSE
	EndGlobalSection
	GlobalSection(ExtensibilityGlobals) = postSolution
		SolutionGuid = {EE27CEA0-1DC1-4C22-ABFF-A6A04EEE728D}
	EndGlobalSection
	GlobalSection(NestedProjects) = preSolution
		{297099E8-8227-4BC2-A537-2B8FAF41BB17} = {F27FA45B-F416-44AE-8A24-91AA3C4EBA39}
		{D0C86E83-9BAB-446C-906C-1AD166084612} = {F27FA45B-F416-44AE-8A24-91AA3C4EBA39}
		{286B8419-F5B7-443D-BDE6-509AC83052ED} = {1B2A171B-C30F-4CE1-9D02-F4CDC4C395FA}
	EndGlobalSection
EndGlobal
