
Microsoft Visual Studio Solution File, Format Version 12.00
# Visual Studio Version 16
VisualStudioVersion = 16.0.30114.105
MinimumVisualStudioVersion = 10.0.40219.1
Project("{FAE04EC0-301F-11D3-BF4B-00C04F79EFBC}") = "API", "API\API.csproj", "{7D3EC6C3-F257-4A72-86D4-6926CC21F326}"
EndProject
Project("{FAE04EC0-301F-11D3-BF4B-00C04F79EFBC}") = "Application", "Application\Application.csproj", "{D893B036-659A-4BFA-BB90-C319D1538F5B}"
EndProject
Project("{FAE04EC0-301F-11D3-BF4B-00C04F79EFBC}") = "Domain", "Domain\Domain.csproj", "{5443D02B-4683-403B-A010-DA626E117A40}"
EndProject
Project("{FAE04EC0-301F-11D3-BF4B-00C04F79EFBC}") = "Persistence", "Persistence\Persistence.csproj", "{8187FA42-A373-43B0-9882-1B0B12E1F991}"
EndProject
Global
	GlobalSection(SolutionConfigurationPlatforms) = preSolution
		Debug|Any CPU = Debug|Any CPU
		Release|Any CPU = Release|Any CPU
	EndGlobalSection
	GlobalSection(SolutionProperties) = preSolution
		HideSolutionNode = FALSE
	EndGlobalSection
	GlobalSection(ProjectConfigurationPlatforms) = postSolution
		{7D3EC6C3-F257-4A72-86D4-6926CC21F326}.Debug|Any CPU.ActiveCfg = Debug|Any CPU
		{7D3EC6C3-F257-4A72-86D4-6926CC21F326}.Debug|Any CPU.Build.0 = Debug|Any CPU
		{7D3EC6C3-F257-4A72-86D4-6926CC21F326}.Release|Any CPU.ActiveCfg = Release|Any CPU
		{7D3EC6C3-F257-4A72-86D4-6926CC21F326}.Release|Any CPU.Build.0 = Release|Any CPU
		{D893B036-659A-4BFA-BB90-C319D1538F5B}.Debug|Any CPU.ActiveCfg = Debug|Any CPU
		{D893B036-659A-4BFA-BB90-C319D1538F5B}.Debug|Any CPU.Build.0 = Debug|Any CPU
		{D893B036-659A-4BFA-BB90-C319D1538F5B}.Release|Any CPU.ActiveCfg = Release|Any CPU
		{D893B036-659A-4BFA-BB90-C319D1538F5B}.Release|Any CPU.Build.0 = Release|Any CPU
		{5443D02B-4683-403B-A010-DA626E117A40}.Debug|Any CPU.ActiveCfg = Debug|Any CPU
		{5443D02B-4683-403B-A010-DA626E117A40}.Debug|Any CPU.Build.0 = Debug|Any CPU
		{5443D02B-4683-403B-A010-DA626E117A40}.Release|Any CPU.ActiveCfg = Release|Any CPU
		{5443D02B-4683-403B-A010-DA626E117A40}.Release|Any CPU.Build.0 = Release|Any CPU
		{8187FA42-A373-43B0-9882-1B0B12E1F991}.Debug|Any CPU.ActiveCfg = Debug|Any CPU
		{8187FA42-A373-43B0-9882-1B0B12E1F991}.Debug|Any CPU.Build.0 = Debug|Any CPU
		{8187FA42-A373-43B0-9882-1B0B12E1F991}.Release|Any CPU.ActiveCfg = Release|Any CPU
		{8187FA42-A373-43B0-9882-1B0B12E1F991}.Release|Any CPU.Build.0 = Release|Any CPU
	EndGlobalSection
EndGlobal
