
Microsoft Visual Studio Solution File, Format Version 12.00
# Visual Studio Version 16
VisualStudioVersion = 25.0.1703.8
MinimumVisualStudioVersion = 10.0.40219.1
Project("{FAE04EC0-301F-11D3-BF4B-00C04F79EFBC}") = "O2NextGen.Auth.Web", "O2NextGen.Auth.Web.csproj", "{56C22C61-109A-4889-BDFB-A49867F253B4}"
EndProject
Project("{E53339B2-1760-4266-BCC7-CA923CBCF16C}") = "docker-compose", "docker-compose.dcproj", "{84E5B702-0452-4CEE-BC71-00CC31863DE6}"
EndProject
Global
	GlobalSection(SolutionConfigurationPlatforms) = preSolution
		Debug|Any CPU = Debug|Any CPU
		Release|Any CPU = Release|Any CPU
	EndGlobalSection
	GlobalSection(ProjectConfigurationPlatforms) = postSolution
		{56C22C61-109A-4889-BDFB-A49867F253B4}.Debug|Any CPU.ActiveCfg = Debug|Any CPU
		{56C22C61-109A-4889-BDFB-A49867F253B4}.Debug|Any CPU.Build.0 = Debug|Any CPU
		{56C22C61-109A-4889-BDFB-A49867F253B4}.Release|Any CPU.ActiveCfg = Release|Any CPU
		{56C22C61-109A-4889-BDFB-A49867F253B4}.Release|Any CPU.Build.0 = Release|Any CPU
		{84E5B702-0452-4CEE-BC71-00CC31863DE6}.Debug|Any CPU.ActiveCfg = Debug|Any CPU
		{84E5B702-0452-4CEE-BC71-00CC31863DE6}.Debug|Any CPU.Build.0 = Debug|Any CPU
		{84E5B702-0452-4CEE-BC71-00CC31863DE6}.Release|Any CPU.ActiveCfg = Release|Any CPU
		{84E5B702-0452-4CEE-BC71-00CC31863DE6}.Release|Any CPU.Build.0 = Release|Any CPU
	EndGlobalSection
	GlobalSection(SolutionProperties) = preSolution
		HideSolutionNode = FALSE
	EndGlobalSection
	GlobalSection(ExtensibilityGlobals) = postSolution
		SolutionGuid = {D4678E18-F411-4500-8955-4A9E4DF31D00}
	EndGlobalSection
EndGlobal
