
Microsoft Visual Studio Solution File, Format Version 12.00
# Visual Studio Version 16
VisualStudioVersion = 16.0.810.10
MinimumVisualStudioVersion = 10.0.40219.1
Project("{FAE04EC0-301F-11D3-BF4B-00C04F79EFBC}") = "O2NextGen.CertificateManagement.Api", "O2NextGen.CertificateManagement.Api\O2NextGen.CertificateManagement.Api.csproj", "{EA540B06-8A73-49C7-A799-49423B316458}"
EndProject
Project("{FAE04EC0-301F-11D3-BF4B-00C04F79EFBC}") = "O2NextGen.CertificateManagement.Business", "O2NextGen.CertificateManagement.Business\O2NextGen.CertificateManagement.Business.csproj", "{C6E0B2A5-6349-4C1D-8E14-82249AF8F58A}"
EndProject
Project("{FAE04EC0-301F-11D3-BF4B-00C04F79EFBC}") = "O2NextGen.CertificateManagement.Impl", "O2NextGen.CertificateManagement.Impl\O2NextGen.CertificateManagement.Impl.csproj", "{01805439-2954-49CE-93D2-5EB06B82146C}"
EndProject
Project("{2150E333-8FDC-42A3-9474-1A3956D46DE8}") = "Tests", "Tests", "{12E83C2A-23C7-4E71-B137-AC56CE28F9E4}"
EndProject
Project("{FAE04EC0-301F-11D3-BF4B-00C04F79EFBC}") = "O2NextGen.CertificateManagement.Data", "O2NextGen.CertificateManagement.Data\O2NextGen.CertificateManagement.Data.csproj", "{B8C8A05D-0D30-40FF-8BDD-B2FBA2ED7AB0}"
EndProject
Global
	GlobalSection(SolutionConfigurationPlatforms) = preSolution
		Debug|Any CPU = Debug|Any CPU
		Release|Any CPU = Release|Any CPU
	EndGlobalSection
	GlobalSection(ProjectConfigurationPlatforms) = postSolution
		{EA540B06-8A73-49C7-A799-49423B316458}.Debug|Any CPU.ActiveCfg = Debug|Any CPU
		{EA540B06-8A73-49C7-A799-49423B316458}.Debug|Any CPU.Build.0 = Debug|Any CPU
		{EA540B06-8A73-49C7-A799-49423B316458}.Release|Any CPU.ActiveCfg = Release|Any CPU
		{EA540B06-8A73-49C7-A799-49423B316458}.Release|Any CPU.Build.0 = Release|Any CPU
		{C6E0B2A5-6349-4C1D-8E14-82249AF8F58A}.Debug|Any CPU.ActiveCfg = Debug|Any CPU
		{C6E0B2A5-6349-4C1D-8E14-82249AF8F58A}.Debug|Any CPU.Build.0 = Debug|Any CPU
		{C6E0B2A5-6349-4C1D-8E14-82249AF8F58A}.Release|Any CPU.ActiveCfg = Release|Any CPU
		{C6E0B2A5-6349-4C1D-8E14-82249AF8F58A}.Release|Any CPU.Build.0 = Release|Any CPU
		{01805439-2954-49CE-93D2-5EB06B82146C}.Debug|Any CPU.ActiveCfg = Debug|Any CPU
		{01805439-2954-49CE-93D2-5EB06B82146C}.Debug|Any CPU.Build.0 = Debug|Any CPU
		{01805439-2954-49CE-93D2-5EB06B82146C}.Release|Any CPU.ActiveCfg = Release|Any CPU
		{01805439-2954-49CE-93D2-5EB06B82146C}.Release|Any CPU.Build.0 = Release|Any CPU
		{B8C8A05D-0D30-40FF-8BDD-B2FBA2ED7AB0}.Debug|Any CPU.ActiveCfg = Debug|Any CPU
		{B8C8A05D-0D30-40FF-8BDD-B2FBA2ED7AB0}.Debug|Any CPU.Build.0 = Debug|Any CPU
		{B8C8A05D-0D30-40FF-8BDD-B2FBA2ED7AB0}.Release|Any CPU.ActiveCfg = Release|Any CPU
		{B8C8A05D-0D30-40FF-8BDD-B2FBA2ED7AB0}.Release|Any CPU.Build.0 = Release|Any CPU
	EndGlobalSection
	GlobalSection(SolutionProperties) = preSolution
		HideSolutionNode = FALSE
	EndGlobalSection
	GlobalSection(ExtensibilityGlobals) = postSolution
		SolutionGuid = {A6DFC9F0-3FA7-492B-ACE9-3EFBF3477712}
	EndGlobalSection
EndGlobal
