
Microsoft Visual Studio Solution File, Format Version 12.00
# Visual Studio Version 16
VisualStudioVersion = 25.0.1700.0
MinimumVisualStudioVersion = 10.0.40219.1
Project("{2150E333-8FDC-42A3-9474-1A3956D46DE8}") = "Tools", "Tools", "{897A7BA2-3AAB-4D74-BA13-E6AEF977AE98}"
EndProject
Project("{FAE04EC0-301F-11D3-BF4B-00C04F79EFBC}") = "O2.Tracker.DbUtility", "O2.Tracker.DbUtility\O2.Tracker.DbUtility.csproj", "{77D9E353-F5AE-440B-8EE8-70EBB92099AD}"
EndProject
Project("{FAE04EC0-301F-11D3-BF4B-00C04F79EFBC}") = "O2.OnTracker.Api", "O2.OnTracker.Api\O2.OnTracker.Api.csproj", "{2288664B-04A5-4C80-8685-2AF877F5D335}"
EndProject
Global
	GlobalSection(SolutionConfigurationPlatforms) = preSolution
		Debug|Any CPU = Debug|Any CPU
		Release|Any CPU = Release|Any CPU
	EndGlobalSection
	GlobalSection(ProjectConfigurationPlatforms) = postSolution
		{77D9E353-F5AE-440B-8EE8-70EBB92099AD}.Debug|Any CPU.ActiveCfg = Debug|Any CPU
		{77D9E353-F5AE-440B-8EE8-70EBB92099AD}.Debug|Any CPU.Build.0 = Debug|Any CPU
		{77D9E353-F5AE-440B-8EE8-70EBB92099AD}.Release|Any CPU.ActiveCfg = Release|Any CPU
		{77D9E353-F5AE-440B-8EE8-70EBB92099AD}.Release|Any CPU.Build.0 = Release|Any CPU
		{2288664B-04A5-4C80-8685-2AF877F5D335}.Debug|Any CPU.ActiveCfg = Debug|Any CPU
		{2288664B-04A5-4C80-8685-2AF877F5D335}.Debug|Any CPU.Build.0 = Debug|Any CPU
		{2288664B-04A5-4C80-8685-2AF877F5D335}.Release|Any CPU.ActiveCfg = Release|Any CPU
		{2288664B-04A5-4C80-8685-2AF877F5D335}.Release|Any CPU.Build.0 = Release|Any CPU
	EndGlobalSection
	GlobalSection(SolutionProperties) = preSolution
		HideSolutionNode = FALSE
	EndGlobalSection
	GlobalSection(ExtensibilityGlobals) = postSolution
		SolutionGuid = {D93882A4-4B7E-4814-8462-14D882FB336B}
	EndGlobalSection
	GlobalSection(NestedProjects) = preSolution
		{77D9E353-F5AE-440B-8EE8-70EBB92099AD} = {897A7BA2-3AAB-4D74-BA13-E6AEF977AE98}
	EndGlobalSection
EndGlobal
