{
  "version": 4,
  "terraform_version": "1.2.9",
  "serial": 56,
  "lineage": "63489a0a-daf7-a393-1b70-f5d769dd6fa6",
  "outputs": {
    "client_id": {
      "value": "4acf4b9b-9507-44ae-83ff-43a8b0a2d45e",
      "type": "string"
    },
    "client_secret": {
      "value": "xvT8Q~GoHTTArzkIjY0mPAbt2Grg-1KxoShWGaxb",
      "type": "string",
      "sensitive": true
    },
    "current_subscription_display_name": {
      "value": "paid-subscription",
      "type": "string"
    },
    "display_name": {
      "value": "External-DNS-SP",
      "type": "string"
    },
    "object_id": {
      "value": "ae2c64ac-8e28-41da-9f2c-fa3ce8cbc3c0",
      "type": "string"
    }
  },
  "resources": [
    {
      "mode": "data",
      "type": "azuread_client_config",
      "name": "current",
      "provider": "provider[\"registry.terraform.io/hashicorp/azuread\"]",
      "instances": [
        {
          "schema_version": 0,
          "attributes": {
            "client_id": "04b07795-8ddb-461a-bbee-02f9e1bf7b46",
            "id": "f3a52f65-e3a4-4386-8bc9-a42f32fc1cd6-04b07795-8ddb-461a-bbee-02f9e1bf7b46-ae2c64ac-8e28-41da-9f2c-fa3ce8cbc3c0",
            "object_id": "ae2c64ac-8e28-41da-9f2c-fa3ce8cbc3c0",
            "tenant_id": "f3a52f65-e3a4-4386-8bc9-a42f32fc1cd6",
            "timeouts": null
          },
          "sensitive_attributes": []
        }
      ]
    },
    {
      "mode": "data",
      "type": "azuread_domains",
      "name": "example",
      "provider": "provider[\"registry.terraform.io/hashicorp/azuread\"]",
      "instances": [
        {
          "schema_version": 0,
          "attributes": {
            "admin_managed": null,
            "domains": [
              {
                "admin_managed": true,
                "authentication_type": "Managed",
                "default": true,
                "domain_name": "o2bionicshotmail.onmicrosoft.com",
                "initial": true,
                "root": true,
                "supported_services": [
                  "Email",
                  "OfficeCommunicationsOnline"
                ],
                "verified": true
              }
            ],
            "id": "domains#f3a52f65-e3a4-4386-8bc9-a42f32fc1cd6#ZFYJzSzr82ymyVfK_gF6i8a-KPM=",
            "include_unverified": null,
            "only_default": null,
            "only_initial": true,
            "only_root": null,
            "supports_services": null,
            "timeouts": null
          },
          "sensitive_attributes": []
        }
      ]
    },
    {
      "mode": "data",
      "type": "azurerm_subscription",
      "name": "current",
      "provider": "provider[\"registry.terraform.io/hashicorp/azurerm\"]",
      "instances": [
        {
          "schema_version": 0,
          "attributes": {
            "display_name": "paid-subscription",
            "id": "/subscriptions/f1404c6e-2728-40ae-9cd2-fee75bde4c04",
            "location_placement_id": "Public_2014-09-01",
            "quota_id": "PayAsYouGo_2014-09-01",
            "spending_limit": "Off",
            "state": "Enabled",
            "subscription_id": "f1404c6e-2728-40ae-9cd2-fee75bde4c04",
            "tags": {},
            "tenant_id": "f3a52f65-e3a4-4386-8bc9-a42f32fc1cd6",
            "timeouts": null
          },
          "sensitive_attributes": []
        }
      ]
    },
    {
      "mode": "managed",
      "type": "azuread_application",
      "name": "example",
      "provider": "provider[\"registry.terraform.io/hashicorp/azuread\"]",
      "instances": [
        {
          "schema_version": 1,
          "attributes": {
            "api": [
              {
                "known_client_applications": [],
                "mapped_claims_enabled": false,
                "oauth2_permission_scope": [],
                "requested_access_token_version": 1
              }
            ],
            "app_role": [],
            "app_role_ids": {},
            "application_id": "4acf4b9b-9507-44ae-83ff-43a8b0a2d45e",
            "device_only_auth_enabled": false,
            "disabled_by_microsoft": "\u003cnil\u003e",
            "display_name": "External-DNS-SP",
            "fallback_public_client_enabled": false,
            "feature_tags": [
              {
                "custom_single_sign_on": false,
                "enterprise": false,
                "gallery": false,
                "hide": false
              }
            ],
            "group_membership_claims": [],
            "id": "b414f0b5-5546-4f76-ae08-8fea6cbce5b9",
            "identifier_uris": [],
            "logo_image": "",
            "logo_url": "",
            "marketing_url": "",
            "oauth2_permission_scope_ids": {},
            "oauth2_post_response_required": false,
            "object_id": "b414f0b5-5546-4f76-ae08-8fea6cbce5b9",
            "optional_claims": [
              {
                "access_token": [],
                "id_token": [],
                "saml2_token": []
              }
            ],
            "owners": [
              "ae2c64ac-8e28-41da-9f2c-fa3ce8cbc3c0"
            ],
            "prevent_duplicate_names": false,
            "privacy_statement_url": "",
            "public_client": [
              {
                "redirect_uris": []
              }
            ],
            "publisher_domain": "o2bionicshotmail.onmicrosoft.com",
            "required_resource_access": [],
            "sign_in_audience": "AzureADMyOrg",
            "single_page_application": [
              {
                "redirect_uris": []
              }
            ],
            "support_url": "",
            "tags": [],
            "template_id": "",
            "terms_of_service_url": "",
            "timeouts": null,
            "web": [
              {
                "homepage_url": "",
                "implicit_grant": [
                  {
                    "access_token_issuance_enabled": false,
                    "id_token_issuance_enabled": false
                  }
                ],
                "logout_url": "",
                "redirect_uris": []
              }
            ]
          },
          "sensitive_attributes": [],
          "private": "eyJlMmJmYjczMC1lY2FhLTExZTYtOGY4OC0zNDM2M2JjN2M0YzAiOnsiY3JlYXRlIjo2MDAwMDAwMDAwMDAsImRlbGV0ZSI6MzAwMDAwMDAwMDAwLCJyZWFkIjozMDAwMDAwMDAwMDAsInVwZGF0ZSI6NjAwMDAwMDAwMDAwfSwic2NoZW1hX3ZlcnNpb24iOiIxIn0=",
          "dependencies": [
            "azurerm_dns_zone.primary-dns-zone",
            "azurerm_kubernetes_cluster.o2nextgen-aks",
            "azurerm_resource_group.aks-resource-group",
            "data.azuread_client_config.current"
          ]
        }
      ]
    },
    {
      "mode": "managed",
      "type": "azuread_application_password",
      "name": "current",
      "provider": "provider[\"registry.terraform.io/hashicorp/azuread\"]",
      "instances": [
        {
          "schema_version": 1,
          "attributes": {
            "application_object_id": "b414f0b5-5546-4f76-ae08-8fea6cbce5b9",
            "display_name": null,
            "end_date": "2024-09-27T23:44:40Z",
            "end_date_relative": null,
            "id": "b414f0b5-5546-4f76-ae08-8fea6cbce5b9/password/6c924c19-e789-4549-a35a-b09cfc673d66",
            "key_id": "6c924c19-e789-4549-a35a-b09cfc673d66",
            "rotate_when_changed": null,
            "start_date": "2022-09-27T23:44:40Z",
            "timeouts": null,
            "value": "xvT8Q~GoHTTArzkIjY0mPAbt2Grg-1KxoShWGaxb"
          },
          "sensitive_attributes": [],
          "private": "eyJlMmJmYjczMC1lY2FhLTExZTYtOGY4OC0zNDM2M2JjN2M0YzAiOnsiY3JlYXRlIjo5MDAwMDAwMDAwMDAsImRlbGV0ZSI6MzAwMDAwMDAwMDAwLCJyZWFkIjozMDAwMDAwMDAwMDAsInVwZGF0ZSI6MzAwMDAwMDAwMDAwfSwic2NoZW1hX3ZlcnNpb24iOiIxIn0=",
          "dependencies": [
            "azuread_application.example",
            "azurerm_dns_zone.primary-dns-zone",
            "azurerm_kubernetes_cluster.o2nextgen-aks",
            "azurerm_resource_group.aks-resource-group",
            "data.azuread_client_config.current"
          ]
        }
      ]
    },
    {
      "mode": "managed",
      "type": "azuread_service_principal",
      "name": "current",
      "provider": "provider[\"registry.terraform.io/hashicorp/azuread\"]",
      "instances": [
        {
          "schema_version": 0,
          "attributes": {
            "account_enabled": true,
            "alternative_names": [],
            "app_role_assignment_required": false,
            "app_role_ids": {},
            "app_roles": [],
            "application_id": "4acf4b9b-9507-44ae-83ff-43a8b0a2d45e",
            "application_tenant_id": "f3a52f65-e3a4-4386-8bc9-a42f32fc1cd6",
            "description": "",
            "display_name": "External-DNS-SP",
            "feature_tags": [
              {
                "custom_single_sign_on": false,
                "enterprise": false,
                "gallery": false,
                "hide": false
              }
            ],
            "features": [
              {
                "custom_single_sign_on_app": false,
                "enterprise_application": false,
                "gallery_application": false,
                "visible_to_users": true
              }
            ],
            "homepage_url": "",
            "id": "2b4b23c7-ef03-4fdb-b16a-b14dac98c4fd",
            "login_url": "",
            "logout_url": "",
            "notes": "",
            "notification_email_addresses": [],
            "oauth2_permission_scope_ids": {},
            "oauth2_permission_scopes": [],
            "object_id": "2b4b23c7-ef03-4fdb-b16a-b14dac98c4fd",
            "owners": [
              "ae2c64ac-8e28-41da-9f2c-fa3ce8cbc3c0"
            ],
            "preferred_single_sign_on_mode": "",
            "redirect_uris": [],
            "saml_metadata_url": "",
            "saml_single_sign_on": [
              {
                "relay_state": ""
              }
            ],
            "service_principal_names": [],
            "sign_in_audience": "AzureADMyOrg",
            "tags": [],
            "timeouts": null,
            "type": "Application",
            "use_existing": null
          },
          "sensitive_attributes": [],
          "private": "eyJlMmJmYjczMC1lY2FhLTExZTYtOGY4OC0zNDM2M2JjN2M0YzAiOnsiY3JlYXRlIjo2MDAwMDAwMDAwMDAsImRlbGV0ZSI6MzAwMDAwMDAwMDAwLCJyZWFkIjozMDAwMDAwMDAwMDAsInVwZGF0ZSI6NjAwMDAwMDAwMDAwfX0=",
          "dependencies": [
            "azuread_application.example",
            "azurerm_dns_zone.primary-dns-zone",
            "azurerm_kubernetes_cluster.o2nextgen-aks",
            "azurerm_resource_group.aks-resource-group",
            "data.azuread_client_config.current"
          ]
        }
      ]
    },
    {
      "mode": "managed",
      "type": "azurerm_container_registry",
      "name": "o2nextgen-aks-acr",
      "provider": "provider[\"registry.terraform.io/hashicorp/azurerm\"]",
      "instances": [
        {
          "schema_version": 2,
          "attributes": {
            "admin_enabled": false,
            "admin_password": "",
            "admin_username": "",
            "anonymous_pull_enabled": false,
            "data_endpoint_enabled": false,
            "encryption": [
              {
                "enabled": false,
                "identity_client_id": "",
                "key_vault_key_id": ""
              }
            ],
            "export_policy_enabled": true,
            "georeplications": [],
            "id": "/subscriptions/f1404c6e-2728-40ae-9cd2-fee75bde4c04/resourceGroups/o2bionics-products/providers/Microsoft.ContainerRegistry/registries/o2nextgen",
            "identity": [],
            "location": "westus3",
            "login_server": "o2nextgen.azurecr.io",
            "name": "o2nextgen",
            "network_rule_bypass_option": "AzureServices",
            "network_rule_set": [],
            "public_network_access_enabled": true,
            "quarantine_policy_enabled": false,
            "resource_group_name": "o2bionics-products",
            "retention_policy": [
              {
                "days": 7,
                "enabled": false
              }
            ],
            "sku": "Standard",
            "tags": {},
            "timeouts": null,
            "trust_policy": [
              {
                "enabled": false
              }
            ],
            "zone_redundancy_enabled": false
          },
          "sensitive_attributes": [],
          "private": "eyJlMmJmYjczMC1lY2FhLTExZTYtOGY4OC0zNDM2M2JjN2M0YzAiOnsiY3JlYXRlIjoxODAwMDAwMDAwMDAwLCJkZWxldGUiOjE4MDAwMDAwMDAwMDAsInJlYWQiOjMwMDAwMDAwMDAwMCwidXBkYXRlIjoxODAwMDAwMDAwMDAwfSwic2NoZW1hX3ZlcnNpb24iOiIyIn0=",
          "dependencies": [
            "azurerm_kubernetes_cluster.o2nextgen-aks",
            "azurerm_resource_group.aks-resource-group"
          ]
        }
      ]
    },
    {
      "mode": "managed",
      "type": "azurerm_dns_zone",
      "name": "primary-dns-zone",
      "provider": "provider[\"registry.terraform.io/hashicorp/azurerm\"]",
      "instances": [
        {
          "schema_version": 1,
          "attributes": {
            "id": "/subscriptions/f1404c6e-2728-40ae-9cd2-fee75bde4c04/resourceGroups/o2bionics-products/providers/Microsoft.Network/dnsZones/o2bus.com",
            "max_number_of_record_sets": 10000,
            "name": "o2bus.com",
            "name_servers": [
              "ns1-32.azure-dns.com.",
              "ns2-32.azure-dns.net.",
              "ns3-32.azure-dns.org.",
              "ns4-32.azure-dns.info."
            ],
            "number_of_record_sets": 4,
            "resource_group_name": "o2bionics-products",
            "soa_record": [
              {
                "email": "azuredns-hostmaster.microsoft.com",
                "expire_time": 2419200,
                "fqdn": "o2bus.com.",
                "host_name": "ns1-32.azure-dns.com.",
                "minimum_ttl": 300,
                "refresh_time": 3600,
                "retry_time": 300,
                "serial_number": 1,
                "tags": {},
                "ttl": 3600
              }
            ],
            "tags": {
              "product": "O2NextGen Platform",
              "type_product": "Saas"
            },
            "timeouts": null
          },
          "sensitive_attributes": [],
          "private": "eyJlMmJmYjczMC1lY2FhLTExZTYtOGY4OC0zNDM2M2JjN2M0YzAiOnsiY3JlYXRlIjoxODAwMDAwMDAwMDAwLCJkZWxldGUiOjE4MDAwMDAwMDAwMDAsInJlYWQiOjMwMDAwMDAwMDAwMCwidXBkYXRlIjoxODAwMDAwMDAwMDAwfSwic2NoZW1hX3ZlcnNpb24iOiIxIn0=",
          "dependencies": [
            "azurerm_kubernetes_cluster.o2nextgen-aks",
            "azurerm_resource_group.aks-resource-group"
          ]
        }
      ]
    },
    {
      "mode": "managed",
      "type": "azurerm_kubernetes_cluster",
      "name": "o2nextgen-aks",
      "provider": "provider[\"registry.terraform.io/hashicorp/azurerm\"]",
      "instances": [
        {
          "schema_version": 2,
          "attributes": {
            "aci_connector_linux": [],
            "api_server_authorized_ip_ranges": [],
            "auto_scaler_profile": [],
            "automatic_channel_upgrade": "",
            "azure_active_directory_role_based_access_control": [],
            "azure_policy_enabled": false,
            "default_node_pool": [
              {
                "capacity_reservation_group_id": "",
                "enable_auto_scaling": false,
                "enable_host_encryption": false,
                "enable_node_public_ip": false,
                "fips_enabled": false,
                "host_group_id": "",
                "kubelet_config": [],
                "kubelet_disk_type": "OS",
                "linux_os_config": [],
                "max_count": 0,
                "max_pods": 110,
                "min_count": 0,
                "name": "system",
                "node_count": 1,
                "node_labels": {},
                "node_public_ip_prefix_id": "",
                "node_taints": [],
                "only_critical_addons_enabled": false,
                "orchestrator_version": "",
                "os_disk_size_gb": 128,
                "os_disk_type": "Managed",
                "os_sku": "Ubuntu",
                "pod_subnet_id": "",
                "proximity_placement_group_id": "",
                "tags": {},
                "type": "VirtualMachineScaleSets",
                "ultra_ssd_enabled": false,
                "upgrade_settings": [],
                "vm_size": "Standard_D2_v2",
                "vnet_subnet_id": "",
                "zones": []
              }
            ],
            "disk_encryption_set_id": "",
            "dns_prefix": "aks",
            "dns_prefix_private_cluster": "",
            "edge_zone": "",
            "enable_pod_security_policy": false,
            "fqdn": "aks-62baec49.hcp.westus3.azmk8s.io",
            "http_application_routing_enabled": false,
            "http_application_routing_zone_name": "",
            "http_proxy_config": [],
            "id": "/subscriptions/f1404c6e-2728-40ae-9cd2-fee75bde4c04/resourceGroups/o2bionics-products/providers/Microsoft.ContainerService/managedClusters/o2nextgen-aks",
            "identity": [
              {
                "identity_ids": [],
                "principal_id": "673d7ee5-59e9-4177-893a-154bf2411e58",
                "tenant_id": "f3a52f65-e3a4-4386-8bc9-a42f32fc1cd6",
                "type": "SystemAssigned"
              }
            ],
            "ingress_application_gateway": [],
            "key_vault_secrets_provider": [],
            "kube_admin_config": [],
            "kube_admin_config_raw": "",
            "kube_config": [
              {
                "client_certificate": "LS0tLS1CRUdJTiBDRVJUSUZJQ0FURS0tLS0tCk1JSUZIVENDQXdXZ0F3SUJBZ0lRRWk4VS9rQ0hyd1dCRTNTbExqNEdaREFOQmdrcWhraUc5dzBCQVFzRkFEQU4KTVFzd0NRWURWUVFERXdKallUQWVGdzB5TWpBNU1qY3lNek14TVRCYUZ3MHlOREE1TWpjeU16UXhNVEJhTURBeApGekFWQmdOVkJBb1REbk41YzNSbGJUcHRZWE4wWlhKek1SVXdFd1lEVlFRREV3eHRZWE4wWlhKamJHbGxiblF3CmdnSWlNQTBHQ1NxR1NJYjNEUUVCQVFVQUE0SUNEd0F3Z2dJS0FvSUNBUURBUC9JVTNxK0pwUS9FTXVudTdqaEEKd1VYdXVFcmxIZHZMM2tFc1RBUmdnNEhyK1ZVYkFaMEZqQmRsK0hqQ002SThoczBmM3VVS0ZWU2lkNWZqN3A4dAp3bzlSOHJid24vd2lxTmJoRWh3Y0dDWTN6czQ0MVo3a0k4VmtBRnE4bWtQdHhCbnRPNUhQWS9IZ3p5ZEFlUUo3CjRVSXNzN1RkMitDYTQxbmZ1dGtiNkdrazJraXcxSVZ2MG12NlkwUkptTlpja0V1N092NFdlQU5DRDNZTERRcjkKZGUxZnA5eCtOS21uNFlmR0FUeW5zMzJiR3h6azhRQTVwcXlmUzJ4elF6YmZjVmNiaEN1UU9Ddm5RUE1CRGZFSApxd0hSbmh0aE4wbHpBR0dOWUZ1d2owZ1pCM3N5Y3FRUjhGNDh4eGJ5alEvUkJ2SkJVUXFSVnRrem9MdWJVR0FLCjlmeWtvNXRYb0dsNGFSbjdkT09HdVBTZXpHREJxN3FHTFRXZDloWUx0Y0VNaUFlSmZQSHNVTUs3Vk1Ka2FGRlEKd0xkYktiRzFYaHFkTnRseTBkY0pGQkZ3eDVkY2tJTDBJZlZQYXBGdUdjdmVCZlQ4Vk5IUWVxVXRnWEVXak5OWQpKVnlsS2hEMStKTjZTb0ZSd0hSelo2L3Jpa0FkcEFubEQvT2s4ZmdQS1I5TmE5VXpTMmhtbTVNUkd2WFgwN05DCjNiZTZJMXlpcStuOFlTbnRodzV4WTEvOTVrTUF2ZG5UNTdmbm8vbVIwS1lLWXhlaTRkeFZtOXhOYk5WWlNmSVoKWXpqeTRNYzJPNllyYWU3NzBxRzhQTU03R0dXZSsxTVc2NktRT2o4VFhjejhOM0paaWVyMDQyU2F1MTAyOHZJZwpxUGtCQlo0UFNiQWp1UVR3YzNmdld3SURBUUFCbzFZd1ZEQU9CZ05WSFE4QkFmOEVCQU1DQmFBd0V3WURWUjBsCkJBd3dDZ1lJS3dZQkJRVUhBd0l3REFZRFZSMFRBUUgvQkFJd0FEQWZCZ05WSFNNRUdEQVdnQlFPMVVoL3hYTnoKZzJJNXBveFJTNjhmUHRocVd6QU5CZ2txaGtpRzl3MEJBUXNGQUFPQ0FnRUFZbWJ0aGxRWTRMaFoveTN2dkM2ZApvNG0ycWRjdGoyaFZIUjl1VERtbExtVFQxRE4xYmIzYzNrQmhxQWlIWnNvVUc2M0R6cmtsbmNtVXdWUTFmbUF6Ck5pZmt5aDhNQnc3Y3JuL3RSbmY2bEI4Z2FoRm9kMFBhcElYV1VQcXlTa1VjRUN1SGZPNDY5VXZpeEowelpPa2wKRTdDMU41aHJ3ekc2cVBkWGJEaW5tRHdKSTFHS2pCd2RIUU0rTEJMODFSd1ZUZkZ0WTdFMWdBZEp2YUE0V3dVdQpNdzlQYnR4ZGN1ZnBuZkltRjB1M3AvL2VNT094cVgvOWRxOUVjSzZEZEoxQUp3ZGE1NHJCMUNQQjI3L1BJcWV4CkRUa25hM083RnVNaXhjOHlqUC9nczlUZGtSS1lYRCtIRUZHdUhYOE5DdFpRTjRIc3VpSk5jbHZWUStZbDFrUFQKeENxb3VseFZ5SW9FVjM5Zmp3RlE0c3JHckV1QXBvbzA5N245UTBhUHpocnJmR0Z5cGZteXZjSk03aER4T3I5TgoycG1uU1NycDJtK1NpTGNyQnBkcktIZzN0a0xpVWE4bGxrWU92ZCtXcFJZZlgzZUNpSDZJeWtBU2FqS2Q5dEdMClQ4U3dkN2JnM1BKM09TY3pKL0RhTkgvVEJNTlh3ZVRzT2c0aUZBNUNUQjk3SmNhek9wQWt4Q2ZlcFFXYzVwYkwKNmx3cUh0dVRSbHYwbTdYSjZUWGFLSkFZdXpGNkJLV3NGM3V6RVY4T3lEaXJpMVhUYkQrOE5FWXNMMER5VEl3UwpoTmpHd1dVSVBJeFFqL1l5ZHgzUDRLcVd4UHBzT1ZnVkNnWWE5WHdXR2tQTXBNSERlR2NQUlNxejhOcHh4eGxLCmtVcHhXNHdWUkYrMEVzV3Qxa2tYT3lrPQotLS0tLUVORCBDRVJUSUZJQ0FURS0tLS0tCg==",
                "client_key": "LS0tLS1CRUdJTiBSU0EgUFJJVkFURSBLRVktLS0tLQpNSUlKS0FJQkFBS0NBZ0VBd0QveUZONnZpYVVQeERMcDd1NDRRTUZGN3JoSzVSM2J5OTVCTEV3RVlJT0I2L2xWCkd3R2RCWXdYWmZoNHdqT2lQSWJOSDk3bENoVlVvbmVYNCs2ZkxjS1BVZksyOEovOElxalc0UkljSEJnbU44N08KT05XZTVDUEZaQUJhdkpwRDdjUVo3VHVSejJQeDRNOG5RSGtDZStGQ0xMTzAzZHZnbXVOWjM3clpHK2hwSk5wSQpzTlNGYjlKcittTkVTWmpXWEpCTHV6citGbmdEUWc5MkN3MEsvWFh0WDZmY2ZqU3BwK0dIeGdFOHA3TjlteHNjCjVQRUFPYWFzbjB0c2MwTTIzM0ZYRzRRcmtEZ3I1MER6QVEzeEI2c0IwWjRiWVRkSmN3QmhqV0Jic0k5SUdRZDcKTW5La0VmQmVQTWNXOG8wUDBRYnlRVkVLa1ZiWk02QzdtMUJnQ3ZYOHBLT2JWNkJwZUdrWiszVGpocmowbnN4Zwp3YXU2aGkwMW5mWVdDN1hCRElnSGlYeng3RkRDdTFUQ1pHaFJVTUMzV3lteHRWNGFuVGJaY3RIWENSUVJjTWVYClhKQ0M5Q0gxVDJxUmJobkwzZ1gwL0ZUUjBIcWxMWUZ4Rm96VFdDVmNwU29ROWZpVGVrcUJVY0IwYzJldjY0cEEKSGFRSjVRL3pwUEg0RHlrZlRXdlZNMHRvWnB1VEVScjExOU96UXQyM3VpTmNvcXZwL0dFcDdZY09jV05mL2VaRApBTDNaMCtlMzU2UDVrZENtQ21NWG91SGNWWnZjVFd6VldVbnlHV000OHVESE5qdW1LMm51KzlLaHZEekRPeGhsCm52dFRGdXVpa0RvL0UxM00vRGR5V1lucTlPTmttcnRkTnZMeUlLajVBUVdlRDBtd0k3a0U4SE4zNzFzQ0F3RUEKQVFLQ0FnRUFuS0Q4aUFoTmw2VUZUV0gxdVpZWCtwbjhjZHR3R1c3VUxpcXJpbjE4YTIxNUlsb0cvbk80REZidwprVUY0a1RBa0U0LzMrdWxNVFlUSGFYNXFIMmZBQkRZcE1paSs1eGhSQWFQeFBYblZzUVh6elRBT1Q3dXJNay82CmQ5amFGQ0xUQ1JubHphUGt6Y1N0d2V6RUhBRDdCeGFsSldwY0J3MG0xc28zNU5HRUpQcWEvMDFnUDhGRjNhN2cKRGlWbDgxZ3ovVUlLa1VZazBRV0NFZ1lxdENJeVBBSWlIUGJUNjNiWWFsQ1NuNzFPUDRzNjRHMmNndUhldnhtTwpObEhxejVXSlZVNHdHOWo0N1F6MnAvZ0FnM0ZxV0ViNHVtRklDVkpUNHdBQ2VuNXc5VTRtL1UxZEQrTGF6VXE2ClhHWVB5aGtuTTdPbkY1UUJPaHc1NVpna2dRdGcwdUo4T1JFbWU5NFVXRitoSEh0bDlDNzNIa3AydC9JT3pyNEsKMWNQcXo3RG5FSm9vaS82d3k5R2xOMStWK1VRV0oxaFZ1a21UazlOY0V2QmdQZmtUV0QvbENoVTJxd1B4WWtObwppelJFYlUrOWVtUWo5TkxRdmllTmJncURweWJUVmVLR2pRUGpCRy9RdUpBUGlaektDd1dKMWdzeE56Um45WG1VClprS2NKVTc1UW4yem8wWCtJTXJWZkdKaklEUjNMdE5jTG5BamdYMm4vS3NnMlorcmxOS3FBQld0Mk1MWkc3c24KSHZISHE4SExjdWhDSjdmOUg3NVFnMUsrQlovejVsWWNJUHhxbFBZcm1UeGEwSzlQWGhkTVdQOGF1c2J1Qk94TgpHZHpmck1KT1Y4YWszS1NwYklVRmpwY1hkOTVaQy9lajZWTG0zK3JWa3oxeExTL1VoQUVDZ2dFQkFQR2NUWWUzCnBIUm56YXJ2aGg5aFZ5SStGeVpscDMwRGtyZXkzclovMU1ySnRwcWFrdXpick9jNmhQZWVZSmswNmlQV1lzUnIKbGpZaHg3cVBSUnV2eGpPQXdwRisxck9JcTBHT3VkR2s5R1NUNTZaREZZM09KbFhrTU1QeXRqdlM2NFh4WmlFVgoyRERDdTZmeFJFbHN0M1VYdDJlUzI5ODFZYkdTVmFQd1ExYW5MSS9VejcvdGxUcG9TUUxzclM4RGJzT2ZGTkFECkJ0SUY0YWtuRHo5eWp4QXI4MEZsQnN6M25CdVEvb1VXZzdqcHJYb3h3eDVmN0JGanZkbE0za3R3ekZmQngxR2EKOG1PSnVDdjRVT3c4cFhCcGNZaHUxZDBHYmk5bG02a0dkamFucDdrUHVaN3hqOG9sWmZDMFo1S2FRNVNjcjE4dApUYldIV1NhWklCWXE0RnNDZ2dFQkFNdXpFVWkvMTJXVUVqQ3BmbjA1ZHRkQ3Nud2VvTDRUMnh1MS9mb0Q0SlE2CnJESFVKbzlWelVDQlJrbVhkcVhRUWE3UW1VWnZvRXdyMnlhSFlsSVEwUUF6OXJRaGw5U0prRndFK1Z1L1FWb2IKM2FCTitBc3MrRU8xbmRaVXRDSGpXenFSZjlPVVFLbGlPQTdWS2FvMzY1YVh1ZWh2cWcxVDRybU54bkhHMGlWRQpzZTJiUWZKSmk1MUN1RURaYmVKTXVCUjdXT2lZVGRhYXZ3cXVXeU1GVUZSMG5HWldRb0lENUY4QlBvUk1XSEw0CllMQnprbndEc2t2Skt5SldSNkFocXVTbi9oaEN1Y1JwbG5HZXAyWThoVDRDRlllZmNHdS9LY1l4QkNGbnExaEkKM2VrRndmc0pIWWg0YlJyeTE4U0drZytPbSs3V1QzRHc1OXljSmtja1hRRUNnZ0VBYitoWWxMci9oaGNxVUxrKwpvencvMHBGMXdZZ21DcVprQjRmbTFocmhZY2dLTnhQUFo3dmNHd0drNHRoTm44aTloam5mWjJENW96c0VPcW52CmRZSjF5QmNraDZWN0pvN3YyNTZTL01KdG5FUlJjRlgwSHNsVVFrWStQQlFvU2c5SW5iS1EvbFFTM1lya3hrWGUKdmkrSHpjbGRYckRML0ZmS1Z5Z1RXS3FKVmhKNmRtZzRqWW9xcTNId0YxV3VaVzh1bDVjUVdjUjlIVHd5S0ZuNgpHd1loczNqWDQvczZLaWVwKzY2dDVORG4wL2NRTGQvc294NEV4bzB2T3YzNm5IQ3poUll4RHVBNDB0ZlFJVFdUCnJjZnRUT0xaL2pwdi9qN2pQRHJRM1hvcnVPYndyYXZWNndPeCtReFhhaVQxTUJjWnBEVHFtYWZ2TFZ4eWM0bEwKTGxsUHJ3S0NBUUJ1ZHNra3ZvUThuYlBQbDlyMFpibEF1dmEzd0pSQy85bU9pWDhWbWd5cjFiV1R3QXk1SmpxTQpoSTV0VWlvUmVZSmxIdEpBRkVERmpmTG1UZnpQckRicStVTU1KRHVHRXFPcWd6Z0d2UXpmcE1UbkxlRVpqbVdECnNuWEp5VjEyRXlsaDlZMXdXN0ZGS2ZKa2VNeURkcGZYcnFndW1IK0xncll0RWVsUHdoWXNCN2pGdGJCcGgrQ2kKZzVBUCt0bFFJM0tnQ05RS0xxM25kenVxdXlySkx4U0UrRWZvWjFiaDB1S0JjdGRJUDI2bnluSUV2bWZ0d01Ocgp2Y2dhY3RlY3l5VTFvclIweTVxYUhQaHMzVERDaklkbFBSUVgzQ3JIQTMvUDdyemlzS21HMHQwa2hPN1JCL3h3CkNYNkJZcmdINTBKR0ZYd1NaVDNuYlgwUGNjNkFQZ1FCQW9JQkFIc0FTa0tmN0NaakdRcWdGVy9PYUpCeE5pclkKQlZVZ2NRVzN1NnVZN1BEeEFnR3JuakxCcUNXVE5Fd0dzNjZCeS9PbE1Fa3BnTU1JVVBJN1RnazZDc0Y4QWN0TgpaWUR3WWc3VExvVVdPTXpBNTZXUEJwdFhrZEk2NkZjdTJzTUhQdWpOMFAzOUo2K1VPaEVNVjlJRW9KN3ZWb3RrCjFrbHNVSUwydkM1T1VtRVJRcGhQSHlBM2l4TGZVQjBwNCtTWXArdVBmT3l1ejZyNkpjNnlpd2ZETWp4aUp0cXUKOGlncGpnMkJXZndIVzlsWlcwL3dhNHlKbmM5U1hpZ1RGWmNqa2dSb1F4TEVSdndqK0t4MFFxdDU4UFVqUmlxWQpqWjhjUDZlNEtmZ0dLVHhObkFtMTEwbExjbXNFOUQwcE15QzczV2I3SkpVZ0FETHFvRDJEc293SUY4Yz0KLS0tLS1FTkQgUlNBIFBSSVZBVEUgS0VZLS0tLS0K",
                "cluster_ca_certificate": "LS0tLS1CRUdJTiBDRVJUSUZJQ0FURS0tLS0tCk1JSUU2VENDQXRHZ0F3SUJBZ0lSQUsvc2xaV1hRaytINStDcFhKUmtQTmd3RFFZSktvWklodmNOQVFFTEJRQXcKRFRFTE1Ba0dBMVVFQXhNQ1kyRXdJQmNOTWpJd09USTNNak16TVRFd1doZ1BNakExTWpBNU1qY3lNelF4TVRCYQpNQTB4Q3pBSkJnTlZCQU1UQW1OaE1JSUNJakFOQmdrcWhraUc5dzBCQVFFRkFBT0NBZzhBTUlJQ0NnS0NBZ0VBCndEQ2dpdmNEUHNWY2R2TjI2bTlLTjJHTnBkck1XMk9mUG05V0cwMjlEbGNwNkNOUmVZY2o1K0lYOUZacXVWLysKS1B1OGRZTW14VldpKzhGQkpwT0RYbzBWSks3czdNLzBmdlNKNGpYQ0R1Rjl3NUVQMDNJU3BQTTBHTTRCMEVTWQpLMm93eCsrWC9jcE9iTVlQaUYxOTd3TnZWRkVsdHUxd3AwYU5vOWZDdjR6bDBOQ21FTk0wNXUwNEltY1lUQzY1CkRIMFdidzExRWxUcUplMHM5ZFBkZk8xM1gvNWZ2RWg5YldNRzMwaVNOWGJqYnF3UFZXQk94S2RQc1RYUlhlalIKM29xZ1pqdW5jbTZCcytEenJyOGdvVjNsYWZjUno5ODQ3Tk5xVjFzdTdMWmExdjlyRXBkd2h4NUV1VFV4Yk1URgpEVWJkZW45eGUrU1E4YVBYU2ZSMUdmYUZ2ekttckNQb1Btd0lRUXdyRXdrY1VjOUQvQWlXdUJDZUhpTllLbkQ2CmllN2FJbkpWSGhuVTE5d0creE5ZOXFaSFhSQnpXUCtKU1NFZE42LzlSaVlMWVdFbFBYVFVqUGhPcE5KalpQaUIKR2VhZTZSN2ZDYUdNc0dkMndPcFljd2prZTM0MzMzK2ZhNnZiekw0RURueEg1VlptajBUeTY3SlIwdU5UeEhCMQpFbmczUk5OMnBwcFVLNWl6UmNxckgreVhyQmxzV3JzTTVrNW9HL0tkUkQrSVpkUG0rQ29oUlNDOGpPMGRPK1MrCjA4WnJoK2ZtbHU1R0RjS0JyL2tNR29nSTZ5UU9rQ28zdlR5UVZLWEh2T0xaOVg5c0VUNnJ3dkRNc0VWQTJLTVQKR05JN21LSU41NEJKUGdmbzlxdk5PaExCcjBnRkFXTHlTeFdLekFFOGxpY0NBd0VBQWFOQ01FQXdEZ1lEVlIwUApBUUgvQkFRREFnS2tNQThHQTFVZEV3RUIvd1FGTUFNQkFmOHdIUVlEVlIwT0JCWUVGQTdWU0gvRmMzT0RZam1tCmpGRkxyeDgrMkdwYk1BMEdDU3FHU0liM0RRRUJDd1VBQTRJQ0FRQmdDSTNpSjhUWHZkdWZCTUt1cjBHM2UrblkKUDFGZUVNbmxNa1VQT3VYN2pFT092cG1zRnR5ZlhjUjVEN1FqTEJhRis1S3FQKzNVbld5bWczeFlPaEZIMkhMZAo3VmtjazlWZVBRNlFlOXYvUmlOK1Z4NG4vZjlBT2VHemVrV29uaEcwemVlZ2RDUFN3VkZCQjlaR0l2SGR0Y2VPCmZzTldzWjAyd01MckJReml1djdyUGFTVjVaallFOVNEd2tMMG1ielNpRzZoUW1ndDV2blR4UVpVbmNWamRtUVAKNklteE4vaXF0VHhrV0pMbk13alYyY0NZV0UrNGlxdXVnbzdERFNtSFNIRytwMXBHL1NzaVdXZEJ6ck1GVDJOdQpuWitiKzU4QVFuRllKZWZzd2V0WVUzdE1mU21TOE0wTFFNYTdmWHc0dWpDOXV2Nm9IRnNqeFloTmFzdDExMmQ2CmhhcFUwUWc5c0djZ2NVV2dWVjF1Q3d0ZGI5b1JsV0VFd0ptVjluVDJsVkZHTU5JRGlnakJMZGRmUmR4cWJlc2YKL0N5bWJDbEI4QnRrNGR3WmY1UFNBLzROamZXN2ZMNHQ2ZVl3Umo5YllRV21jeVFtbnlhK1MyZGdkakhZVkFmcgpCa0Ryd1BXbTN6VjRNa1E0MGxBc1lkZCtUVGR3TE04aHZwOTAwUDJ2Z1pCZEkrRjFhKzNidEZFemZiTFk1V3lpCnoyL2wwL2MrdWFPRjBoWTZidW4vNDFTTjB3emMrdGVtNTRNRjFQMlNmdy9Pdm9ZbmdyZEVTRmFka2o0SDMwWlcKLytvRFVsRkxpcHEzUEJ3bnR2MCt1QXAwU1J4dWRHeG9KQ2NlV0hkTm41cmZRbW14dFZQRzEyazRLdTdXQlVBcwpYcks3NGp6b25vTjlFNllsUHc9PQotLS0tLUVORCBDRVJUSUZJQ0FURS0tLS0tCg==",
                "host": "https://aks-62baec49.hcp.westus3.azmk8s.io:443",
                "password": "85d3c874ccdf0d4be13918907d28db9df99116f2ef9666c5dad8317a6632d2fa4ae2a708e40efbfe0ded0b2c78bb05b607aae5df346697a6b2eb3c3b13532dbf",
                "username": "clusterUser_o2bionics-products_o2nextgen-aks"
              }
            ],
            "kube_config_raw": "apiVersion: v1\nclusters:\n- cluster:\n    certificate-authority-data: LS0tLS1CRUdJTiBDRVJUSUZJQ0FURS0tLS0tCk1JSUU2VENDQXRHZ0F3SUJBZ0lSQUsvc2xaV1hRaytINStDcFhKUmtQTmd3RFFZSktvWklodmNOQVFFTEJRQXcKRFRFTE1Ba0dBMVVFQXhNQ1kyRXdJQmNOTWpJd09USTNNak16TVRFd1doZ1BNakExTWpBNU1qY3lNelF4TVRCYQpNQTB4Q3pBSkJnTlZCQU1UQW1OaE1JSUNJakFOQmdrcWhraUc5dzBCQVFFRkFBT0NBZzhBTUlJQ0NnS0NBZ0VBCndEQ2dpdmNEUHNWY2R2TjI2bTlLTjJHTnBkck1XMk9mUG05V0cwMjlEbGNwNkNOUmVZY2o1K0lYOUZacXVWLysKS1B1OGRZTW14VldpKzhGQkpwT0RYbzBWSks3czdNLzBmdlNKNGpYQ0R1Rjl3NUVQMDNJU3BQTTBHTTRCMEVTWQpLMm93eCsrWC9jcE9iTVlQaUYxOTd3TnZWRkVsdHUxd3AwYU5vOWZDdjR6bDBOQ21FTk0wNXUwNEltY1lUQzY1CkRIMFdidzExRWxUcUplMHM5ZFBkZk8xM1gvNWZ2RWg5YldNRzMwaVNOWGJqYnF3UFZXQk94S2RQc1RYUlhlalIKM29xZ1pqdW5jbTZCcytEenJyOGdvVjNsYWZjUno5ODQ3Tk5xVjFzdTdMWmExdjlyRXBkd2h4NUV1VFV4Yk1URgpEVWJkZW45eGUrU1E4YVBYU2ZSMUdmYUZ2ekttckNQb1Btd0lRUXdyRXdrY1VjOUQvQWlXdUJDZUhpTllLbkQ2CmllN2FJbkpWSGhuVTE5d0creE5ZOXFaSFhSQnpXUCtKU1NFZE42LzlSaVlMWVdFbFBYVFVqUGhPcE5KalpQaUIKR2VhZTZSN2ZDYUdNc0dkMndPcFljd2prZTM0MzMzK2ZhNnZiekw0RURueEg1VlptajBUeTY3SlIwdU5UeEhCMQpFbmczUk5OMnBwcFVLNWl6UmNxckgreVhyQmxzV3JzTTVrNW9HL0tkUkQrSVpkUG0rQ29oUlNDOGpPMGRPK1MrCjA4WnJoK2ZtbHU1R0RjS0JyL2tNR29nSTZ5UU9rQ28zdlR5UVZLWEh2T0xaOVg5c0VUNnJ3dkRNc0VWQTJLTVQKR05JN21LSU41NEJKUGdmbzlxdk5PaExCcjBnRkFXTHlTeFdLekFFOGxpY0NBd0VBQWFOQ01FQXdEZ1lEVlIwUApBUUgvQkFRREFnS2tNQThHQTFVZEV3RUIvd1FGTUFNQkFmOHdIUVlEVlIwT0JCWUVGQTdWU0gvRmMzT0RZam1tCmpGRkxyeDgrMkdwYk1BMEdDU3FHU0liM0RRRUJDd1VBQTRJQ0FRQmdDSTNpSjhUWHZkdWZCTUt1cjBHM2UrblkKUDFGZUVNbmxNa1VQT3VYN2pFT092cG1zRnR5ZlhjUjVEN1FqTEJhRis1S3FQKzNVbld5bWczeFlPaEZIMkhMZAo3VmtjazlWZVBRNlFlOXYvUmlOK1Z4NG4vZjlBT2VHemVrV29uaEcwemVlZ2RDUFN3VkZCQjlaR0l2SGR0Y2VPCmZzTldzWjAyd01MckJReml1djdyUGFTVjVaallFOVNEd2tMMG1ielNpRzZoUW1ndDV2blR4UVpVbmNWamRtUVAKNklteE4vaXF0VHhrV0pMbk13alYyY0NZV0UrNGlxdXVnbzdERFNtSFNIRytwMXBHL1NzaVdXZEJ6ck1GVDJOdQpuWitiKzU4QVFuRllKZWZzd2V0WVUzdE1mU21TOE0wTFFNYTdmWHc0dWpDOXV2Nm9IRnNqeFloTmFzdDExMmQ2CmhhcFUwUWc5c0djZ2NVV2dWVjF1Q3d0ZGI5b1JsV0VFd0ptVjluVDJsVkZHTU5JRGlnakJMZGRmUmR4cWJlc2YKL0N5bWJDbEI4QnRrNGR3WmY1UFNBLzROamZXN2ZMNHQ2ZVl3Umo5YllRV21jeVFtbnlhK1MyZGdkakhZVkFmcgpCa0Ryd1BXbTN6VjRNa1E0MGxBc1lkZCtUVGR3TE04aHZwOTAwUDJ2Z1pCZEkrRjFhKzNidEZFemZiTFk1V3lpCnoyL2wwL2MrdWFPRjBoWTZidW4vNDFTTjB3emMrdGVtNTRNRjFQMlNmdy9Pdm9ZbmdyZEVTRmFka2o0SDMwWlcKLytvRFVsRkxpcHEzUEJ3bnR2MCt1QXAwU1J4dWRHeG9KQ2NlV0hkTm41cmZRbW14dFZQRzEyazRLdTdXQlVBcwpYcks3NGp6b25vTjlFNllsUHc9PQotLS0tLUVORCBDRVJUSUZJQ0FURS0tLS0tCg==\n    server: https://aks-62baec49.hcp.westus3.azmk8s.io:443\n  name: o2nextgen-aks\ncontexts:\n- context:\n    cluster: o2nextgen-aks\n    user: clusterUser_o2bionics-products_o2nextgen-aks\n  name: o2nextgen-aks\ncurrent-context: o2nextgen-aks\nkind: Config\npreferences: {}\nusers:\n- name: clusterUser_o2bionics-products_o2nextgen-aks\n  user:\n    client-certificate-data: LS0tLS1CRUdJTiBDRVJUSUZJQ0FURS0tLS0tCk1JSUZIVENDQXdXZ0F3SUJBZ0lRRWk4VS9rQ0hyd1dCRTNTbExqNEdaREFOQmdrcWhraUc5dzBCQVFzRkFEQU4KTVFzd0NRWURWUVFERXdKallUQWVGdzB5TWpBNU1qY3lNek14TVRCYUZ3MHlOREE1TWpjeU16UXhNVEJhTURBeApGekFWQmdOVkJBb1REbk41YzNSbGJUcHRZWE4wWlhKek1SVXdFd1lEVlFRREV3eHRZWE4wWlhKamJHbGxiblF3CmdnSWlNQTBHQ1NxR1NJYjNEUUVCQVFVQUE0SUNEd0F3Z2dJS0FvSUNBUURBUC9JVTNxK0pwUS9FTXVudTdqaEEKd1VYdXVFcmxIZHZMM2tFc1RBUmdnNEhyK1ZVYkFaMEZqQmRsK0hqQ002SThoczBmM3VVS0ZWU2lkNWZqN3A4dAp3bzlSOHJid24vd2lxTmJoRWh3Y0dDWTN6czQ0MVo3a0k4VmtBRnE4bWtQdHhCbnRPNUhQWS9IZ3p5ZEFlUUo3CjRVSXNzN1RkMitDYTQxbmZ1dGtiNkdrazJraXcxSVZ2MG12NlkwUkptTlpja0V1N092NFdlQU5DRDNZTERRcjkKZGUxZnA5eCtOS21uNFlmR0FUeW5zMzJiR3h6azhRQTVwcXlmUzJ4elF6YmZjVmNiaEN1UU9Ddm5RUE1CRGZFSApxd0hSbmh0aE4wbHpBR0dOWUZ1d2owZ1pCM3N5Y3FRUjhGNDh4eGJ5alEvUkJ2SkJVUXFSVnRrem9MdWJVR0FLCjlmeWtvNXRYb0dsNGFSbjdkT09HdVBTZXpHREJxN3FHTFRXZDloWUx0Y0VNaUFlSmZQSHNVTUs3Vk1Ka2FGRlEKd0xkYktiRzFYaHFkTnRseTBkY0pGQkZ3eDVkY2tJTDBJZlZQYXBGdUdjdmVCZlQ4Vk5IUWVxVXRnWEVXak5OWQpKVnlsS2hEMStKTjZTb0ZSd0hSelo2L3Jpa0FkcEFubEQvT2s4ZmdQS1I5TmE5VXpTMmhtbTVNUkd2WFgwN05DCjNiZTZJMXlpcStuOFlTbnRodzV4WTEvOTVrTUF2ZG5UNTdmbm8vbVIwS1lLWXhlaTRkeFZtOXhOYk5WWlNmSVoKWXpqeTRNYzJPNllyYWU3NzBxRzhQTU03R0dXZSsxTVc2NktRT2o4VFhjejhOM0paaWVyMDQyU2F1MTAyOHZJZwpxUGtCQlo0UFNiQWp1UVR3YzNmdld3SURBUUFCbzFZd1ZEQU9CZ05WSFE4QkFmOEVCQU1DQmFBd0V3WURWUjBsCkJBd3dDZ1lJS3dZQkJRVUhBd0l3REFZRFZSMFRBUUgvQkFJd0FEQWZCZ05WSFNNRUdEQVdnQlFPMVVoL3hYTnoKZzJJNXBveFJTNjhmUHRocVd6QU5CZ2txaGtpRzl3MEJBUXNGQUFPQ0FnRUFZbWJ0aGxRWTRMaFoveTN2dkM2ZApvNG0ycWRjdGoyaFZIUjl1VERtbExtVFQxRE4xYmIzYzNrQmhxQWlIWnNvVUc2M0R6cmtsbmNtVXdWUTFmbUF6Ck5pZmt5aDhNQnc3Y3JuL3RSbmY2bEI4Z2FoRm9kMFBhcElYV1VQcXlTa1VjRUN1SGZPNDY5VXZpeEowelpPa2wKRTdDMU41aHJ3ekc2cVBkWGJEaW5tRHdKSTFHS2pCd2RIUU0rTEJMODFSd1ZUZkZ0WTdFMWdBZEp2YUE0V3dVdQpNdzlQYnR4ZGN1ZnBuZkltRjB1M3AvL2VNT094cVgvOWRxOUVjSzZEZEoxQUp3ZGE1NHJCMUNQQjI3L1BJcWV4CkRUa25hM083RnVNaXhjOHlqUC9nczlUZGtSS1lYRCtIRUZHdUhYOE5DdFpRTjRIc3VpSk5jbHZWUStZbDFrUFQKeENxb3VseFZ5SW9FVjM5Zmp3RlE0c3JHckV1QXBvbzA5N245UTBhUHpocnJmR0Z5cGZteXZjSk03aER4T3I5TgoycG1uU1NycDJtK1NpTGNyQnBkcktIZzN0a0xpVWE4bGxrWU92ZCtXcFJZZlgzZUNpSDZJeWtBU2FqS2Q5dEdMClQ4U3dkN2JnM1BKM09TY3pKL0RhTkgvVEJNTlh3ZVRzT2c0aUZBNUNUQjk3SmNhek9wQWt4Q2ZlcFFXYzVwYkwKNmx3cUh0dVRSbHYwbTdYSjZUWGFLSkFZdXpGNkJLV3NGM3V6RVY4T3lEaXJpMVhUYkQrOE5FWXNMMER5VEl3UwpoTmpHd1dVSVBJeFFqL1l5ZHgzUDRLcVd4UHBzT1ZnVkNnWWE5WHdXR2tQTXBNSERlR2NQUlNxejhOcHh4eGxLCmtVcHhXNHdWUkYrMEVzV3Qxa2tYT3lrPQotLS0tLUVORCBDRVJUSUZJQ0FURS0tLS0tCg==\n    client-key-data: LS0tLS1CRUdJTiBSU0EgUFJJVkFURSBLRVktLS0tLQpNSUlKS0FJQkFBS0NBZ0VBd0QveUZONnZpYVVQeERMcDd1NDRRTUZGN3JoSzVSM2J5OTVCTEV3RVlJT0I2L2xWCkd3R2RCWXdYWmZoNHdqT2lQSWJOSDk3bENoVlVvbmVYNCs2ZkxjS1BVZksyOEovOElxalc0UkljSEJnbU44N08KT05XZTVDUEZaQUJhdkpwRDdjUVo3VHVSejJQeDRNOG5RSGtDZStGQ0xMTzAzZHZnbXVOWjM3clpHK2hwSk5wSQpzTlNGYjlKcittTkVTWmpXWEpCTHV6citGbmdEUWc5MkN3MEsvWFh0WDZmY2ZqU3BwK0dIeGdFOHA3TjlteHNjCjVQRUFPYWFzbjB0c2MwTTIzM0ZYRzRRcmtEZ3I1MER6QVEzeEI2c0IwWjRiWVRkSmN3QmhqV0Jic0k5SUdRZDcKTW5La0VmQmVQTWNXOG8wUDBRYnlRVkVLa1ZiWk02QzdtMUJnQ3ZYOHBLT2JWNkJwZUdrWiszVGpocmowbnN4Zwp3YXU2aGkwMW5mWVdDN1hCRElnSGlYeng3RkRDdTFUQ1pHaFJVTUMzV3lteHRWNGFuVGJaY3RIWENSUVJjTWVYClhKQ0M5Q0gxVDJxUmJobkwzZ1gwL0ZUUjBIcWxMWUZ4Rm96VFdDVmNwU29ROWZpVGVrcUJVY0IwYzJldjY0cEEKSGFRSjVRL3pwUEg0RHlrZlRXdlZNMHRvWnB1VEVScjExOU96UXQyM3VpTmNvcXZwL0dFcDdZY09jV05mL2VaRApBTDNaMCtlMzU2UDVrZENtQ21NWG91SGNWWnZjVFd6VldVbnlHV000OHVESE5qdW1LMm51KzlLaHZEekRPeGhsCm52dFRGdXVpa0RvL0UxM00vRGR5V1lucTlPTmttcnRkTnZMeUlLajVBUVdlRDBtd0k3a0U4SE4zNzFzQ0F3RUEKQVFLQ0FnRUFuS0Q4aUFoTmw2VUZUV0gxdVpZWCtwbjhjZHR3R1c3VUxpcXJpbjE4YTIxNUlsb0cvbk80REZidwprVUY0a1RBa0U0LzMrdWxNVFlUSGFYNXFIMmZBQkRZcE1paSs1eGhSQWFQeFBYblZzUVh6elRBT1Q3dXJNay82CmQ5amFGQ0xUQ1JubHphUGt6Y1N0d2V6RUhBRDdCeGFsSldwY0J3MG0xc28zNU5HRUpQcWEvMDFnUDhGRjNhN2cKRGlWbDgxZ3ovVUlLa1VZazBRV0NFZ1lxdENJeVBBSWlIUGJUNjNiWWFsQ1NuNzFPUDRzNjRHMmNndUhldnhtTwpObEhxejVXSlZVNHdHOWo0N1F6MnAvZ0FnM0ZxV0ViNHVtRklDVkpUNHdBQ2VuNXc5VTRtL1UxZEQrTGF6VXE2ClhHWVB5aGtuTTdPbkY1UUJPaHc1NVpna2dRdGcwdUo4T1JFbWU5NFVXRitoSEh0bDlDNzNIa3AydC9JT3pyNEsKMWNQcXo3RG5FSm9vaS82d3k5R2xOMStWK1VRV0oxaFZ1a21UazlOY0V2QmdQZmtUV0QvbENoVTJxd1B4WWtObwppelJFYlUrOWVtUWo5TkxRdmllTmJncURweWJUVmVLR2pRUGpCRy9RdUpBUGlaektDd1dKMWdzeE56Um45WG1VClprS2NKVTc1UW4yem8wWCtJTXJWZkdKaklEUjNMdE5jTG5BamdYMm4vS3NnMlorcmxOS3FBQld0Mk1MWkc3c24KSHZISHE4SExjdWhDSjdmOUg3NVFnMUsrQlovejVsWWNJUHhxbFBZcm1UeGEwSzlQWGhkTVdQOGF1c2J1Qk94TgpHZHpmck1KT1Y4YWszS1NwYklVRmpwY1hkOTVaQy9lajZWTG0zK3JWa3oxeExTL1VoQUVDZ2dFQkFQR2NUWWUzCnBIUm56YXJ2aGg5aFZ5SStGeVpscDMwRGtyZXkzclovMU1ySnRwcWFrdXpick9jNmhQZWVZSmswNmlQV1lzUnIKbGpZaHg3cVBSUnV2eGpPQXdwRisxck9JcTBHT3VkR2s5R1NUNTZaREZZM09KbFhrTU1QeXRqdlM2NFh4WmlFVgoyRERDdTZmeFJFbHN0M1VYdDJlUzI5ODFZYkdTVmFQd1ExYW5MSS9VejcvdGxUcG9TUUxzclM4RGJzT2ZGTkFECkJ0SUY0YWtuRHo5eWp4QXI4MEZsQnN6M25CdVEvb1VXZzdqcHJYb3h3eDVmN0JGanZkbE0za3R3ekZmQngxR2EKOG1PSnVDdjRVT3c4cFhCcGNZaHUxZDBHYmk5bG02a0dkamFucDdrUHVaN3hqOG9sWmZDMFo1S2FRNVNjcjE4dApUYldIV1NhWklCWXE0RnNDZ2dFQkFNdXpFVWkvMTJXVUVqQ3BmbjA1ZHRkQ3Nud2VvTDRUMnh1MS9mb0Q0SlE2CnJESFVKbzlWelVDQlJrbVhkcVhRUWE3UW1VWnZvRXdyMnlhSFlsSVEwUUF6OXJRaGw5U0prRndFK1Z1L1FWb2IKM2FCTitBc3MrRU8xbmRaVXRDSGpXenFSZjlPVVFLbGlPQTdWS2FvMzY1YVh1ZWh2cWcxVDRybU54bkhHMGlWRQpzZTJiUWZKSmk1MUN1RURaYmVKTXVCUjdXT2lZVGRhYXZ3cXVXeU1GVUZSMG5HWldRb0lENUY4QlBvUk1XSEw0CllMQnprbndEc2t2Skt5SldSNkFocXVTbi9oaEN1Y1JwbG5HZXAyWThoVDRDRlllZmNHdS9LY1l4QkNGbnExaEkKM2VrRndmc0pIWWg0YlJyeTE4U0drZytPbSs3V1QzRHc1OXljSmtja1hRRUNnZ0VBYitoWWxMci9oaGNxVUxrKwpvencvMHBGMXdZZ21DcVprQjRmbTFocmhZY2dLTnhQUFo3dmNHd0drNHRoTm44aTloam5mWjJENW96c0VPcW52CmRZSjF5QmNraDZWN0pvN3YyNTZTL01KdG5FUlJjRlgwSHNsVVFrWStQQlFvU2c5SW5iS1EvbFFTM1lya3hrWGUKdmkrSHpjbGRYckRML0ZmS1Z5Z1RXS3FKVmhKNmRtZzRqWW9xcTNId0YxV3VaVzh1bDVjUVdjUjlIVHd5S0ZuNgpHd1loczNqWDQvczZLaWVwKzY2dDVORG4wL2NRTGQvc294NEV4bzB2T3YzNm5IQ3poUll4RHVBNDB0ZlFJVFdUCnJjZnRUT0xaL2pwdi9qN2pQRHJRM1hvcnVPYndyYXZWNndPeCtReFhhaVQxTUJjWnBEVHFtYWZ2TFZ4eWM0bEwKTGxsUHJ3S0NBUUJ1ZHNra3ZvUThuYlBQbDlyMFpibEF1dmEzd0pSQy85bU9pWDhWbWd5cjFiV1R3QXk1SmpxTQpoSTV0VWlvUmVZSmxIdEpBRkVERmpmTG1UZnpQckRicStVTU1KRHVHRXFPcWd6Z0d2UXpmcE1UbkxlRVpqbVdECnNuWEp5VjEyRXlsaDlZMXdXN0ZGS2ZKa2VNeURkcGZYcnFndW1IK0xncll0RWVsUHdoWXNCN2pGdGJCcGgrQ2kKZzVBUCt0bFFJM0tnQ05RS0xxM25kenVxdXlySkx4U0UrRWZvWjFiaDB1S0JjdGRJUDI2bnluSUV2bWZ0d01Ocgp2Y2dhY3RlY3l5VTFvclIweTVxYUhQaHMzVERDaklkbFBSUVgzQ3JIQTMvUDdyemlzS21HMHQwa2hPN1JCL3h3CkNYNkJZcmdINTBKR0ZYd1NaVDNuYlgwUGNjNkFQZ1FCQW9JQkFIc0FTa0tmN0NaakdRcWdGVy9PYUpCeE5pclkKQlZVZ2NRVzN1NnVZN1BEeEFnR3JuakxCcUNXVE5Fd0dzNjZCeS9PbE1Fa3BnTU1JVVBJN1RnazZDc0Y4QWN0TgpaWUR3WWc3VExvVVdPTXpBNTZXUEJwdFhrZEk2NkZjdTJzTUhQdWpOMFAzOUo2K1VPaEVNVjlJRW9KN3ZWb3RrCjFrbHNVSUwydkM1T1VtRVJRcGhQSHlBM2l4TGZVQjBwNCtTWXArdVBmT3l1ejZyNkpjNnlpd2ZETWp4aUp0cXUKOGlncGpnMkJXZndIVzlsWlcwL3dhNHlKbmM5U1hpZ1RGWmNqa2dSb1F4TEVSdndqK0t4MFFxdDU4UFVqUmlxWQpqWjhjUDZlNEtmZ0dLVHhObkFtMTEwbExjbXNFOUQwcE15QzczV2I3SkpVZ0FETHFvRDJEc293SUY4Yz0KLS0tLS1FTkQgUlNBIFBSSVZBVEUgS0VZLS0tLS0K\n    token: 85d3c874ccdf0d4be13918907d28db9df99116f2ef9666c5dad8317a6632d2fa4ae2a708e40efbfe0ded0b2c78bb05b607aae5df346697a6b2eb3c3b13532dbf\n",
            "kubelet_identity": [
              {
                "client_id": "a7b1e297-2eb0-4fc0-acea-0b7dd9ac7ec6",
                "object_id": "c1a2d202-93af-4298-a620-455e6b5a7431",
                "user_assigned_identity_id": "/subscriptions/f1404c6e-2728-40ae-9cd2-fee75bde4c04/resourceGroups/MC_o2bionics-products_o2nextgen-aks_westus3/providers/Microsoft.ManagedIdentity/userAssignedIdentities/o2nextgen-aks-agentpool"
              }
            ],
            "kubernetes_version": "1.23.8",
            "linux_profile": [],
            "local_account_disabled": false,
            "location": "westus3",
            "maintenance_window": [],
            "microsoft_defender": [],
            "name": "o2nextgen-aks",
            "network_profile": [
              {
                "dns_service_ip": "10.0.0.10",
                "docker_bridge_cidr": "172.17.0.1/16",
                "ip_versions": [
                  "IPv4"
                ],
                "load_balancer_profile": [
                  {
                    "effective_outbound_ips": [
                      "/subscriptions/f1404c6e-2728-40ae-9cd2-fee75bde4c04/resourceGroups/MC_o2bionics-products_o2nextgen-aks_westus3/providers/Microsoft.Network/publicIPAddresses/a671c948-31c9-41d8-9f2d-73edf7531002"
                    ],
                    "idle_timeout_in_minutes": 0,
                    "managed_outbound_ip_count": 1,
                    "outbound_ip_address_ids": [],
                    "outbound_ip_prefix_ids": [],
                    "outbound_ports_allocated": 0
                  }
                ],
                "load_balancer_sku": "standard",
                "nat_gateway_profile": [],
                "network_mode": "",
                "network_plugin": "kubenet",
                "network_policy": "",
                "outbound_type": "loadBalancer",
                "pod_cidr": "10.244.0.0/16",
                "service_cidr": "10.0.0.0/16"
              }
            ],
            "node_resource_group": "MC_o2bionics-products_o2nextgen-aks_westus3",
            "oidc_issuer_enabled": false,
            "oidc_issuer_url": "",
            "oms_agent": [],
            "open_service_mesh_enabled": false,
            "portal_fqdn": "aks-62baec49.portal.hcp.westus3.azmk8s.io",
            "private_cluster_enabled": false,
            "private_cluster_public_fqdn_enabled": false,
            "private_dns_zone_id": "",
            "private_fqdn": "",
            "public_network_access_enabled": true,
            "resource_group_name": "o2bionics-products",
            "role_based_access_control_enabled": true,
            "run_command_enabled": true,
            "service_principal": [],
            "sku_tier": "Free",
            "tags": {
              "Environment": "Production",
              "Product": "O2NextGen Platform"
            },
            "timeouts": null,
            "windows_profile": []
          },
          "sensitive_attributes": [],
          "private": "eyJlMmJmYjczMC1lY2FhLTExZTYtOGY4OC0zNDM2M2JjN2M0YzAiOnsiY3JlYXRlIjo1NDAwMDAwMDAwMDAwLCJkZWxldGUiOjU0MDAwMDAwMDAwMDAsInJlYWQiOjMwMDAwMDAwMDAwMCwidXBkYXRlIjo1NDAwMDAwMDAwMDAwfSwic2NoZW1hX3ZlcnNpb24iOiIyIn0=",
          "dependencies": [
            "azurerm_resource_group.aks-resource-group"
          ]
        }
      ]
    },
    {
      "mode": "managed",
      "type": "azurerm_resource_group",
      "name": "aks-resource-group",
      "provider": "provider[\"registry.terraform.io/hashicorp/azurerm\"]",
      "instances": [
        {
          "schema_version": 0,
          "attributes": {
            "id": "/subscriptions/f1404c6e-2728-40ae-9cd2-fee75bde4c04/resourceGroups/o2bionics-products",
            "location": "westus3",
            "name": "o2bionics-products",
            "tags": {},
            "timeouts": null
          },
          "sensitive_attributes": [],
          "private": "eyJlMmJmYjczMC1lY2FhLTExZTYtOGY4OC0zNDM2M2JjN2M0YzAiOnsiY3JlYXRlIjo1NDAwMDAwMDAwMDAwLCJkZWxldGUiOjU0MDAwMDAwMDAwMDAsInJlYWQiOjMwMDAwMDAwMDAwMCwidXBkYXRlIjo1NDAwMDAwMDAwMDAwfX0="
        }
      ]
    },
    {
      "mode": "managed",
      "type": "azurerm_role_assignment",
      "name": "current",
      "provider": "provider[\"registry.terraform.io/hashicorp/azurerm\"]",
      "instances": [
        {
          "schema_version": 0,
          "attributes": {
            "condition": "",
            "condition_version": "",
            "delegated_managed_identity_resource_id": "",
            "description": "",
            "id": "/subscriptions/f1404c6e-2728-40ae-9cd2-fee75bde4c04/providers/Microsoft.Authorization/roleAssignments/a964cad9-e2af-c584-abeb-260ba07b73d4",
            "name": "a964cad9-e2af-c584-abeb-260ba07b73d4",
            "principal_id": "2b4b23c7-ef03-4fdb-b16a-b14dac98c4fd",
            "principal_type": "ServicePrincipal",
            "role_definition_id": "/subscriptions/f1404c6e-2728-40ae-9cd2-fee75bde4c04/providers/Microsoft.Authorization/roleDefinitions/b24988ac-6180-42a0-ab88-20f7382dd24c",
            "role_definition_name": "Contributor",
            "scope": "/subscriptions/f1404c6e-2728-40ae-9cd2-fee75bde4c04",
            "skip_service_principal_aad_check": null,
            "timeouts": null
          },
          "sensitive_attributes": [],
          "private": "eyJlMmJmYjczMC1lY2FhLTExZTYtOGY4OC0zNDM2M2JjN2M0YzAiOnsiY3JlYXRlIjoxODAwMDAwMDAwMDAwLCJkZWxldGUiOjE4MDAwMDAwMDAwMDAsInJlYWQiOjMwMDAwMDAwMDAwMCwidXBkYXRlIjoxODAwMDAwMDAwMDAwfX0=",
          "dependencies": [
            "azuread_application.example",
            "azuread_service_principal.current",
            "azurerm_dns_zone.primary-dns-zone",
            "azurerm_kubernetes_cluster.o2nextgen-aks",
            "azurerm_resource_group.aks-resource-group",
            "data.azuread_client_config.current",
            "data.azurerm_subscription.current"
          ]
        }
      ]
    },
    {
      "mode": "managed",
      "type": "azurerm_role_assignment",
      "name": "main",
      "provider": "provider[\"registry.terraform.io/hashicorp/azurerm\"]",
      "instances": [
        {
          "schema_version": 0,
          "attributes": {
            "condition": "",
            "condition_version": "",
            "delegated_managed_identity_resource_id": "",
            "description": "",
            "id": "/subscriptions/f1404c6e-2728-40ae-9cd2-fee75bde4c04/resourceGroups/o2bionics-products/providers/Microsoft.Network/dnsZones/o2bus.com/providers/Microsoft.Authorization/roleAssignments/1e321e91-e008-911f-1259-daaa91498ded",
            "name": "1e321e91-e008-911f-1259-daaa91498ded",
            "principal_id": "2b4b23c7-ef03-4fdb-b16a-b14dac98c4fd",
            "principal_type": "ServicePrincipal",
            "role_definition_id": "/subscriptions/f1404c6e-2728-40ae-9cd2-fee75bde4c04/providers/Microsoft.Authorization/roleDefinitions/befefa01-2a29-4197-83a8-272ff33ce314",
            "role_definition_name": "DNS Zone Contributor",
            "scope": "/subscriptions/f1404c6e-2728-40ae-9cd2-fee75bde4c04/resourceGroups/o2bionics-products/providers/Microsoft.Network/dnsZones/o2bus.com",
            "skip_service_principal_aad_check": null,
            "timeouts": null
          },
          "sensitive_attributes": [],
          "private": "eyJlMmJmYjczMC1lY2FhLTExZTYtOGY4OC0zNDM2M2JjN2M0YzAiOnsiY3JlYXRlIjoxODAwMDAwMDAwMDAwLCJkZWxldGUiOjE4MDAwMDAwMDAwMDAsInJlYWQiOjMwMDAwMDAwMDAwMCwidXBkYXRlIjoxODAwMDAwMDAwMDAwfX0=",
          "dependencies": [
            "azuread_application.example",
            "azuread_service_principal.current",
            "azurerm_dns_zone.primary-dns-zone",
            "azurerm_kubernetes_cluster.o2nextgen-aks",
            "azurerm_resource_group.aks-resource-group",
            "data.azuread_client_config.current"
          ]
        }
      ]
    },
    {
      "mode": "managed",
      "type": "azurerm_role_assignment",
      "name": "reader",
      "provider": "provider[\"registry.terraform.io/hashicorp/azurerm\"]",
      "instances": [
        {
          "schema_version": 0,
          "attributes": {
            "condition": "",
            "condition_version": "",
            "delegated_managed_identity_resource_id": "",
            "description": "",
            "id": "/subscriptions/f1404c6e-2728-40ae-9cd2-fee75bde4c04/resourceGroups/o2bionics-products/providers/Microsoft.Authorization/roleAssignments/2790a8c2-19c3-bd19-676e-be62e078963a",
            "name": "2790a8c2-19c3-bd19-676e-be62e078963a",
            "principal_id": "2b4b23c7-ef03-4fdb-b16a-b14dac98c4fd",
            "principal_type": "ServicePrincipal",
            "role_definition_id": "/subscriptions/f1404c6e-2728-40ae-9cd2-fee75bde4c04/providers/Microsoft.Authorization/roleDefinitions/acdd72a7-3385-48ef-bd42-f606fba81ae7",
            "role_definition_name": "Reader",
            "scope": "/subscriptions/f1404c6e-2728-40ae-9cd2-fee75bde4c04/resourceGroups/o2bionics-products",
            "skip_service_principal_aad_check": null,
            "timeouts": null
          },
          "sensitive_attributes": [],
          "private": "eyJlMmJmYjczMC1lY2FhLTExZTYtOGY4OC0zNDM2M2JjN2M0YzAiOnsiY3JlYXRlIjoxODAwMDAwMDAwMDAwLCJkZWxldGUiOjE4MDAwMDAwMDAwMDAsInJlYWQiOjMwMDAwMDAwMDAwMCwidXBkYXRlIjoxODAwMDAwMDAwMDAwfX0=",
          "dependencies": [
            "azuread_application.example",
            "azuread_service_principal.current",
            "azurerm_dns_zone.primary-dns-zone",
            "azurerm_kubernetes_cluster.o2nextgen-aks",
            "azurerm_resource_group.aks-resource-group",
            "data.azuread_client_config.current"
          ]
        }
      ]
    },
    {
      "mode": "managed",
      "type": "azurerm_role_assignment",
      "name": "role-acrpull",
      "provider": "provider[\"registry.terraform.io/hashicorp/azurerm\"]",
      "instances": [
        {
          "schema_version": 0,
          "attributes": {
            "condition": "",
            "condition_version": "",
            "delegated_managed_identity_resource_id": "",
            "description": "",
            "id": "/subscriptions/f1404c6e-2728-40ae-9cd2-fee75bde4c04/resourceGroups/o2bionics-products/providers/Microsoft.ContainerRegistry/registries/o2nextgen/providers/Microsoft.Authorization/roleAssignments/88ef3ca8-c6bb-61dd-153e-e2440aa66b70",
            "name": "88ef3ca8-c6bb-61dd-153e-e2440aa66b70",
            "principal_id": "c1a2d202-93af-4298-a620-455e6b5a7431",
            "principal_type": "ServicePrincipal",
            "role_definition_id": "/subscriptions/f1404c6e-2728-40ae-9cd2-fee75bde4c04/providers/Microsoft.Authorization/roleDefinitions/7f951dda-4ed3-4680-a7ca-43fe172d538d",
            "role_definition_name": "AcrPull",
            "scope": "/subscriptions/f1404c6e-2728-40ae-9cd2-fee75bde4c04/resourceGroups/o2bionics-products/providers/Microsoft.ContainerRegistry/registries/o2nextgen",
            "skip_service_principal_aad_check": null,
            "timeouts": null
          },
          "sensitive_attributes": [],
          "private": "eyJlMmJmYjczMC1lY2FhLTExZTYtOGY4OC0zNDM2M2JjN2M0YzAiOnsiY3JlYXRlIjoxODAwMDAwMDAwMDAwLCJkZWxldGUiOjE4MDAwMDAwMDAwMDAsInJlYWQiOjMwMDAwMDAwMDAwMCwidXBkYXRlIjoxODAwMDAwMDAwMDAwfX0=",
          "dependencies": [
            "azurerm_container_registry.o2nextgen-aks-acr",
            "azurerm_kubernetes_cluster.o2nextgen-aks",
            "azurerm_resource_group.aks-resource-group"
          ]
        }
      ]
    },
    {
      "mode": "managed",
      "type": "helm_release",
      "name": "aad-pod-identity",
      "provider": "provider[\"registry.terraform.io/hashicorp/helm\"]",
      "instances": [
        {
          "schema_version": 0,
          "attributes": {
            "atomic": false,
            "chart": "aad-pod-identity",
            "cleanup_on_fail": false,
            "create_namespace": false,
            "dependency_update": false,
            "description": null,
            "devel": null,
            "disable_crd_hooks": false,
            "disable_openapi_validation": false,
            "disable_webhooks": false,
            "force_update": false,
            "id": "aad-pod-identity",
            "keyring": null,
            "lint": false,
            "manifest": null,
            "max_history": 0,
            "metadata": [
              {
                "app_version": "1.8.12",
                "chart": "aad-pod-identity",
                "name": "aad-pod-identity",
                "namespace": "kube-system",
                "revision": 1,
                "values": "null",
                "version": "4.1.13"
              }
            ],
            "name": "aad-pod-identity",
            "namespace": "kube-system",
            "pass_credentials": false,
            "postrender": [],
            "recreate_pods": false,
            "render_subchart_notes": true,
            "replace": false,
            "repository": "https://raw.githubusercontent.com/Azure/aad-pod-identity/master/charts",
            "repository_ca_file": null,
            "repository_cert_file": null,
            "repository_key_file": null,
            "repository_password": null,
            "repository_username": null,
            "reset_values": false,
            "reuse_values": false,
            "set": [],
            "set_sensitive": [],
            "skip_crds": false,
            "status": "deployed",
            "timeout": 300,
            "values": null,
            "verify": false,
            "version": "4.1.13",
            "wait": true,
            "wait_for_jobs": false
          },
          "sensitive_attributes": [],
          "private": "bnVsbA==",
          "dependencies": [
            "azurerm_container_registry.o2nextgen-aks-acr",
            "azurerm_kubernetes_cluster.o2nextgen-aks",
            "azurerm_resource_group.aks-resource-group"
          ]
        }
      ]
    },
    {
      "mode": "managed",
      "type": "helm_release",
      "name": "cert-manager",
      "provider": "provider[\"registry.terraform.io/hashicorp/helm\"]",
      "instances": [
        {
          "schema_version": 0,
          "attributes": {
            "atomic": false,
            "chart": "cert-manager",
            "cleanup_on_fail": false,
            "create_namespace": true,
            "dependency_update": false,
            "description": null,
            "devel": null,
            "disable_crd_hooks": false,
            "disable_openapi_validation": false,
            "disable_webhooks": false,
            "force_update": false,
            "id": "cert-manager",
            "keyring": null,
            "lint": false,
            "manifest": null,
            "max_history": 0,
            "metadata": [
              {
                "app_version": "v1.6.1",
                "chart": "cert-manager",
                "name": "cert-manager",
                "namespace": "cert-manager",
                "revision": 1,
                "values": "{\"installCRDs\":true}",
                "version": "v1.6.1"
              }
            ],
            "name": "cert-manager",
            "namespace": "cert-manager",
            "pass_credentials": false,
            "postrender": [],
            "recreate_pods": false,
            "render_subchart_notes": true,
            "replace": false,
            "repository": "https://charts.jetstack.io",
            "repository_ca_file": null,
            "repository_cert_file": null,
            "repository_key_file": null,
            "repository_password": null,
            "repository_username": null,
            "reset_values": false,
            "reuse_values": false,
            "set": [
              {
                "name": "installCRDs",
                "type": "",
                "value": "true"
              }
            ],
            "set_sensitive": [],
            "skip_crds": false,
            "status": "deployed",
            "timeout": 300,
            "values": null,
            "verify": false,
            "version": "v1.6.1",
            "wait": true,
            "wait_for_jobs": false
          },
          "sensitive_attributes": [],
          "private": "bnVsbA==",
          "dependencies": [
            "azurerm_kubernetes_cluster.o2nextgen-aks",
            "azurerm_resource_group.aks-resource-group"
          ]
        }
      ]
    },
    {
      "mode": "managed",
      "type": "helm_release",
      "name": "external-dns",
      "provider": "provider[\"registry.terraform.io/hashicorp/helm\"]",
      "instances": [
        {
          "schema_version": 0,
          "attributes": {
            "atomic": false,
            "chart": "external-dns",
            "cleanup_on_fail": false,
            "create_namespace": true,
            "dependency_update": false,
            "description": null,
            "devel": null,
            "disable_crd_hooks": false,
            "disable_openapi_validation": false,
            "disable_webhooks": false,
            "force_update": false,
            "id": "external-dns",
            "keyring": null,
            "lint": false,
            "manifest": null,
            "max_history": 0,
            "metadata": [
              {
                "app_version": "0.12.2",
                "chart": "external-dns",
                "name": "external-dns",
                "namespace": "external-dns",
                "revision": 1,
                "values": "{\"azure\":{\"aadClientId\":\"4acf4b9b-9507-44ae-83ff-43a8b0a2d45e\",\"aadClientSecret\":\"xvT8Q~GoHTTArzkIjY0mPAbt2Grg-1KxoShWGaxb\",\"resourceGroup\":\"o2bionics-products\",\"subscriptionId\":\"/subscriptions/f1404c6e-2728-40ae-9cd2-fee75bde4c04\",\"tenantId\":\"f3a52f65-e3a4-4386-8bc9-a42f32fc1cd6\"},\"logLevel\":\"debug\",\"policy\":\"sync\",\"provider\":\"azure\",\"txtOwnerId\":\"o2nextgen-aks\"}",
                "version": "6.10.0"
              }
            ],
            "name": "external-dns",
            "namespace": "external-dns",
            "pass_credentials": false,
            "postrender": [],
            "recreate_pods": false,
            "render_subchart_notes": true,
            "replace": false,
            "repository": "https://charts.bitnami.com/bitnami",
            "repository_ca_file": null,
            "repository_cert_file": null,
            "repository_key_file": null,
            "repository_password": null,
            "repository_username": null,
            "reset_values": false,
            "reuse_values": false,
            "set": [
              {
                "name": "azure.aadClientId",
                "type": "",
                "value": "4acf4b9b-9507-44ae-83ff-43a8b0a2d45e"
              },
              {
                "name": "azure.aadClientSecret",
                "type": "",
                "value": "xvT8Q~GoHTTArzkIjY0mPAbt2Grg-1KxoShWGaxb"
              },
              {
                "name": "azure.resourceGroup",
                "type": "",
                "value": "o2bionics-products"
              },
              {
                "name": "azure.subscriptionId",
                "type": "",
                "value": "/subscriptions/f1404c6e-2728-40ae-9cd2-fee75bde4c04"
              },
              {
                "name": "azure.tenantId",
                "type": "",
                "value": "f3a52f65-e3a4-4386-8bc9-a42f32fc1cd6"
              },
              {
                "name": "logLevel",
                "type": "",
                "value": "debug"
              },
              {
                "name": "policy",
                "type": "",
                "value": "sync"
              },
              {
                "name": "provider",
                "type": "",
                "value": "azure"
              },
              {
                "name": "txtOwnerId",
                "type": "",
                "value": "o2nextgen-aks"
              }
            ],
            "set_sensitive": [],
            "skip_crds": false,
            "status": "deployed",
            "timeout": 300,
            "values": null,
            "verify": false,
            "version": "6.10.0",
            "wait": true,
            "wait_for_jobs": false
          },
          "sensitive_attributes": [
            [
              {
                "type": "get_attr",
                "value": "set"
              }
            ]
          ],
          "private": "bnVsbA==",
          "dependencies": [
            "azuread_application.example",
            "azuread_application_password.current",
            "azurerm_dns_zone.primary-dns-zone",
            "azurerm_kubernetes_cluster.o2nextgen-aks",
            "azurerm_resource_group.aks-resource-group",
            "data.azuread_client_config.current",
            "data.azurerm_subscription.current"
          ]
        }
      ]
    },
    {
      "mode": "managed",
      "type": "helm_release",
      "name": "nginx-ingress-controller",
      "provider": "provider[\"registry.terraform.io/hashicorp/helm\"]",
      "instances": [
        {
          "schema_version": 0,
          "attributes": {
            "atomic": false,
            "chart": "ingress-nginx",
            "cleanup_on_fail": false,
            "create_namespace": true,
            "dependency_update": false,
            "description": null,
            "devel": null,
            "disable_crd_hooks": false,
            "disable_openapi_validation": false,
            "disable_webhooks": false,
            "force_update": false,
            "id": "nginx-ingress-controller",
            "keyring": null,
            "lint": false,
            "manifest": null,
            "max_history": 0,
            "metadata": [
              {
                "app_version": "1.2.1",
                "chart": "ingress-nginx",
                "name": "nginx-ingress-controller",
                "namespace": "ingress",
                "revision": 1,
                "values": "{\"controller\":{\"autoscaling\":{\"enabled\":true,\"maxReplicas\":2,\"minReplicas\":1},\"service\":{\"type\":\"LoadBalancer\"}}}",
                "version": "4.1.3"
              }
            ],
            "name": "nginx-ingress-controller",
            "namespace": "ingress",
            "pass_credentials": false,
            "postrender": [],
            "recreate_pods": false,
            "render_subchart_notes": true,
            "replace": false,
            "repository": "https://kubernetes.github.io/ingress-nginx",
            "repository_ca_file": null,
            "repository_cert_file": null,
            "repository_key_file": null,
            "repository_password": null,
            "repository_username": null,
            "reset_values": false,
            "reuse_values": false,
            "set": [
              {
                "name": "controller.autoscaling.enabled",
                "type": "",
                "value": "true"
              },
              {
                "name": "controller.autoscaling.maxReplicas",
                "type": "",
                "value": "2"
              },
              {
                "name": "controller.autoscaling.minReplicas",
                "type": "",
                "value": "1"
              },
              {
                "name": "controller.service.type",
                "type": "",
                "value": "LoadBalancer"
              }
            ],
            "set_sensitive": [],
            "skip_crds": false,
            "status": "deployed",
            "timeout": 300,
            "values": null,
            "verify": false,
            "version": "4.1.3",
            "wait": true,
            "wait_for_jobs": false
          },
          "sensitive_attributes": [],
          "private": "bnVsbA==",
          "dependencies": [
            "azurerm_kubernetes_cluster.o2nextgen-aks",
            "azurerm_resource_group.aks-resource-group"
          ]
        }
      ]
    },
    {
      "mode": "managed",
      "type": "helm_release",
      "name": "o2nextgen-auth",
      "provider": "provider[\"registry.terraform.io/hashicorp/helm\"]",
      "instances": [
        {
          "schema_version": 0,
          "attributes": {
            "atomic": false,
            "chart": "o2nextgen-auth",
            "cleanup_on_fail": false,
            "create_namespace": false,
            "dependency_update": false,
            "description": null,
            "devel": null,
            "disable_crd_hooks": false,
            "disable_openapi_validation": false,
            "disable_webhooks": false,
            "force_update": false,
            "id": "o2nextgen-auth",
            "keyring": null,
            "lint": false,
            "manifest": null,
            "max_history": 0,
            "metadata": [
              {
                "app_version": "1.16.0",
                "chart": "o2nextgen-auth",
                "name": "o2nextgen-auth",
                "namespace": "apps-prod",
                "revision": 1,
                "values": "null",
                "version": "0.1.0"
              }
            ],
            "name": "o2nextgen-auth",
            "namespace": "apps-prod",
            "pass_credentials": false,
            "postrender": [],
            "recreate_pods": false,
            "render_subchart_notes": true,
            "replace": false,
            "repository": "../../../helm_charts",
            "repository_ca_file": null,
            "repository_cert_file": null,
            "repository_key_file": null,
            "repository_password": null,
            "repository_username": null,
            "reset_values": false,
            "reuse_values": false,
            "set": [],
            "set_sensitive": [],
            "skip_crds": false,
            "status": "deployed",
            "timeout": 300,
            "values": null,
            "verify": false,
            "version": "0.1.0",
            "wait": true,
            "wait_for_jobs": false
          },
          "sensitive_attributes": [],
          "private": "bnVsbA==",
          "dependencies": [
            "azurerm_kubernetes_cluster.o2nextgen-aks",
            "azurerm_resource_group.aks-resource-group"
          ]
        }
      ]
    },
    {
      "mode": "managed",
      "type": "helm_release",
      "name": "prometheus-stack",
      "provider": "provider[\"registry.terraform.io/hashicorp/helm\"]",
      "instances": [
        {
          "schema_version": 0,
          "attributes": {
            "atomic": false,
            "chart": "kube-prometheus-stack",
            "cleanup_on_fail": false,
            "create_namespace": true,
            "dependency_update": false,
            "description": null,
            "devel": null,
            "disable_crd_hooks": false,
            "disable_openapi_validation": false,
            "disable_webhooks": false,
            "force_update": false,
            "id": "prometheus-stack",
            "keyring": null,
            "lint": false,
            "manifest": null,
            "max_history": 0,
            "metadata": [
              {
                "app_version": "0.59.1",
                "chart": "kube-prometheus-stack",
                "name": "prometheus-stack",
                "namespace": "monitoring",
                "revision": 1,
                "values": "{\"grafana\":{\"adminPassword\":\"grafana-pass\",\"adminUser\":\"grafana\",\"ingress\":{\"annotations\":{\"nginx.ingress.kubernetes.io/rewrite-target\":\"/$1\",\"nginx.ingress.kubernetes.io/ssl-redirect\":\"false\",\"nginx.ingress.kubernetes.io/use-regex\":\"true\"},\"enabled\":true,\"ingressClassName\":\"nginx\",\"path\":\"/(.*)\"}}}",
                "version": "40.1.2"
              }
            ],
            "name": "prometheus-stack",
            "namespace": "monitoring",
            "pass_credentials": false,
            "postrender": [],
            "recreate_pods": false,
            "render_subchart_notes": true,
            "replace": false,
            "repository": "https://prometheus-community.github.io/helm-charts",
            "repository_ca_file": null,
            "repository_cert_file": null,
            "repository_key_file": null,
            "repository_password": null,
            "repository_username": null,
            "reset_values": false,
            "reuse_values": false,
            "set": [
              {
                "name": "grafana.adminPassword",
                "type": "",
                "value": "grafana-pass"
              },
              {
                "name": "grafana.adminUser",
                "type": "",
                "value": "grafana"
              },
              {
                "name": "grafana.ingress.annotations.nginx\\.ingress\\.kubernetes\\.io/rewrite-target",
                "type": "",
                "value": "/$1"
              },
              {
                "name": "grafana.ingress.annotations.nginx\\.ingress\\.kubernetes\\.io/ssl-redirect",
                "type": "string",
                "value": "false"
              },
              {
                "name": "grafana.ingress.annotations.nginx\\.ingress\\.kubernetes\\.io/use-regex",
                "type": "string",
                "value": "true"
              },
              {
                "name": "grafana.ingress.enabled",
                "type": "",
                "value": "true"
              },
              {
                "name": "grafana.ingress.ingressClassName",
                "type": "",
                "value": "nginx"
              },
              {
                "name": "grafana.ingress.path",
                "type": "",
                "value": "/(.*)"
              }
            ],
            "set_sensitive": [],
            "skip_crds": false,
            "status": "deployed",
            "timeout": 300,
            "values": null,
            "verify": false,
            "version": "40.1.2",
            "wait": true,
            "wait_for_jobs": false
          },
          "sensitive_attributes": [],
          "private": "bnVsbA==",
          "dependencies": [
            "azurerm_kubernetes_cluster.o2nextgen-aks",
            "azurerm_resource_group.aks-resource-group",
            "helm_release.nginx-ingress-controller"
          ]
        }
      ]
    },
    {
      "mode": "managed",
      "type": "kubernetes_namespace",
      "name": "dev",
      "provider": "provider[\"registry.terraform.io/hashicorp/kubernetes\"]",
      "instances": [
        {
          "schema_version": 0,
          "attributes": {
            "id": "apps-dev",
            "metadata": [
              {
                "annotations": {
                  "name": "apps-dev"
                },
                "generate_name": "",
                "generation": 0,
                "labels": {
                  "Environment": "Development"
                },
                "name": "apps-dev",
                "resource_version": "1447",
                "uid": "e7d1d0f0-539d-49f0-9ba1-f7a187586e94"
              }
            ],
            "timeouts": null
          },
          "sensitive_attributes": [],
          "private": "eyJlMmJmYjczMC1lY2FhLTExZTYtOGY4OC0zNDM2M2JjN2M0YzAiOnsiZGVsZXRlIjozMDAwMDAwMDAwMDB9fQ==",
          "dependencies": [
            "azurerm_kubernetes_cluster.o2nextgen-aks",
            "azurerm_resource_group.aks-resource-group"
          ]
        }
      ]
    },
    {
      "mode": "managed",
      "type": "kubernetes_namespace",
      "name": "devops",
      "provider": "provider[\"registry.terraform.io/hashicorp/kubernetes\"]",
      "instances": [
        {
          "schema_version": 0,
          "attributes": {
            "id": "apps-devops",
            "metadata": [
              {
                "annotations": {
                  "name": "apps-devops"
                },
                "generate_name": "",
                "generation": 0,
                "labels": {
                  "Environment": "Devops"
                },
                "name": "apps-devops",
                "resource_version": "1444",
                "uid": "251115c5-d26c-4bd7-8af9-99c93da74b5a"
              }
            ],
            "timeouts": null
          },
          "sensitive_attributes": [],
          "private": "eyJlMmJmYjczMC1lY2FhLTExZTYtOGY4OC0zNDM2M2JjN2M0YzAiOnsiZGVsZXRlIjozMDAwMDAwMDAwMDB9fQ==",
          "dependencies": [
            "azurerm_kubernetes_cluster.o2nextgen-aks",
            "azurerm_resource_group.aks-resource-group"
          ]
        }
      ]
    },
    {
      "mode": "managed",
      "type": "kubernetes_namespace",
      "name": "prod",
      "provider": "provider[\"registry.terraform.io/hashicorp/kubernetes\"]",
      "instances": [
        {
          "schema_version": 0,
          "attributes": {
            "id": "apps-prod",
            "metadata": [
              {
                "annotations": {
                  "name": "apps-prod"
                },
                "generate_name": "",
                "generation": 0,
                "labels": {
                  "Environment": "Production"
                },
                "name": "apps-prod",
                "resource_version": "1445",
                "uid": "e76706f9-6aa6-405f-8c72-7afdfb423c05"
              }
            ],
            "timeouts": null
          },
          "sensitive_attributes": [],
          "private": "eyJlMmJmYjczMC1lY2FhLTExZTYtOGY4OC0zNDM2M2JjN2M0YzAiOnsiZGVsZXRlIjozMDAwMDAwMDAwMDB9fQ==",
          "dependencies": [
            "azurerm_kubernetes_cluster.o2nextgen-aks",
            "azurerm_resource_group.aks-resource-group"
          ]
        }
      ]
    },
    {
      "mode": "managed",
      "type": "kubernetes_namespace",
      "name": "staging",
      "provider": "provider[\"registry.terraform.io/hashicorp/kubernetes\"]",
      "instances": [
        {
          "schema_version": 0,
          "attributes": {
            "id": "apps-staging",
            "metadata": [
              {
                "annotations": {
                  "name": "apps-staging"
                },
                "generate_name": "",
                "generation": 0,
                "labels": {
                  "Environment": "Staging"
                },
                "name": "apps-staging",
                "resource_version": "1443",
                "uid": "d5be15f9-8924-4415-9d7c-05b85a649510"
              }
            ],
            "timeouts": null
          },
          "sensitive_attributes": [],
          "private": "eyJlMmJmYjczMC1lY2FhLTExZTYtOGY4OC0zNDM2M2JjN2M0YzAiOnsiZGVsZXRlIjozMDAwMDAwMDAwMDB9fQ==",
          "dependencies": [
            "azurerm_kubernetes_cluster.o2nextgen-aks",
            "azurerm_resource_group.aks-resource-group"
          ]
        }
      ]
    },
    {
      "mode": "managed",
      "type": "kubernetes_namespace",
      "name": "tst",
      "provider": "provider[\"registry.terraform.io/hashicorp/kubernetes\"]",
      "instances": [
        {
          "schema_version": 0,
          "attributes": {
            "id": "apps-tst",
            "metadata": [
              {
                "annotations": {
                  "name": "apps-tst"
                },
                "generate_name": "",
                "generation": 0,
                "labels": {
                  "Environment": "Test"
                },
                "name": "apps-tst",
                "resource_version": "1446",
                "uid": "8001ed90-da14-41c5-a51b-6fe1464bc1a3"
              }
            ],
            "timeouts": null
          },
          "sensitive_attributes": [],
          "private": "eyJlMmJmYjczMC1lY2FhLTExZTYtOGY4OC0zNDM2M2JjN2M0YzAiOnsiZGVsZXRlIjozMDAwMDAwMDAwMDB9fQ==",
          "dependencies": [
            "azurerm_kubernetes_cluster.o2nextgen-aks",
            "azurerm_resource_group.aks-resource-group"
          ]
        }
      ]
    }
  ]
}
