
Microsoft Visual Studio Solution File, Format Version 12.00
# Visual Studio Version 17
VisualStudioVersion = 17.0.32112.339
MinimumVisualStudioVersion = 10.0.40219.1
Project("{FAE04EC0-301F-11D3-BF4B-00C04F79EFBC}") = "O2NextGen.SmallTalk.UWP", "O2NextGen.SmallTalk\O2NextGen.SmallTalk.UWP\O2NextGen.SmallTalk.UWP.csproj", "{268FF7A4-582B-4FC6-8403-9D0509B1561D}"
EndProject
Project("{FAE04EC0-301F-11D3-BF4B-00C04F79EFBC}") = "O2NextGen.SmallTalk.Android", "O2NextGen.SmallTalk\O2NextGen.SmallTalk.Android\O2NextGen.SmallTalk.Android.csproj", "{D1D0F2E9-944C-42D8-BCF8-89A432186A2D}"
EndProject
Project("{FAE04EC0-301F-11D3-BF4B-00C04F79EFBC}") = "O2NextGen.SmallTalk.iOS", "O2NextGen.SmallTalk\O2NextGen.SmallTalk.iOS\O2NextGen.SmallTalk.iOS.csproj", "{B1230C22-8F15-45A4-BDB7-2378264A956C}"
EndProject
Project("{9A19103F-16F7-4668-BE54-9A1E7A4F7556}") = "O2NextGen.SmallTalk.Core", "O2NextGen.SmallTalk\O2NextGen.SmallTalk\O2NextGen.SmallTalk.Core.csproj", "{4F14E841-3A6D-4797-BC64-70EF972C3A9D}"
EndProject
Project("{2150E333-8FDC-42A3-9474-1A3956D46DE8}") = "Core", "Core", "{185511FE-BD00-42C2-BA15-1218A6CA52FE}"
EndProject
Project("{2150E333-8FDC-42A3-9474-1A3956D46DE8}") = "SDKs", "SDKs", "{3CC3E606-E6A4-4715-9AEB-29D8ED05EBFD}"
EndProject
Project("{9A19103F-16F7-4668-BE54-9A1E7A4F7556}") = "O2NextGen.Sdk.NetCore.Models", "..\..\SDKs\O2NG.Sdk.NetCore\O2NG.Sdk.NetCore.Models\O2NextGen.Sdk.NetCore.Models.csproj", "{EF8C5316-492C-4766-A819-9884DC02CC87}"
EndProject
Project("{FAE04EC0-301F-11D3-BF4B-00C04F79EFBC}") = "O2NextGen.Sdk.Models", "..\..\SDKs\O2NextGen.Sdk.Models\O2NextGen.Sdk.Models.csproj", "{75D770D3-3D3B-4189-ABC0-5056F6B8CAE3}"
EndProject
Global
	GlobalSection(SolutionConfigurationPlatforms) = preSolution
		Debug|Any CPU = Debug|Any CPU
		Debug|ARM = Debug|ARM
		Debug|iPhone = Debug|iPhone
		Debug|iPhoneSimulator = Debug|iPhoneSimulator
		Debug|x64 = Debug|x64
		Debug|x86 = Debug|x86
		Release|Any CPU = Release|Any CPU
		Release|ARM = Release|ARM
		Release|iPhone = Release|iPhone
		Release|iPhoneSimulator = Release|iPhoneSimulator
		Release|x64 = Release|x64
		Release|x86 = Release|x86
	EndGlobalSection
	GlobalSection(ProjectConfigurationPlatforms) = postSolution
		{268FF7A4-582B-4FC6-8403-9D0509B1561D}.Debug|Any CPU.ActiveCfg = Debug|x64
		{268FF7A4-582B-4FC6-8403-9D0509B1561D}.Debug|Any CPU.Build.0 = Debug|x64
		{268FF7A4-582B-4FC6-8403-9D0509B1561D}.Debug|Any CPU.Deploy.0 = Debug|x64
		{268FF7A4-582B-4FC6-8403-9D0509B1561D}.Debug|ARM.ActiveCfg = Debug|ARM
		{268FF7A4-582B-4FC6-8403-9D0509B1561D}.Debug|ARM.Build.0 = Debug|ARM
		{268FF7A4-582B-4FC6-8403-9D0509B1561D}.Debug|ARM.Deploy.0 = Debug|ARM
		{268FF7A4-582B-4FC6-8403-9D0509B1561D}.Debug|iPhone.ActiveCfg = Debug|x64
		{268FF7A4-582B-4FC6-8403-9D0509B1561D}.Debug|iPhone.Build.0 = Debug|x64
		{268FF7A4-582B-4FC6-8403-9D0509B1561D}.Debug|iPhone.Deploy.0 = Debug|x64
		{268FF7A4-582B-4FC6-8403-9D0509B1561D}.Debug|iPhoneSimulator.ActiveCfg = Debug|x64
		{268FF7A4-582B-4FC6-8403-9D0509B1561D}.Debug|iPhoneSimulator.Build.0 = Debug|x64
		{268FF7A4-582B-4FC6-8403-9D0509B1561D}.Debug|iPhoneSimulator.Deploy.0 = Debug|x64
		{268FF7A4-582B-4FC6-8403-9D0509B1561D}.Debug|x64.ActiveCfg = Debug|x64
		{268FF7A4-582B-4FC6-8403-9D0509B1561D}.Debug|x64.Build.0 = Debug|x64
		{268FF7A4-582B-4FC6-8403-9D0509B1561D}.Debug|x64.Deploy.0 = Debug|x64
		{268FF7A4-582B-4FC6-8403-9D0509B1561D}.Debug|x86.ActiveCfg = Debug|x86
		{268FF7A4-582B-4FC6-8403-9D0509B1561D}.Debug|x86.Build.0 = Debug|x86
		{268FF7A4-582B-4FC6-8403-9D0509B1561D}.Debug|x86.Deploy.0 = Debug|x86
		{268FF7A4-582B-4FC6-8403-9D0509B1561D}.Release|Any CPU.ActiveCfg = Release|x64
		{268FF7A4-582B-4FC6-8403-9D0509B1561D}.Release|Any CPU.Build.0 = Release|x64
		{268FF7A4-582B-4FC6-8403-9D0509B1561D}.Release|Any CPU.Deploy.0 = Release|x64
		{268FF7A4-582B-4FC6-8403-9D0509B1561D}.Release|ARM.ActiveCfg = Release|ARM
		{268FF7A4-582B-4FC6-8403-9D0509B1561D}.Release|ARM.Build.0 = Release|ARM
		{268FF7A4-582B-4FC6-8403-9D0509B1561D}.Release|ARM.Deploy.0 = Release|ARM
		{268FF7A4-582B-4FC6-8403-9D0509B1561D}.Release|iPhone.ActiveCfg = Release|x64
		{268FF7A4-582B-4FC6-8403-9D0509B1561D}.Release|iPhone.Build.0 = Release|x64
		{268FF7A4-582B-4FC6-8403-9D0509B1561D}.Release|iPhone.Deploy.0 = Release|x64
		{268FF7A4-582B-4FC6-8403-9D0509B1561D}.Release|iPhoneSimulator.ActiveCfg = Release|x64
		{268FF7A4-582B-4FC6-8403-9D0509B1561D}.Release|iPhoneSimulator.Build.0 = Release|x64
		{268FF7A4-582B-4FC6-8403-9D0509B1561D}.Release|iPhoneSimulator.Deploy.0 = Release|x64
		{268FF7A4-582B-4FC6-8403-9D0509B1561D}.Release|x64.ActiveCfg = Release|x64
		{268FF7A4-582B-4FC6-8403-9D0509B1561D}.Release|x64.Build.0 = Release|x64
		{268FF7A4-582B-4FC6-8403-9D0509B1561D}.Release|x64.Deploy.0 = Release|x64
		{268FF7A4-582B-4FC6-8403-9D0509B1561D}.Release|x86.ActiveCfg = Release|x86
		{268FF7A4-582B-4FC6-8403-9D0509B1561D}.Release|x86.Build.0 = Release|x86
		{268FF7A4-582B-4FC6-8403-9D0509B1561D}.Release|x86.Deploy.0 = Release|x86
		{D1D0F2E9-944C-42D8-BCF8-89A432186A2D}.Debug|Any CPU.ActiveCfg = Debug|Any CPU
		{D1D0F2E9-944C-42D8-BCF8-89A432186A2D}.Debug|Any CPU.Build.0 = Debug|Any CPU
		{D1D0F2E9-944C-42D8-BCF8-89A432186A2D}.Debug|Any CPU.Deploy.0 = Debug|Any CPU
		{D1D0F2E9-944C-42D8-BCF8-89A432186A2D}.Debug|ARM.ActiveCfg = Debug|Any CPU
		{D1D0F2E9-944C-42D8-BCF8-89A432186A2D}.Debug|ARM.Build.0 = Debug|Any CPU
		{D1D0F2E9-944C-42D8-BCF8-89A432186A2D}.Debug|ARM.Deploy.0 = Debug|Any CPU
		{D1D0F2E9-944C-42D8-BCF8-89A432186A2D}.Debug|iPhone.ActiveCfg = Debug|Any CPU
		{D1D0F2E9-944C-42D8-BCF8-89A432186A2D}.Debug|iPhone.Build.0 = Debug|Any CPU
		{D1D0F2E9-944C-42D8-BCF8-89A432186A2D}.Debug|iPhone.Deploy.0 = Debug|Any CPU
		{D1D0F2E9-944C-42D8-BCF8-89A432186A2D}.Debug|iPhoneSimulator.ActiveCfg = Debug|Any CPU
		{D1D0F2E9-944C-42D8-BCF8-89A432186A2D}.Debug|iPhoneSimulator.Build.0 = Debug|Any CPU
		{D1D0F2E9-944C-42D8-BCF8-89A432186A2D}.Debug|iPhoneSimulator.Deploy.0 = Debug|Any CPU
		{D1D0F2E9-944C-42D8-BCF8-89A432186A2D}.Debug|x64.ActiveCfg = Debug|Any CPU
		{D1D0F2E9-944C-42D8-BCF8-89A432186A2D}.Debug|x64.Build.0 = Debug|Any CPU
		{D1D0F2E9-944C-42D8-BCF8-89A432186A2D}.Debug|x64.Deploy.0 = Debug|Any CPU
		{D1D0F2E9-944C-42D8-BCF8-89A432186A2D}.Debug|x86.ActiveCfg = Debug|Any CPU
		{D1D0F2E9-944C-42D8-BCF8-89A432186A2D}.Debug|x86.Build.0 = Debug|Any CPU
		{D1D0F2E9-944C-42D8-BCF8-89A432186A2D}.Debug|x86.Deploy.0 = Debug|Any CPU
		{D1D0F2E9-944C-42D8-BCF8-89A432186A2D}.Release|Any CPU.ActiveCfg = Release|Any CPU
		{D1D0F2E9-944C-42D8-BCF8-89A432186A2D}.Release|Any CPU.Build.0 = Release|Any CPU
		{D1D0F2E9-944C-42D8-BCF8-89A432186A2D}.Release|Any CPU.Deploy.0 = Release|Any CPU
		{D1D0F2E9-944C-42D8-BCF8-89A432186A2D}.Release|ARM.ActiveCfg = Release|Any CPU
		{D1D0F2E9-944C-42D8-BCF8-89A432186A2D}.Release|ARM.Build.0 = Release|Any CPU
		{D1D0F2E9-944C-42D8-BCF8-89A432186A2D}.Release|ARM.Deploy.0 = Release|Any CPU
		{D1D0F2E9-944C-42D8-BCF8-89A432186A2D}.Release|iPhone.ActiveCfg = Release|Any CPU
		{D1D0F2E9-944C-42D8-BCF8-89A432186A2D}.Release|iPhone.Build.0 = Release|Any CPU
		{D1D0F2E9-944C-42D8-BCF8-89A432186A2D}.Release|iPhone.Deploy.0 = Release|Any CPU
		{D1D0F2E9-944C-42D8-BCF8-89A432186A2D}.Release|iPhoneSimulator.ActiveCfg = Release|Any CPU
		{D1D0F2E9-944C-42D8-BCF8-89A432186A2D}.Release|iPhoneSimulator.Build.0 = Release|Any CPU
		{D1D0F2E9-944C-42D8-BCF8-89A432186A2D}.Release|iPhoneSimulator.Deploy.0 = Release|Any CPU
		{D1D0F2E9-944C-42D8-BCF8-89A432186A2D}.Release|x64.ActiveCfg = Release|Any CPU
		{D1D0F2E9-944C-42D8-BCF8-89A432186A2D}.Release|x64.Build.0 = Release|Any CPU
		{D1D0F2E9-944C-42D8-BCF8-89A432186A2D}.Release|x64.Deploy.0 = Release|Any CPU
		{D1D0F2E9-944C-42D8-BCF8-89A432186A2D}.Release|x86.ActiveCfg = Release|Any CPU
		{D1D0F2E9-944C-42D8-BCF8-89A432186A2D}.Release|x86.Build.0 = Release|Any CPU
		{D1D0F2E9-944C-42D8-BCF8-89A432186A2D}.Release|x86.Deploy.0 = Release|Any CPU
		{B1230C22-8F15-45A4-BDB7-2378264A956C}.Debug|Any CPU.ActiveCfg = Debug|iPhoneSimulator
		{B1230C22-8F15-45A4-BDB7-2378264A956C}.Debug|Any CPU.Build.0 = Debug|iPhoneSimulator
		{B1230C22-8F15-45A4-BDB7-2378264A956C}.Debug|ARM.ActiveCfg = Debug|iPhoneSimulator
		{B1230C22-8F15-45A4-BDB7-2378264A956C}.Debug|ARM.Build.0 = Debug|iPhoneSimulator
		{B1230C22-8F15-45A4-BDB7-2378264A956C}.Debug|iPhone.ActiveCfg = Debug|iPhone
		{B1230C22-8F15-45A4-BDB7-2378264A956C}.Debug|iPhone.Build.0 = Debug|iPhone
		{B1230C22-8F15-45A4-BDB7-2378264A956C}.Debug|iPhoneSimulator.ActiveCfg = Debug|iPhoneSimulator
		{B1230C22-8F15-45A4-BDB7-2378264A956C}.Debug|iPhoneSimulator.Build.0 = Debug|iPhoneSimulator
		{B1230C22-8F15-45A4-BDB7-2378264A956C}.Debug|x64.ActiveCfg = Debug|iPhoneSimulator
		{B1230C22-8F15-45A4-BDB7-2378264A956C}.Debug|x64.Build.0 = Debug|iPhoneSimulator
		{B1230C22-8F15-45A4-BDB7-2378264A956C}.Debug|x86.ActiveCfg = Debug|iPhoneSimulator
		{B1230C22-8F15-45A4-BDB7-2378264A956C}.Debug|x86.Build.0 = Debug|iPhoneSimulator
		{B1230C22-8F15-45A4-BDB7-2378264A956C}.Release|Any CPU.ActiveCfg = Release|iPhoneSimulator
		{B1230C22-8F15-45A4-BDB7-2378264A956C}.Release|Any CPU.Build.0 = Release|iPhoneSimulator
		{B1230C22-8F15-45A4-BDB7-2378264A956C}.Release|ARM.ActiveCfg = Release|iPhoneSimulator
		{B1230C22-8F15-45A4-BDB7-2378264A956C}.Release|ARM.Build.0 = Release|iPhoneSimulator
		{B1230C22-8F15-45A4-BDB7-2378264A956C}.Release|iPhone.ActiveCfg = Release|iPhone
		{B1230C22-8F15-45A4-BDB7-2378264A956C}.Release|iPhone.Build.0 = Release|iPhone
		{B1230C22-8F15-45A4-BDB7-2378264A956C}.Release|iPhoneSimulator.ActiveCfg = Release|iPhoneSimulator
		{B1230C22-8F15-45A4-BDB7-2378264A956C}.Release|iPhoneSimulator.Build.0 = Release|iPhoneSimulator
		{B1230C22-8F15-45A4-BDB7-2378264A956C}.Release|x64.ActiveCfg = Release|iPhoneSimulator
		{B1230C22-8F15-45A4-BDB7-2378264A956C}.Release|x64.Build.0 = Release|iPhoneSimulator
		{B1230C22-8F15-45A4-BDB7-2378264A956C}.Release|x86.ActiveCfg = Release|iPhoneSimulator
		{B1230C22-8F15-45A4-BDB7-2378264A956C}.Release|x86.Build.0 = Release|iPhoneSimulator
		{4F14E841-3A6D-4797-BC64-70EF972C3A9D}.Debug|Any CPU.ActiveCfg = Debug|Any CPU
		{4F14E841-3A6D-4797-BC64-70EF972C3A9D}.Debug|Any CPU.Build.0 = Debug|Any CPU
		{4F14E841-3A6D-4797-BC64-70EF972C3A9D}.Debug|ARM.ActiveCfg = Debug|Any CPU
		{4F14E841-3A6D-4797-BC64-70EF972C3A9D}.Debug|ARM.Build.0 = Debug|Any CPU
		{4F14E841-3A6D-4797-BC64-70EF972C3A9D}.Debug|iPhone.ActiveCfg = Debug|Any CPU
		{4F14E841-3A6D-4797-BC64-70EF972C3A9D}.Debug|iPhone.Build.0 = Debug|Any CPU
		{4F14E841-3A6D-4797-BC64-70EF972C3A9D}.Debug|iPhoneSimulator.ActiveCfg = Debug|Any CPU
		{4F14E841-3A6D-4797-BC64-70EF972C3A9D}.Debug|iPhoneSimulator.Build.0 = Debug|Any CPU
		{4F14E841-3A6D-4797-BC64-70EF972C3A9D}.Debug|x64.ActiveCfg = Debug|Any CPU
		{4F14E841-3A6D-4797-BC64-70EF972C3A9D}.Debug|x64.Build.0 = Debug|Any CPU
		{4F14E841-3A6D-4797-BC64-70EF972C3A9D}.Debug|x86.ActiveCfg = Debug|Any CPU
		{4F14E841-3A6D-4797-BC64-70EF972C3A9D}.Debug|x86.Build.0 = Debug|Any CPU
		{4F14E841-3A6D-4797-BC64-70EF972C3A9D}.Release|Any CPU.ActiveCfg = Release|Any CPU
		{4F14E841-3A6D-4797-BC64-70EF972C3A9D}.Release|Any CPU.Build.0 = Release|Any CPU
		{4F14E841-3A6D-4797-BC64-70EF972C3A9D}.Release|ARM.ActiveCfg = Release|Any CPU
		{4F14E841-3A6D-4797-BC64-70EF972C3A9D}.Release|ARM.Build.0 = Release|Any CPU
		{4F14E841-3A6D-4797-BC64-70EF972C3A9D}.Release|iPhone.ActiveCfg = Release|Any CPU
		{4F14E841-3A6D-4797-BC64-70EF972C3A9D}.Release|iPhone.Build.0 = Release|Any CPU
		{4F14E841-3A6D-4797-BC64-70EF972C3A9D}.Release|iPhoneSimulator.ActiveCfg = Release|Any CPU
		{4F14E841-3A6D-4797-BC64-70EF972C3A9D}.Release|iPhoneSimulator.Build.0 = Release|Any CPU
		{4F14E841-3A6D-4797-BC64-70EF972C3A9D}.Release|x64.ActiveCfg = Release|Any CPU
		{4F14E841-3A6D-4797-BC64-70EF972C3A9D}.Release|x64.Build.0 = Release|Any CPU
		{4F14E841-3A6D-4797-BC64-70EF972C3A9D}.Release|x86.ActiveCfg = Release|Any CPU
		{4F14E841-3A6D-4797-BC64-70EF972C3A9D}.Release|x86.Build.0 = Release|Any CPU
		{EF8C5316-492C-4766-A819-9884DC02CC87}.Debug|Any CPU.ActiveCfg = Debug|Any CPU
		{EF8C5316-492C-4766-A819-9884DC02CC87}.Debug|Any CPU.Build.0 = Debug|Any CPU
		{EF8C5316-492C-4766-A819-9884DC02CC87}.Debug|ARM.ActiveCfg = Debug|Any CPU
		{EF8C5316-492C-4766-A819-9884DC02CC87}.Debug|ARM.Build.0 = Debug|Any CPU
		{EF8C5316-492C-4766-A819-9884DC02CC87}.Debug|iPhone.ActiveCfg = Debug|Any CPU
		{EF8C5316-492C-4766-A819-9884DC02CC87}.Debug|iPhone.Build.0 = Debug|Any CPU
		{EF8C5316-492C-4766-A819-9884DC02CC87}.Debug|iPhoneSimulator.ActiveCfg = Debug|Any CPU
		{EF8C5316-492C-4766-A819-9884DC02CC87}.Debug|iPhoneSimulator.Build.0 = Debug|Any CPU
		{EF8C5316-492C-4766-A819-9884DC02CC87}.Debug|x64.ActiveCfg = Debug|Any CPU
		{EF8C5316-492C-4766-A819-9884DC02CC87}.Debug|x64.Build.0 = Debug|Any CPU
		{EF8C5316-492C-4766-A819-9884DC02CC87}.Debug|x86.ActiveCfg = Debug|Any CPU
		{EF8C5316-492C-4766-A819-9884DC02CC87}.Debug|x86.Build.0 = Debug|Any CPU
		{EF8C5316-492C-4766-A819-9884DC02CC87}.Release|Any CPU.ActiveCfg = Release|Any CPU
		{EF8C5316-492C-4766-A819-9884DC02CC87}.Release|Any CPU.Build.0 = Release|Any CPU
		{EF8C5316-492C-4766-A819-9884DC02CC87}.Release|ARM.ActiveCfg = Release|Any CPU
		{EF8C5316-492C-4766-A819-9884DC02CC87}.Release|ARM.Build.0 = Release|Any CPU
		{EF8C5316-492C-4766-A819-9884DC02CC87}.Release|iPhone.ActiveCfg = Release|Any CPU
		{EF8C5316-492C-4766-A819-9884DC02CC87}.Release|iPhone.Build.0 = Release|Any CPU
		{EF8C5316-492C-4766-A819-9884DC02CC87}.Release|iPhoneSimulator.ActiveCfg = Release|Any CPU
		{EF8C5316-492C-4766-A819-9884DC02CC87}.Release|iPhoneSimulator.Build.0 = Release|Any CPU
		{EF8C5316-492C-4766-A819-9884DC02CC87}.Release|x64.ActiveCfg = Release|Any CPU
		{EF8C5316-492C-4766-A819-9884DC02CC87}.Release|x64.Build.0 = Release|Any CPU
		{EF8C5316-492C-4766-A819-9884DC02CC87}.Release|x86.ActiveCfg = Release|Any CPU
		{EF8C5316-492C-4766-A819-9884DC02CC87}.Release|x86.Build.0 = Release|Any CPU
		{75D770D3-3D3B-4189-ABC0-5056F6B8CAE3}.Debug|Any CPU.ActiveCfg = Debug|Any CPU
		{75D770D3-3D3B-4189-ABC0-5056F6B8CAE3}.Debug|Any CPU.Build.0 = Debug|Any CPU
		{75D770D3-3D3B-4189-ABC0-5056F6B8CAE3}.Debug|ARM.ActiveCfg = Debug|Any CPU
		{75D770D3-3D3B-4189-ABC0-5056F6B8CAE3}.Debug|ARM.Build.0 = Debug|Any CPU
		{75D770D3-3D3B-4189-ABC0-5056F6B8CAE3}.Debug|iPhone.ActiveCfg = Debug|Any CPU
		{75D770D3-3D3B-4189-ABC0-5056F6B8CAE3}.Debug|iPhone.Build.0 = Debug|Any CPU
		{75D770D3-3D3B-4189-ABC0-5056F6B8CAE3}.Debug|iPhoneSimulator.ActiveCfg = Debug|Any CPU
		{75D770D3-3D3B-4189-ABC0-5056F6B8CAE3}.Debug|iPhoneSimulator.Build.0 = Debug|Any CPU
		{75D770D3-3D3B-4189-ABC0-5056F6B8CAE3}.Debug|x64.ActiveCfg = Debug|Any CPU
		{75D770D3-3D3B-4189-ABC0-5056F6B8CAE3}.Debug|x64.Build.0 = Debug|Any CPU
		{75D770D3-3D3B-4189-ABC0-5056F6B8CAE3}.Debug|x86.ActiveCfg = Debug|Any CPU
		{75D770D3-3D3B-4189-ABC0-5056F6B8CAE3}.Debug|x86.Build.0 = Debug|Any CPU
		{75D770D3-3D3B-4189-ABC0-5056F6B8CAE3}.Release|Any CPU.ActiveCfg = Release|Any CPU
		{75D770D3-3D3B-4189-ABC0-5056F6B8CAE3}.Release|Any CPU.Build.0 = Release|Any CPU
		{75D770D3-3D3B-4189-ABC0-5056F6B8CAE3}.Release|ARM.ActiveCfg = Release|Any CPU
		{75D770D3-3D3B-4189-ABC0-5056F6B8CAE3}.Release|ARM.Build.0 = Release|Any CPU
		{75D770D3-3D3B-4189-ABC0-5056F6B8CAE3}.Release|iPhone.ActiveCfg = Release|Any CPU
		{75D770D3-3D3B-4189-ABC0-5056F6B8CAE3}.Release|iPhone.Build.0 = Release|Any CPU
		{75D770D3-3D3B-4189-ABC0-5056F6B8CAE3}.Release|iPhoneSimulator.ActiveCfg = Release|Any CPU
		{75D770D3-3D3B-4189-ABC0-5056F6B8CAE3}.Release|iPhoneSimulator.Build.0 = Release|Any CPU
		{75D770D3-3D3B-4189-ABC0-5056F6B8CAE3}.Release|x64.ActiveCfg = Release|Any CPU
		{75D770D3-3D3B-4189-ABC0-5056F6B8CAE3}.Release|x64.Build.0 = Release|Any CPU
		{75D770D3-3D3B-4189-ABC0-5056F6B8CAE3}.Release|x86.ActiveCfg = Release|Any CPU
		{75D770D3-3D3B-4189-ABC0-5056F6B8CAE3}.Release|x86.Build.0 = Release|Any CPU
	EndGlobalSection
	GlobalSection(SolutionProperties) = preSolution
		HideSolutionNode = FALSE
	EndGlobalSection
	GlobalSection(NestedProjects) = preSolution
		{4F14E841-3A6D-4797-BC64-70EF972C3A9D} = {185511FE-BD00-42C2-BA15-1218A6CA52FE}
		{EF8C5316-492C-4766-A819-9884DC02CC87} = {3CC3E606-E6A4-4715-9AEB-29D8ED05EBFD}
		{75D770D3-3D3B-4189-ABC0-5056F6B8CAE3} = {3CC3E606-E6A4-4715-9AEB-29D8ED05EBFD}
	EndGlobalSection
	GlobalSection(ExtensibilityGlobals) = postSolution
		SolutionGuid = {51CFC8E6-0CB4-47C7-8D3E-B7D17B7463F6}
	EndGlobalSection
EndGlobal
