
Microsoft Visual Studio Solution File, Format Version 12.00
# Visual Studio Version 17
VisualStudioVersion = 17.0.32112.339
MinimumVisualStudioVersion = 15.0.26124.0
Project("{2150E333-8FDC-42A3-9474-1A3956D46DE8}") = "Services", "Services", "{574CE1BF-397E-4262-82AD-94FB1CE98DA2}"
EndProject
Project("{9A19103F-16F7-4668-BE54-9A1E7A4F7556}") = "O2NextGen.CertificateManagement.Api", "Services\c-gen\O2NextGen.CertificateManagement.Api\O2NextGen.CertificateManagement.Api.csproj", "{A31DB3FB-ACFC-407D-BAEB-A8CE7B02ACD5}"
EndProject
Project("{9A19103F-16F7-4668-BE54-9A1E7A4F7556}") = "O2NextGen.Auth.Web", "Services\auth\O2NextGen.Auth.Web\O2NextGen.Auth.Web.csproj", "{D3CB3202-5150-421A-8080-1C6C3AEE7AF8}"
EndProject
Project("{9A19103F-16F7-4668-BE54-9A1E7A4F7556}") = "O2NextGen.ESender.Api", "Services\e-sender\O2NextGen.ESender.Api\O2NextGen.ESender.Api.csproj", "{4364879E-A340-4E42-9A99-E300B17E642A}"
EndProject
Project("{2150E333-8FDC-42A3-9474-1A3956D46DE8}") = "c-gen", "c-gen", "{D54E3377-9B9C-479F-AC91-950C467643C5}"
EndProject
Project("{9A19103F-16F7-4668-BE54-9A1E7A4F7556}") = "O2NextGen.CertificateManagement.Business", "Services\c-gen\O2NextGen.CertificateManagement.Business\O2NextGen.CertificateManagement.Business.csproj", "{61756592-A16C-493F-908D-2F36F8259735}"
EndProject
Project("{9A19103F-16F7-4668-BE54-9A1E7A4F7556}") = "O2NextGen.CertificateManagement.Data", "Services\c-gen\O2NextGen.CertificateManagement.Data\O2NextGen.CertificateManagement.Data.csproj", "{47342164-51DC-4498-AD4C-97702E968FBE}"
EndProject
Project("{9A19103F-16F7-4668-BE54-9A1E7A4F7556}") = "O2NextGen.CertificateManagement.Impl", "Services\c-gen\O2NextGen.CertificateManagement.Impl\O2NextGen.CertificateManagement.Impl.csproj", "{A7B2F28E-3B2D-4CCB-9F69-04B8CE7F855C}"
EndProject
Project("{2150E333-8FDC-42A3-9474-1A3956D46DE8}") = "auth", "auth", "{34A59C35-BF40-43E3-8FA6-6A20B49300E9}"
EndProject
Project("{2150E333-8FDC-42A3-9474-1A3956D46DE8}") = "e-sender", "e-sender", "{D1FCDD69-6150-400D-B2AE-C4FE3FD1E1C5}"
EndProject
Project("{9A19103F-16F7-4668-BE54-9A1E7A4F7556}") = "O2NextGen.ESender.Business", "Services\e-sender\O2NextGen.ESender.Business\O2NextGen.ESender.Business.csproj", "{3577343F-C561-4031-8AE5-4A792ECE399D}"
EndProject
Project("{9A19103F-16F7-4668-BE54-9A1E7A4F7556}") = "O2NextGen.ESender.Data", "Services\e-sender\O2NextGen.ESender.Data\O2NextGen.ESender.Data.csproj", "{ED022699-A7C1-4A89-8DD6-3C20427440C1}"
EndProject
Project("{9A19103F-16F7-4668-BE54-9A1E7A4F7556}") = "O2NextGen.ESender.Impl", "Services\e-sender\O2NextGen.ESender.Impl\O2NextGen.ESender.Impl.csproj", "{222158C9-EE7E-412B-9105-F570FA29BAAF}"
EndProject
Project("{2150E333-8FDC-42A3-9474-1A3956D46DE8}") = "on-tracker", "on-tracker", "{E88D3DAC-13D1-4711-9ADD-BE97A3A57212}"
EndProject
Project("{9A19103F-16F7-4668-BE54-9A1E7A4F7556}") = "O2.OnTracker.Api", "Services\on-tracker\O2.OnTracker.Api\O2.OnTracker.Api.csproj", "{230C6816-A862-450D-8B9C-736CA2D21F93}"
EndProject
Project("{2150E333-8FDC-42A3-9474-1A3956D46DE8}") = "smalltalk", "smalltalk", "{0DB9F20A-FD40-4110-807E-AAEFEFCCD574}"
EndProject
Project("{9A19103F-16F7-4668-BE54-9A1E7A4F7556}") = "O2NextGen.SmallTalk.Api", "Services\smalltalk\O2NextGen.SmallTalk.Api\O2NextGen.SmallTalk.Api.csproj", "{87A8C3EB-C675-4EA8-97F9-98BDF13E23D6}"
EndProject
Project("{9A19103F-16F7-4668-BE54-9A1E7A4F7556}") = "O2NextGen.SmallTalk.Business", "Services\smalltalk\O2NextGen.SmallTalk.Business\O2NextGen.SmallTalk.Business.csproj", "{31515AC2-E286-49D7-A35C-5F34BB297EB7}"
EndProject
Project("{9A19103F-16F7-4668-BE54-9A1E7A4F7556}") = "O2NextGen.SmallTalk.Data", "Services\smalltalk\O2NextGen.SmallTalk.Data\O2NextGen.SmallTalk.Data.csproj", "{1F48ABFB-4C4A-4E0C-A155-3DBAC0676C95}"
EndProject
Project("{9A19103F-16F7-4668-BE54-9A1E7A4F7556}") = "O2NextGen.SmallTalk.Impl", "Services\smalltalk\O2NextGen.SmallTalk.Impl\O2NextGen.SmallTalk.Impl.csproj", "{20D19B8A-3C6E-49B4-BBC9-51EA63B86147}"
EndProject
Project("{9A19103F-16F7-4668-BE54-9A1E7A4F7556}") = "O2.Tracker.DbUtility", "Services\on-tracker\O2.Tracker.DbUtility\O2.Tracker.DbUtility.csproj", "{ECC10F39-5198-481C-91D9-40C09A0E323F}"
EndProject
Project("{E53339B2-1760-4266-BCC7-CA923CBCF16C}") = "docker-compose", "docker-compose.dcproj", "{5815FA40-82B7-400D-8FB0-667EED9DC622}"
EndProject
Project("{2150E333-8FDC-42A3-9474-1A3956D46DE8}") = "Sdks", "Sdks", "{033E8CA1-0464-45EB-B207-29EAB055FD9E}"
EndProject
Project("{9A19103F-16F7-4668-BE54-9A1E7A4F7556}") = "O2NG.Sdk.NetCore.Models", "SDKs\O2NG.Sdk.NetCore\O2NG.Sdk.NetCore.Models\O2NG.Sdk.NetCore.Models.csproj", "{929F4E69-ED22-4ED4-B502-5DA85C2CC3FE}"
EndProject
Global
	GlobalSection(SolutionConfigurationPlatforms) = preSolution
		Debug|Any CPU = Debug|Any CPU
		Debug|x64 = Debug|x64
		Debug|x86 = Debug|x86
		Release|Any CPU = Release|Any CPU
		Release|x64 = Release|x64
		Release|x86 = Release|x86
	EndGlobalSection
	GlobalSection(ProjectConfigurationPlatforms) = postSolution
		{A31DB3FB-ACFC-407D-BAEB-A8CE7B02ACD5}.Debug|Any CPU.ActiveCfg = Debug|Any CPU
		{A31DB3FB-ACFC-407D-BAEB-A8CE7B02ACD5}.Debug|Any CPU.Build.0 = Debug|Any CPU
		{A31DB3FB-ACFC-407D-BAEB-A8CE7B02ACD5}.Debug|x64.ActiveCfg = Debug|Any CPU
		{A31DB3FB-ACFC-407D-BAEB-A8CE7B02ACD5}.Debug|x64.Build.0 = Debug|Any CPU
		{A31DB3FB-ACFC-407D-BAEB-A8CE7B02ACD5}.Debug|x86.ActiveCfg = Debug|Any CPU
		{A31DB3FB-ACFC-407D-BAEB-A8CE7B02ACD5}.Debug|x86.Build.0 = Debug|Any CPU
		{A31DB3FB-ACFC-407D-BAEB-A8CE7B02ACD5}.Release|Any CPU.ActiveCfg = Release|Any CPU
		{A31DB3FB-ACFC-407D-BAEB-A8CE7B02ACD5}.Release|Any CPU.Build.0 = Release|Any CPU
		{A31DB3FB-ACFC-407D-BAEB-A8CE7B02ACD5}.Release|x64.ActiveCfg = Release|Any CPU
		{A31DB3FB-ACFC-407D-BAEB-A8CE7B02ACD5}.Release|x64.Build.0 = Release|Any CPU
		{A31DB3FB-ACFC-407D-BAEB-A8CE7B02ACD5}.Release|x86.ActiveCfg = Release|Any CPU
		{A31DB3FB-ACFC-407D-BAEB-A8CE7B02ACD5}.Release|x86.Build.0 = Release|Any CPU
		{D3CB3202-5150-421A-8080-1C6C3AEE7AF8}.Debug|Any CPU.ActiveCfg = Debug|Any CPU
		{D3CB3202-5150-421A-8080-1C6C3AEE7AF8}.Debug|Any CPU.Build.0 = Debug|Any CPU
		{D3CB3202-5150-421A-8080-1C6C3AEE7AF8}.Debug|x64.ActiveCfg = Debug|Any CPU
		{D3CB3202-5150-421A-8080-1C6C3AEE7AF8}.Debug|x64.Build.0 = Debug|Any CPU
		{D3CB3202-5150-421A-8080-1C6C3AEE7AF8}.Debug|x86.ActiveCfg = Debug|Any CPU
		{D3CB3202-5150-421A-8080-1C6C3AEE7AF8}.Debug|x86.Build.0 = Debug|Any CPU
		{D3CB3202-5150-421A-8080-1C6C3AEE7AF8}.Release|Any CPU.ActiveCfg = Release|Any CPU
		{D3CB3202-5150-421A-8080-1C6C3AEE7AF8}.Release|Any CPU.Build.0 = Release|Any CPU
		{D3CB3202-5150-421A-8080-1C6C3AEE7AF8}.Release|x64.ActiveCfg = Release|Any CPU
		{D3CB3202-5150-421A-8080-1C6C3AEE7AF8}.Release|x64.Build.0 = Release|Any CPU
		{D3CB3202-5150-421A-8080-1C6C3AEE7AF8}.Release|x86.ActiveCfg = Release|Any CPU
		{D3CB3202-5150-421A-8080-1C6C3AEE7AF8}.Release|x86.Build.0 = Release|Any CPU
		{4364879E-A340-4E42-9A99-E300B17E642A}.Debug|Any CPU.ActiveCfg = Debug|Any CPU
		{4364879E-A340-4E42-9A99-E300B17E642A}.Debug|Any CPU.Build.0 = Debug|Any CPU
		{4364879E-A340-4E42-9A99-E300B17E642A}.Debug|x64.ActiveCfg = Debug|Any CPU
		{4364879E-A340-4E42-9A99-E300B17E642A}.Debug|x64.Build.0 = Debug|Any CPU
		{4364879E-A340-4E42-9A99-E300B17E642A}.Debug|x86.ActiveCfg = Debug|Any CPU
		{4364879E-A340-4E42-9A99-E300B17E642A}.Debug|x86.Build.0 = Debug|Any CPU
		{4364879E-A340-4E42-9A99-E300B17E642A}.Release|Any CPU.ActiveCfg = Release|Any CPU
		{4364879E-A340-4E42-9A99-E300B17E642A}.Release|Any CPU.Build.0 = Release|Any CPU
		{4364879E-A340-4E42-9A99-E300B17E642A}.Release|x64.ActiveCfg = Release|Any CPU
		{4364879E-A340-4E42-9A99-E300B17E642A}.Release|x64.Build.0 = Release|Any CPU
		{4364879E-A340-4E42-9A99-E300B17E642A}.Release|x86.ActiveCfg = Release|Any CPU
		{4364879E-A340-4E42-9A99-E300B17E642A}.Release|x86.Build.0 = Release|Any CPU
		{61756592-A16C-493F-908D-2F36F8259735}.Debug|Any CPU.ActiveCfg = Debug|Any CPU
		{61756592-A16C-493F-908D-2F36F8259735}.Debug|Any CPU.Build.0 = Debug|Any CPU
		{61756592-A16C-493F-908D-2F36F8259735}.Debug|x64.ActiveCfg = Debug|Any CPU
		{61756592-A16C-493F-908D-2F36F8259735}.Debug|x64.Build.0 = Debug|Any CPU
		{61756592-A16C-493F-908D-2F36F8259735}.Debug|x86.ActiveCfg = Debug|Any CPU
		{61756592-A16C-493F-908D-2F36F8259735}.Debug|x86.Build.0 = Debug|Any CPU
		{61756592-A16C-493F-908D-2F36F8259735}.Release|Any CPU.ActiveCfg = Release|Any CPU
		{61756592-A16C-493F-908D-2F36F8259735}.Release|Any CPU.Build.0 = Release|Any CPU
		{61756592-A16C-493F-908D-2F36F8259735}.Release|x64.ActiveCfg = Release|Any CPU
		{61756592-A16C-493F-908D-2F36F8259735}.Release|x64.Build.0 = Release|Any CPU
		{61756592-A16C-493F-908D-2F36F8259735}.Release|x86.ActiveCfg = Release|Any CPU
		{61756592-A16C-493F-908D-2F36F8259735}.Release|x86.Build.0 = Release|Any CPU
		{47342164-51DC-4498-AD4C-97702E968FBE}.Debug|Any CPU.ActiveCfg = Debug|Any CPU
		{47342164-51DC-4498-AD4C-97702E968FBE}.Debug|Any CPU.Build.0 = Debug|Any CPU
		{47342164-51DC-4498-AD4C-97702E968FBE}.Debug|x64.ActiveCfg = Debug|Any CPU
		{47342164-51DC-4498-AD4C-97702E968FBE}.Debug|x64.Build.0 = Debug|Any CPU
		{47342164-51DC-4498-AD4C-97702E968FBE}.Debug|x86.ActiveCfg = Debug|Any CPU
		{47342164-51DC-4498-AD4C-97702E968FBE}.Debug|x86.Build.0 = Debug|Any CPU
		{47342164-51DC-4498-AD4C-97702E968FBE}.Release|Any CPU.ActiveCfg = Release|Any CPU
		{47342164-51DC-4498-AD4C-97702E968FBE}.Release|Any CPU.Build.0 = Release|Any CPU
		{47342164-51DC-4498-AD4C-97702E968FBE}.Release|x64.ActiveCfg = Release|Any CPU
		{47342164-51DC-4498-AD4C-97702E968FBE}.Release|x64.Build.0 = Release|Any CPU
		{47342164-51DC-4498-AD4C-97702E968FBE}.Release|x86.ActiveCfg = Release|Any CPU
		{47342164-51DC-4498-AD4C-97702E968FBE}.Release|x86.Build.0 = Release|Any CPU
		{A7B2F28E-3B2D-4CCB-9F69-04B8CE7F855C}.Debug|Any CPU.ActiveCfg = Debug|Any CPU
		{A7B2F28E-3B2D-4CCB-9F69-04B8CE7F855C}.Debug|Any CPU.Build.0 = Debug|Any CPU
		{A7B2F28E-3B2D-4CCB-9F69-04B8CE7F855C}.Debug|x64.ActiveCfg = Debug|Any CPU
		{A7B2F28E-3B2D-4CCB-9F69-04B8CE7F855C}.Debug|x64.Build.0 = Debug|Any CPU
		{A7B2F28E-3B2D-4CCB-9F69-04B8CE7F855C}.Debug|x86.ActiveCfg = Debug|Any CPU
		{A7B2F28E-3B2D-4CCB-9F69-04B8CE7F855C}.Debug|x86.Build.0 = Debug|Any CPU
		{A7B2F28E-3B2D-4CCB-9F69-04B8CE7F855C}.Release|Any CPU.ActiveCfg = Release|Any CPU
		{A7B2F28E-3B2D-4CCB-9F69-04B8CE7F855C}.Release|Any CPU.Build.0 = Release|Any CPU
		{A7B2F28E-3B2D-4CCB-9F69-04B8CE7F855C}.Release|x64.ActiveCfg = Release|Any CPU
		{A7B2F28E-3B2D-4CCB-9F69-04B8CE7F855C}.Release|x64.Build.0 = Release|Any CPU
		{A7B2F28E-3B2D-4CCB-9F69-04B8CE7F855C}.Release|x86.ActiveCfg = Release|Any CPU
		{A7B2F28E-3B2D-4CCB-9F69-04B8CE7F855C}.Release|x86.Build.0 = Release|Any CPU
		{3577343F-C561-4031-8AE5-4A792ECE399D}.Debug|Any CPU.ActiveCfg = Debug|Any CPU
		{3577343F-C561-4031-8AE5-4A792ECE399D}.Debug|Any CPU.Build.0 = Debug|Any CPU
		{3577343F-C561-4031-8AE5-4A792ECE399D}.Debug|x64.ActiveCfg = Debug|Any CPU
		{3577343F-C561-4031-8AE5-4A792ECE399D}.Debug|x64.Build.0 = Debug|Any CPU
		{3577343F-C561-4031-8AE5-4A792ECE399D}.Debug|x86.ActiveCfg = Debug|Any CPU
		{3577343F-C561-4031-8AE5-4A792ECE399D}.Debug|x86.Build.0 = Debug|Any CPU
		{3577343F-C561-4031-8AE5-4A792ECE399D}.Release|Any CPU.ActiveCfg = Release|Any CPU
		{3577343F-C561-4031-8AE5-4A792ECE399D}.Release|Any CPU.Build.0 = Release|Any CPU
		{3577343F-C561-4031-8AE5-4A792ECE399D}.Release|x64.ActiveCfg = Release|Any CPU
		{3577343F-C561-4031-8AE5-4A792ECE399D}.Release|x64.Build.0 = Release|Any CPU
		{3577343F-C561-4031-8AE5-4A792ECE399D}.Release|x86.ActiveCfg = Release|Any CPU
		{3577343F-C561-4031-8AE5-4A792ECE399D}.Release|x86.Build.0 = Release|Any CPU
		{ED022699-A7C1-4A89-8DD6-3C20427440C1}.Debug|Any CPU.ActiveCfg = Debug|Any CPU
		{ED022699-A7C1-4A89-8DD6-3C20427440C1}.Debug|Any CPU.Build.0 = Debug|Any CPU
		{ED022699-A7C1-4A89-8DD6-3C20427440C1}.Debug|x64.ActiveCfg = Debug|Any CPU
		{ED022699-A7C1-4A89-8DD6-3C20427440C1}.Debug|x64.Build.0 = Debug|Any CPU
		{ED022699-A7C1-4A89-8DD6-3C20427440C1}.Debug|x86.ActiveCfg = Debug|Any CPU
		{ED022699-A7C1-4A89-8DD6-3C20427440C1}.Debug|x86.Build.0 = Debug|Any CPU
		{ED022699-A7C1-4A89-8DD6-3C20427440C1}.Release|Any CPU.ActiveCfg = Release|Any CPU
		{ED022699-A7C1-4A89-8DD6-3C20427440C1}.Release|Any CPU.Build.0 = Release|Any CPU
		{ED022699-A7C1-4A89-8DD6-3C20427440C1}.Release|x64.ActiveCfg = Release|Any CPU
		{ED022699-A7C1-4A89-8DD6-3C20427440C1}.Release|x64.Build.0 = Release|Any CPU
		{ED022699-A7C1-4A89-8DD6-3C20427440C1}.Release|x86.ActiveCfg = Release|Any CPU
		{ED022699-A7C1-4A89-8DD6-3C20427440C1}.Release|x86.Build.0 = Release|Any CPU
		{222158C9-EE7E-412B-9105-F570FA29BAAF}.Debug|Any CPU.ActiveCfg = Debug|Any CPU
		{222158C9-EE7E-412B-9105-F570FA29BAAF}.Debug|Any CPU.Build.0 = Debug|Any CPU
		{222158C9-EE7E-412B-9105-F570FA29BAAF}.Debug|x64.ActiveCfg = Debug|Any CPU
		{222158C9-EE7E-412B-9105-F570FA29BAAF}.Debug|x64.Build.0 = Debug|Any CPU
		{222158C9-EE7E-412B-9105-F570FA29BAAF}.Debug|x86.ActiveCfg = Debug|Any CPU
		{222158C9-EE7E-412B-9105-F570FA29BAAF}.Debug|x86.Build.0 = Debug|Any CPU
		{222158C9-EE7E-412B-9105-F570FA29BAAF}.Release|Any CPU.ActiveCfg = Release|Any CPU
		{222158C9-EE7E-412B-9105-F570FA29BAAF}.Release|Any CPU.Build.0 = Release|Any CPU
		{222158C9-EE7E-412B-9105-F570FA29BAAF}.Release|x64.ActiveCfg = Release|Any CPU
		{222158C9-EE7E-412B-9105-F570FA29BAAF}.Release|x64.Build.0 = Release|Any CPU
		{222158C9-EE7E-412B-9105-F570FA29BAAF}.Release|x86.ActiveCfg = Release|Any CPU
		{222158C9-EE7E-412B-9105-F570FA29BAAF}.Release|x86.Build.0 = Release|Any CPU
		{230C6816-A862-450D-8B9C-736CA2D21F93}.Debug|Any CPU.ActiveCfg = Debug|Any CPU
		{230C6816-A862-450D-8B9C-736CA2D21F93}.Debug|Any CPU.Build.0 = Debug|Any CPU
		{230C6816-A862-450D-8B9C-736CA2D21F93}.Debug|x64.ActiveCfg = Debug|Any CPU
		{230C6816-A862-450D-8B9C-736CA2D21F93}.Debug|x64.Build.0 = Debug|Any CPU
		{230C6816-A862-450D-8B9C-736CA2D21F93}.Debug|x86.ActiveCfg = Debug|Any CPU
		{230C6816-A862-450D-8B9C-736CA2D21F93}.Debug|x86.Build.0 = Debug|Any CPU
		{230C6816-A862-450D-8B9C-736CA2D21F93}.Release|Any CPU.ActiveCfg = Release|Any CPU
		{230C6816-A862-450D-8B9C-736CA2D21F93}.Release|Any CPU.Build.0 = Release|Any CPU
		{230C6816-A862-450D-8B9C-736CA2D21F93}.Release|x64.ActiveCfg = Release|Any CPU
		{230C6816-A862-450D-8B9C-736CA2D21F93}.Release|x64.Build.0 = Release|Any CPU
		{230C6816-A862-450D-8B9C-736CA2D21F93}.Release|x86.ActiveCfg = Release|Any CPU
		{230C6816-A862-450D-8B9C-736CA2D21F93}.Release|x86.Build.0 = Release|Any CPU
		{87A8C3EB-C675-4EA8-97F9-98BDF13E23D6}.Debug|Any CPU.ActiveCfg = Debug|Any CPU
		{87A8C3EB-C675-4EA8-97F9-98BDF13E23D6}.Debug|Any CPU.Build.0 = Debug|Any CPU
		{87A8C3EB-C675-4EA8-97F9-98BDF13E23D6}.Debug|x64.ActiveCfg = Debug|Any CPU
		{87A8C3EB-C675-4EA8-97F9-98BDF13E23D6}.Debug|x64.Build.0 = Debug|Any CPU
		{87A8C3EB-C675-4EA8-97F9-98BDF13E23D6}.Debug|x86.ActiveCfg = Debug|Any CPU
		{87A8C3EB-C675-4EA8-97F9-98BDF13E23D6}.Debug|x86.Build.0 = Debug|Any CPU
		{87A8C3EB-C675-4EA8-97F9-98BDF13E23D6}.Release|Any CPU.ActiveCfg = Release|Any CPU
		{87A8C3EB-C675-4EA8-97F9-98BDF13E23D6}.Release|Any CPU.Build.0 = Release|Any CPU
		{87A8C3EB-C675-4EA8-97F9-98BDF13E23D6}.Release|x64.ActiveCfg = Release|Any CPU
		{87A8C3EB-C675-4EA8-97F9-98BDF13E23D6}.Release|x64.Build.0 = Release|Any CPU
		{87A8C3EB-C675-4EA8-97F9-98BDF13E23D6}.Release|x86.ActiveCfg = Release|Any CPU
		{87A8C3EB-C675-4EA8-97F9-98BDF13E23D6}.Release|x86.Build.0 = Release|Any CPU
		{31515AC2-E286-49D7-A35C-5F34BB297EB7}.Debug|Any CPU.ActiveCfg = Debug|Any CPU
		{31515AC2-E286-49D7-A35C-5F34BB297EB7}.Debug|Any CPU.Build.0 = Debug|Any CPU
		{31515AC2-E286-49D7-A35C-5F34BB297EB7}.Debug|x64.ActiveCfg = Debug|Any CPU
		{31515AC2-E286-49D7-A35C-5F34BB297EB7}.Debug|x64.Build.0 = Debug|Any CPU
		{31515AC2-E286-49D7-A35C-5F34BB297EB7}.Debug|x86.ActiveCfg = Debug|Any CPU
		{31515AC2-E286-49D7-A35C-5F34BB297EB7}.Debug|x86.Build.0 = Debug|Any CPU
		{31515AC2-E286-49D7-A35C-5F34BB297EB7}.Release|Any CPU.ActiveCfg = Release|Any CPU
		{31515AC2-E286-49D7-A35C-5F34BB297EB7}.Release|Any CPU.Build.0 = Release|Any CPU
		{31515AC2-E286-49D7-A35C-5F34BB297EB7}.Release|x64.ActiveCfg = Release|Any CPU
		{31515AC2-E286-49D7-A35C-5F34BB297EB7}.Release|x64.Build.0 = Release|Any CPU
		{31515AC2-E286-49D7-A35C-5F34BB297EB7}.Release|x86.ActiveCfg = Release|Any CPU
		{31515AC2-E286-49D7-A35C-5F34BB297EB7}.Release|x86.Build.0 = Release|Any CPU
		{1F48ABFB-4C4A-4E0C-A155-3DBAC0676C95}.Debug|Any CPU.ActiveCfg = Debug|Any CPU
		{1F48ABFB-4C4A-4E0C-A155-3DBAC0676C95}.Debug|Any CPU.Build.0 = Debug|Any CPU
		{1F48ABFB-4C4A-4E0C-A155-3DBAC0676C95}.Debug|x64.ActiveCfg = Debug|Any CPU
		{1F48ABFB-4C4A-4E0C-A155-3DBAC0676C95}.Debug|x64.Build.0 = Debug|Any CPU
		{1F48ABFB-4C4A-4E0C-A155-3DBAC0676C95}.Debug|x86.ActiveCfg = Debug|Any CPU
		{1F48ABFB-4C4A-4E0C-A155-3DBAC0676C95}.Debug|x86.Build.0 = Debug|Any CPU
		{1F48ABFB-4C4A-4E0C-A155-3DBAC0676C95}.Release|Any CPU.ActiveCfg = Release|Any CPU
		{1F48ABFB-4C4A-4E0C-A155-3DBAC0676C95}.Release|Any CPU.Build.0 = Release|Any CPU
		{1F48ABFB-4C4A-4E0C-A155-3DBAC0676C95}.Release|x64.ActiveCfg = Release|Any CPU
		{1F48ABFB-4C4A-4E0C-A155-3DBAC0676C95}.Release|x64.Build.0 = Release|Any CPU
		{1F48ABFB-4C4A-4E0C-A155-3DBAC0676C95}.Release|x86.ActiveCfg = Release|Any CPU
		{1F48ABFB-4C4A-4E0C-A155-3DBAC0676C95}.Release|x86.Build.0 = Release|Any CPU
		{20D19B8A-3C6E-49B4-BBC9-51EA63B86147}.Debug|Any CPU.ActiveCfg = Debug|Any CPU
		{20D19B8A-3C6E-49B4-BBC9-51EA63B86147}.Debug|Any CPU.Build.0 = Debug|Any CPU
		{20D19B8A-3C6E-49B4-BBC9-51EA63B86147}.Debug|x64.ActiveCfg = Debug|Any CPU
		{20D19B8A-3C6E-49B4-BBC9-51EA63B86147}.Debug|x64.Build.0 = Debug|Any CPU
		{20D19B8A-3C6E-49B4-BBC9-51EA63B86147}.Debug|x86.ActiveCfg = Debug|Any CPU
		{20D19B8A-3C6E-49B4-BBC9-51EA63B86147}.Debug|x86.Build.0 = Debug|Any CPU
		{20D19B8A-3C6E-49B4-BBC9-51EA63B86147}.Release|Any CPU.ActiveCfg = Release|Any CPU
		{20D19B8A-3C6E-49B4-BBC9-51EA63B86147}.Release|Any CPU.Build.0 = Release|Any CPU
		{20D19B8A-3C6E-49B4-BBC9-51EA63B86147}.Release|x64.ActiveCfg = Release|Any CPU
		{20D19B8A-3C6E-49B4-BBC9-51EA63B86147}.Release|x64.Build.0 = Release|Any CPU
		{20D19B8A-3C6E-49B4-BBC9-51EA63B86147}.Release|x86.ActiveCfg = Release|Any CPU
		{20D19B8A-3C6E-49B4-BBC9-51EA63B86147}.Release|x86.Build.0 = Release|Any CPU
		{ECC10F39-5198-481C-91D9-40C09A0E323F}.Debug|Any CPU.ActiveCfg = Debug|Any CPU
		{ECC10F39-5198-481C-91D9-40C09A0E323F}.Debug|Any CPU.Build.0 = Debug|Any CPU
		{ECC10F39-5198-481C-91D9-40C09A0E323F}.Debug|x64.ActiveCfg = Debug|Any CPU
		{ECC10F39-5198-481C-91D9-40C09A0E323F}.Debug|x64.Build.0 = Debug|Any CPU
		{ECC10F39-5198-481C-91D9-40C09A0E323F}.Debug|x86.ActiveCfg = Debug|Any CPU
		{ECC10F39-5198-481C-91D9-40C09A0E323F}.Debug|x86.Build.0 = Debug|Any CPU
		{ECC10F39-5198-481C-91D9-40C09A0E323F}.Release|Any CPU.ActiveCfg = Release|Any CPU
		{ECC10F39-5198-481C-91D9-40C09A0E323F}.Release|Any CPU.Build.0 = Release|Any CPU
		{ECC10F39-5198-481C-91D9-40C09A0E323F}.Release|x64.ActiveCfg = Release|Any CPU
		{ECC10F39-5198-481C-91D9-40C09A0E323F}.Release|x64.Build.0 = Release|Any CPU
		{ECC10F39-5198-481C-91D9-40C09A0E323F}.Release|x86.ActiveCfg = Release|Any CPU
		{ECC10F39-5198-481C-91D9-40C09A0E323F}.Release|x86.Build.0 = Release|Any CPU
		{5815FA40-82B7-400D-8FB0-667EED9DC622}.Debug|Any CPU.ActiveCfg = Debug|Any CPU
		{5815FA40-82B7-400D-8FB0-667EED9DC622}.Debug|Any CPU.Build.0 = Debug|Any CPU
		{5815FA40-82B7-400D-8FB0-667EED9DC622}.Debug|x64.ActiveCfg = Debug|Any CPU
		{5815FA40-82B7-400D-8FB0-667EED9DC622}.Debug|x64.Build.0 = Debug|Any CPU
		{5815FA40-82B7-400D-8FB0-667EED9DC622}.Debug|x86.ActiveCfg = Debug|Any CPU
		{5815FA40-82B7-400D-8FB0-667EED9DC622}.Debug|x86.Build.0 = Debug|Any CPU
		{5815FA40-82B7-400D-8FB0-667EED9DC622}.Release|Any CPU.ActiveCfg = Release|Any CPU
		{5815FA40-82B7-400D-8FB0-667EED9DC622}.Release|Any CPU.Build.0 = Release|Any CPU
		{5815FA40-82B7-400D-8FB0-667EED9DC622}.Release|x64.ActiveCfg = Release|Any CPU
		{5815FA40-82B7-400D-8FB0-667EED9DC622}.Release|x64.Build.0 = Release|Any CPU
		{5815FA40-82B7-400D-8FB0-667EED9DC622}.Release|x86.ActiveCfg = Release|Any CPU
		{5815FA40-82B7-400D-8FB0-667EED9DC622}.Release|x86.Build.0 = Release|Any CPU
		{929F4E69-ED22-4ED4-B502-5DA85C2CC3FE}.Debug|Any CPU.ActiveCfg = Debug|Any CPU
		{929F4E69-ED22-4ED4-B502-5DA85C2CC3FE}.Debug|Any CPU.Build.0 = Debug|Any CPU
		{929F4E69-ED22-4ED4-B502-5DA85C2CC3FE}.Debug|x64.ActiveCfg = Debug|Any CPU
		{929F4E69-ED22-4ED4-B502-5DA85C2CC3FE}.Debug|x64.Build.0 = Debug|Any CPU
		{929F4E69-ED22-4ED4-B502-5DA85C2CC3FE}.Debug|x86.ActiveCfg = Debug|Any CPU
		{929F4E69-ED22-4ED4-B502-5DA85C2CC3FE}.Debug|x86.Build.0 = Debug|Any CPU
		{929F4E69-ED22-4ED4-B502-5DA85C2CC3FE}.Release|Any CPU.ActiveCfg = Release|Any CPU
		{929F4E69-ED22-4ED4-B502-5DA85C2CC3FE}.Release|Any CPU.Build.0 = Release|Any CPU
		{929F4E69-ED22-4ED4-B502-5DA85C2CC3FE}.Release|x64.ActiveCfg = Release|Any CPU
		{929F4E69-ED22-4ED4-B502-5DA85C2CC3FE}.Release|x64.Build.0 = Release|Any CPU
		{929F4E69-ED22-4ED4-B502-5DA85C2CC3FE}.Release|x86.ActiveCfg = Release|Any CPU
		{929F4E69-ED22-4ED4-B502-5DA85C2CC3FE}.Release|x86.Build.0 = Release|Any CPU
	EndGlobalSection
	GlobalSection(SolutionProperties) = preSolution
		HideSolutionNode = FALSE
	EndGlobalSection
	GlobalSection(NestedProjects) = preSolution
		{A31DB3FB-ACFC-407D-BAEB-A8CE7B02ACD5} = {D54E3377-9B9C-479F-AC91-950C467643C5}
		{D3CB3202-5150-421A-8080-1C6C3AEE7AF8} = {34A59C35-BF40-43E3-8FA6-6A20B49300E9}
		{4364879E-A340-4E42-9A99-E300B17E642A} = {D1FCDD69-6150-400D-B2AE-C4FE3FD1E1C5}
		{D54E3377-9B9C-479F-AC91-950C467643C5} = {574CE1BF-397E-4262-82AD-94FB1CE98DA2}
		{61756592-A16C-493F-908D-2F36F8259735} = {D54E3377-9B9C-479F-AC91-950C467643C5}
		{47342164-51DC-4498-AD4C-97702E968FBE} = {D54E3377-9B9C-479F-AC91-950C467643C5}
		{A7B2F28E-3B2D-4CCB-9F69-04B8CE7F855C} = {D54E3377-9B9C-479F-AC91-950C467643C5}
		{34A59C35-BF40-43E3-8FA6-6A20B49300E9} = {574CE1BF-397E-4262-82AD-94FB1CE98DA2}
		{D1FCDD69-6150-400D-B2AE-C4FE3FD1E1C5} = {574CE1BF-397E-4262-82AD-94FB1CE98DA2}
		{3577343F-C561-4031-8AE5-4A792ECE399D} = {D1FCDD69-6150-400D-B2AE-C4FE3FD1E1C5}
		{ED022699-A7C1-4A89-8DD6-3C20427440C1} = {D1FCDD69-6150-400D-B2AE-C4FE3FD1E1C5}
		{222158C9-EE7E-412B-9105-F570FA29BAAF} = {D1FCDD69-6150-400D-B2AE-C4FE3FD1E1C5}
		{E88D3DAC-13D1-4711-9ADD-BE97A3A57212} = {574CE1BF-397E-4262-82AD-94FB1CE98DA2}
		{230C6816-A862-450D-8B9C-736CA2D21F93} = {E88D3DAC-13D1-4711-9ADD-BE97A3A57212}
		{0DB9F20A-FD40-4110-807E-AAEFEFCCD574} = {574CE1BF-397E-4262-82AD-94FB1CE98DA2}
		{87A8C3EB-C675-4EA8-97F9-98BDF13E23D6} = {0DB9F20A-FD40-4110-807E-AAEFEFCCD574}
		{31515AC2-E286-49D7-A35C-5F34BB297EB7} = {0DB9F20A-FD40-4110-807E-AAEFEFCCD574}
		{1F48ABFB-4C4A-4E0C-A155-3DBAC0676C95} = {0DB9F20A-FD40-4110-807E-AAEFEFCCD574}
		{20D19B8A-3C6E-49B4-BBC9-51EA63B86147} = {0DB9F20A-FD40-4110-807E-AAEFEFCCD574}
		{ECC10F39-5198-481C-91D9-40C09A0E323F} = {E88D3DAC-13D1-4711-9ADD-BE97A3A57212}
		{929F4E69-ED22-4ED4-B502-5DA85C2CC3FE} = {033E8CA1-0464-45EB-B207-29EAB055FD9E}
	EndGlobalSection
	GlobalSection(ExtensibilityGlobals) = postSolution
		SolutionGuid = {5C9AF9F4-BF0A-486D-9F2E-17FE2F53F7E9}
	EndGlobalSection
EndGlobal
