
Microsoft Visual Studio Solution File, Format Version 12.00
# Visual Studio Version 17
VisualStudioVersion = 17.0.32112.339
MinimumVisualStudioVersion = 15.0.26124.0
Project("{2150E333-8FDC-42A3-9474-1A3956D46DE8}") = "Services", "Services", "{574CE1BF-397E-4262-82AD-94FB1CE98DA2}"
EndProject
Project("{9A19103F-16F7-4668-BE54-9A1E7A4F7556}") = "O2NextGen.CertificateManagement.Api", "Services\c-gen\O2NextGen.CertificateManagement.Api\O2NextGen.CertificateManagement.Api.csproj", "{A31DB3FB-ACFC-407D-BAEB-A8CE7B02ACD5}"
EndProject
Project("{9A19103F-16F7-4668-BE54-9A1E7A4F7556}") = "O2NextGen.Auth.Web", "Services\auth\O2NextGen.Auth.Web\O2NextGen.Auth.Web.csproj", "{D3CB3202-5150-421A-8080-1C6C3AEE7AF8}"
EndProject
Project("{9A19103F-16F7-4668-BE54-9A1E7A4F7556}") = "O2NextGen.ESender.Api", "Services\e-sender\O2NextGen.ESender.Api\O2NextGen.ESender.Api.csproj", "{4364879E-A340-4E42-9A99-E300B17E642A}"
EndProject
Project("{2150E333-8FDC-42A3-9474-1A3956D46DE8}") = "c-gen", "c-gen", "{D54E3377-9B9C-479F-AC91-950C467643C5}"
EndProject
Project("{9A19103F-16F7-4668-BE54-9A1E7A4F7556}") = "O2NextGen.CertificateManagement.Business", "Services\c-gen\O2NextGen.CertificateManagement.Business\O2NextGen.CertificateManagement.Business.csproj", "{61756592-A16C-493F-908D-2F36F8259735}"
EndProject
Project("{9A19103F-16F7-4668-BE54-9A1E7A4F7556}") = "O2NextGen.CertificateManagement.Data", "Services\c-gen\O2NextGen.CertificateManagement.Data\O2NextGen.CertificateManagement.Data.csproj", "{47342164-51DC-4498-AD4C-97702E968FBE}"
EndProject
Project("{9A19103F-16F7-4668-BE54-9A1E7A4F7556}") = "O2NextGen.CertificateManagement.Impl", "Services\c-gen\O2NextGen.CertificateManagement.Impl\O2NextGen.CertificateManagement.Impl.csproj", "{A7B2F28E-3B2D-4CCB-9F69-04B8CE7F855C}"
EndProject
Project("{2150E333-8FDC-42A3-9474-1A3956D46DE8}") = "auth", "auth", "{34A59C35-BF40-43E3-8FA6-6A20B49300E9}"
EndProject
Project("{2150E333-8FDC-42A3-9474-1A3956D46DE8}") = "e-sender", "e-sender", "{D1FCDD69-6150-400D-B2AE-C4FE3FD1E1C5}"
EndProject
Project("{9A19103F-16F7-4668-BE54-9A1E7A4F7556}") = "O2NextGen.ESender.Business", "Services\e-sender\O2NextGen.ESender.Business\O2NextGen.ESender.Business.csproj", "{3577343F-C561-4031-8AE5-4A792ECE399D}"
EndProject
Project("{9A19103F-16F7-4668-BE54-9A1E7A4F7556}") = "O2NextGen.ESender.Data", "Services\e-sender\O2NextGen.ESender.Data\O2NextGen.ESender.Data.csproj", "{ED022699-A7C1-4A89-8DD6-3C20427440C1}"
EndProject
Project("{9A19103F-16F7-4668-BE54-9A1E7A4F7556}") = "O2NextGen.ESender.Impl", "Services\e-sender\O2NextGen.ESender.Impl\O2NextGen.ESender.Impl.csproj", "{222158C9-EE7E-412B-9105-F570FA29BAAF}"
EndProject
Project("{2150E333-8FDC-42A3-9474-1A3956D46DE8}") = "on-tracker", "on-tracker", "{E88D3DAC-13D1-4711-9ADD-BE97A3A57212}"
EndProject
Project("{9A19103F-16F7-4668-BE54-9A1E7A4F7556}") = "O2NextGen.OnTracker.Api", "Services\on-tracker\O2NextGen.OnTracker.Api\O2NextGen.OnTracker.Api.csproj", "{230C6816-A862-450D-8B9C-736CA2D21F93}"
EndProject
Project("{2150E333-8FDC-42A3-9474-1A3956D46DE8}") = "smalltalk", "smalltalk", "{0DB9F20A-FD40-4110-807E-AAEFEFCCD574}"
EndProject
Project("{9A19103F-16F7-4668-BE54-9A1E7A4F7556}") = "O2NextGen.SmallTalk.Api", "Services\smalltalk\O2NextGen.SmallTalk.Api\O2NextGen.SmallTalk.Api.csproj", "{87A8C3EB-C675-4EA8-97F9-98BDF13E23D6}"
EndProject
Project("{9A19103F-16F7-4668-BE54-9A1E7A4F7556}") = "O2NextGen.SmallTalk.Business", "Services\smalltalk\O2NextGen.SmallTalk.Business\O2NextGen.SmallTalk.Business.csproj", "{31515AC2-E286-49D7-A35C-5F34BB297EB7}"
EndProject
Project("{9A19103F-16F7-4668-BE54-9A1E7A4F7556}") = "O2NextGen.SmallTalk.Data", "Services\smalltalk\O2NextGen.SmallTalk.Data\O2NextGen.SmallTalk.Data.csproj", "{1F48ABFB-4C4A-4E0C-A155-3DBAC0676C95}"
EndProject
Project("{9A19103F-16F7-4668-BE54-9A1E7A4F7556}") = "O2NextGen.SmallTalk.Impl", "Services\smalltalk\O2NextGen.SmallTalk.Impl\O2NextGen.SmallTalk.Impl.csproj", "{20D19B8A-3C6E-49B4-BBC9-51EA63B86147}"
EndProject
Project("{9A19103F-16F7-4668-BE54-9A1E7A4F7556}") = "O2NextGen.Tracker.DbUtility", "Services\on-tracker\O2NextGen.Tracker.DbUtility\O2NextGen.Tracker.DbUtility.csproj", "{ECC10F39-5198-481C-91D9-40C09A0E323F}"
EndProject
Project("{E53339B2-1760-4266-BCC7-CA923CBCF16C}") = "docker-compose", "docker-compose.dcproj", "{5815FA40-82B7-400D-8FB0-667EED9DC622}"
EndProject
Project("{2150E333-8FDC-42A3-9474-1A3956D46DE8}") = "Sdks", "Sdks", "{033E8CA1-0464-45EB-B207-29EAB055FD9E}"
EndProject
Project("{9A19103F-16F7-4668-BE54-9A1E7A4F7556}") = "O2NG.Sdk.NetCore.Models", "SDKs\O2NG.Sdk.NetCore\O2NG.Sdk.NetCore.Models\O2NG.Sdk.NetCore.Models.csproj", "{929F4E69-ED22-4ED4-B502-5DA85C2CC3FE}"
EndProject
Project("{9A19103F-16F7-4668-BE54-9A1E7A4F7556}") = "O2NextGen.OnTracker.Business", "Services\on-tracker\O2NextGen.OnTracker.Business\O2NextGen.OnTracker.Business.csproj", "{D8F151B3-569D-4257-9DD2-2270FB1D347A}"
EndProject
Project("{9A19103F-16F7-4668-BE54-9A1E7A4F7556}") = "O2NextGen.OnTracker.Data", "Services\on-tracker\O2NextGen.OnTracker.Data\O2NextGen.OnTracker.Data.csproj", "{5618F488-A7E7-49EB-9545-F482780ED926}"
EndProject
Project("{9A19103F-16F7-4668-BE54-9A1E7A4F7556}") = "O2NextGen.OnTracker.Impl", "Services\on-tracker\O2NextGen.OnTracker.Impl\O2NextGen.OnTracker.Impl.csproj", "{F41251EB-5CDE-4D3E-BF44-BA39D610D430}"
EndProject
Project("{2150E333-8FDC-42A3-9474-1A3956D46DE8}") = "feedback-x", "feedback-x", "{029123A2-4A26-41A4-A321-3AE9BF05D8B0}"
EndProject
Project("{9A19103F-16F7-4668-BE54-9A1E7A4F7556}") = "O2NextGen.FeedBackX.Api", "Services\feedback-x\O2NextGen.FeedBackX.Api\O2NextGen.FeedBackX.Api.csproj", "{9666BB76-93DE-4DE7-BFFA-2EED1565CE9F}"
EndProject
Project("{9A19103F-16F7-4668-BE54-9A1E7A4F7556}") = "O2NextGen.FeedBackX.Business", "Services\feedback-x\O2NextGen.FeedBackX.Business\O2NextGen.FeedBackX.Business.csproj", "{B7AD5768-64AA-46E9-9EA3-B5F5FB97AF23}"
EndProject
Project("{9A19103F-16F7-4668-BE54-9A1E7A4F7556}") = "O2NextGen.FeedBackX.Data", "Services\feedback-x\O2NextGen.FeedBackX.Data\O2NextGen.FeedBackX.Data.csproj", "{EC364D08-6503-4A34-9738-025FF805F745}"
EndProject
Project("{9A19103F-16F7-4668-BE54-9A1E7A4F7556}") = "O2NextGen.FeedBackX.Impl", "Services\feedback-x\O2NextGen.FeedBackX.Impl\O2NextGen.FeedBackX.Impl.csproj", "{B0F2EE35-E3A4-45D0-9A35-B2540EF2F57A}"
EndProject
Project("{2150E333-8FDC-42A3-9474-1A3956D46DE8}") = "s-link", "s-link", "{502469BA-2C56-4FC7-B5C9-935689808ACC}"
EndProject
Project("{9A19103F-16F7-4668-BE54-9A1E7A4F7556}") = "O2NextGen.SLink.Api", "Services\s-link\O2NextGen.SLink.Api\O2NextGen.SLink.Api.csproj", "{C9B75489-EBBE-4261-92CE-6938956738E2}"
EndProject
Project("{9A19103F-16F7-4668-BE54-9A1E7A4F7556}") = "O2NextGen.SLink.Business", "Services\s-link\O2NextGen.SLink.Business\O2NextGen.SLink.Business.csproj", "{CA9B3FFC-E5CF-4668-92E0-3D7C298F5C18}"
EndProject
Project("{9A19103F-16F7-4668-BE54-9A1E7A4F7556}") = "O2NextGen.SLink.Data", "Services\s-link\O2NextGen.SLink.Data\O2NextGen.SLink.Data.csproj", "{964513B7-1FB7-4580-91E8-8BD61A6BB5DA}"
EndProject
Project("{9A19103F-16F7-4668-BE54-9A1E7A4F7556}") = "O2NextGen.SLink.Impl", "Services\s-link\O2NextGen.SLink.Impl\O2NextGen.SLink.Impl.csproj", "{068C1A88-DDFF-4575-8362-CB5A77AC936F}"
EndProject
Project("{2150E333-8FDC-42A3-9474-1A3956D46DE8}") = "smart-subscriber", "smart-subscriber", "{104ADC0B-D20E-44DF-821A-967059DAFC4C}"
EndProject
Project("{9A19103F-16F7-4668-BE54-9A1E7A4F7556}") = "O2NextGen.SmartSubscriber.Api", "Services\smart-subscriber\O2NextGen.SmartSubscriber.Api\O2NextGen.SmartSubscriber.Api.csproj", "{6A61235C-A6DB-4C82-A265-E03CDC71134E}"
EndProject
Project("{9A19103F-16F7-4668-BE54-9A1E7A4F7556}") = "O2NextGen.SmartSubscriber.Business", "Services\smart-subscriber\O2NextGen.SmartSubscriber.Business\O2NextGen.SmartSubscriber.Business.csproj", "{73FE9865-0E31-4B8C-8AF6-45236496A806}"
EndProject
Project("{9A19103F-16F7-4668-BE54-9A1E7A4F7556}") = "O2NextGen.SmartSubscriber.Data", "Services\smart-subscriber\O2NextGen.SmartSubscriber.Data\O2NextGen.SmartSubscriber.Data.csproj", "{67CA84A7-D3E3-4EF5-9512-699F7321B899}"
EndProject
Project("{9A19103F-16F7-4668-BE54-9A1E7A4F7556}") = "O2NextGen.SmartSubscriber.Impl", "Services\smart-subscriber\O2NextGen.SmartSubscriber.Impl\O2NextGen.SmartSubscriber.Impl.csproj", "{9D65077A-687A-433A-A280-45A70620ADC0}"
EndProject
Project("{2150E333-8FDC-42A3-9474-1A3956D46DE8}") = "deep-pay", "deep-pay", "{C3724366-BFB1-4DEB-86A4-736EA546D264}"
EndProject
Project("{2150E333-8FDC-42A3-9474-1A3956D46DE8}") = "genidoc", "genidoc", "{B7DD045B-D524-475B-A111-DD6E55431D3B}"
EndProject
Project("{2150E333-8FDC-42A3-9474-1A3956D46DE8}") = "jetstream", "jetstream", "{EDC7432B-5D48-44C4-BF52-F3625E7A43DD}"
EndProject
Project("{2150E333-8FDC-42A3-9474-1A3956D46DE8}") = "dailybook", "dailybook", "{A50DA91B-BD5D-4640-80D8-46B1E55E76FD}"
EndProject
Project("{2150E333-8FDC-42A3-9474-1A3956D46DE8}") = "teambrain", "teambrain", "{4BAA467F-6F58-4C99-ACCF-88F2ADD398B8}"
EndProject
Project("{2150E333-8FDC-42A3-9474-1A3956D46DE8}") = "a-discount", "a-discount", "{41ECEE68-B668-45CB-A3F0-DAC0BCF20D89}"
EndProject
Project("{FAE04EC0-301F-11D3-BF4B-00C04F79EFBC}") = "O2NextGen.SmallTalk.SignalrHub", "Services\smalltalk\O2NextGen.SmallTalk.SignalrHub\O2NextGen.SmallTalk.SignalrHub.csproj", "{C4AE66A7-2DC5-410C-B17C-9A23DBD0A429}"
EndProject
Global
	GlobalSection(SolutionConfigurationPlatforms) = preSolution
		Debug|Any CPU = Debug|Any CPU
		Debug|x64 = Debug|x64
		Debug|x86 = Debug|x86
		Release|Any CPU = Release|Any CPU
		Release|x64 = Release|x64
		Release|x86 = Release|x86
	EndGlobalSection
	GlobalSection(ProjectConfigurationPlatforms) = postSolution
		{A31DB3FB-ACFC-407D-BAEB-A8CE7B02ACD5}.Debug|Any CPU.ActiveCfg = Debug|Any CPU
		{A31DB3FB-ACFC-407D-BAEB-A8CE7B02ACD5}.Debug|Any CPU.Build.0 = Debug|Any CPU
		{A31DB3FB-ACFC-407D-BAEB-A8CE7B02ACD5}.Debug|x64.ActiveCfg = Debug|Any CPU
		{A31DB3FB-ACFC-407D-BAEB-A8CE7B02ACD5}.Debug|x64.Build.0 = Debug|Any CPU
		{A31DB3FB-ACFC-407D-BAEB-A8CE7B02ACD5}.Debug|x86.ActiveCfg = Debug|Any CPU
		{A31DB3FB-ACFC-407D-BAEB-A8CE7B02ACD5}.Debug|x86.Build.0 = Debug|Any CPU
		{A31DB3FB-ACFC-407D-BAEB-A8CE7B02ACD5}.Release|Any CPU.ActiveCfg = Release|Any CPU
		{A31DB3FB-ACFC-407D-BAEB-A8CE7B02ACD5}.Release|Any CPU.Build.0 = Release|Any CPU
		{A31DB3FB-ACFC-407D-BAEB-A8CE7B02ACD5}.Release|x64.ActiveCfg = Release|Any CPU
		{A31DB3FB-ACFC-407D-BAEB-A8CE7B02ACD5}.Release|x64.Build.0 = Release|Any CPU
		{A31DB3FB-ACFC-407D-BAEB-A8CE7B02ACD5}.Release|x86.ActiveCfg = Release|Any CPU
		{A31DB3FB-ACFC-407D-BAEB-A8CE7B02ACD5}.Release|x86.Build.0 = Release|Any CPU
		{D3CB3202-5150-421A-8080-1C6C3AEE7AF8}.Debug|Any CPU.ActiveCfg = Debug|Any CPU
		{D3CB3202-5150-421A-8080-1C6C3AEE7AF8}.Debug|Any CPU.Build.0 = Debug|Any CPU
		{D3CB3202-5150-421A-8080-1C6C3AEE7AF8}.Debug|x64.ActiveCfg = Debug|Any CPU
		{D3CB3202-5150-421A-8080-1C6C3AEE7AF8}.Debug|x64.Build.0 = Debug|Any CPU
		{D3CB3202-5150-421A-8080-1C6C3AEE7AF8}.Debug|x86.ActiveCfg = Debug|Any CPU
		{D3CB3202-5150-421A-8080-1C6C3AEE7AF8}.Debug|x86.Build.0 = Debug|Any CPU
		{D3CB3202-5150-421A-8080-1C6C3AEE7AF8}.Release|Any CPU.ActiveCfg = Release|Any CPU
		{D3CB3202-5150-421A-8080-1C6C3AEE7AF8}.Release|Any CPU.Build.0 = Release|Any CPU
		{D3CB3202-5150-421A-8080-1C6C3AEE7AF8}.Release|x64.ActiveCfg = Release|Any CPU
		{D3CB3202-5150-421A-8080-1C6C3AEE7AF8}.Release|x64.Build.0 = Release|Any CPU
		{D3CB3202-5150-421A-8080-1C6C3AEE7AF8}.Release|x86.ActiveCfg = Release|Any CPU
		{D3CB3202-5150-421A-8080-1C6C3AEE7AF8}.Release|x86.Build.0 = Release|Any CPU
		{4364879E-A340-4E42-9A99-E300B17E642A}.Debug|Any CPU.ActiveCfg = Debug|Any CPU
		{4364879E-A340-4E42-9A99-E300B17E642A}.Debug|Any CPU.Build.0 = Debug|Any CPU
		{4364879E-A340-4E42-9A99-E300B17E642A}.Debug|x64.ActiveCfg = Debug|Any CPU
		{4364879E-A340-4E42-9A99-E300B17E642A}.Debug|x64.Build.0 = Debug|Any CPU
		{4364879E-A340-4E42-9A99-E300B17E642A}.Debug|x86.ActiveCfg = Debug|Any CPU
		{4364879E-A340-4E42-9A99-E300B17E642A}.Debug|x86.Build.0 = Debug|Any CPU
		{4364879E-A340-4E42-9A99-E300B17E642A}.Release|Any CPU.ActiveCfg = Release|Any CPU
		{4364879E-A340-4E42-9A99-E300B17E642A}.Release|Any CPU.Build.0 = Release|Any CPU
		{4364879E-A340-4E42-9A99-E300B17E642A}.Release|x64.ActiveCfg = Release|Any CPU
		{4364879E-A340-4E42-9A99-E300B17E642A}.Release|x64.Build.0 = Release|Any CPU
		{4364879E-A340-4E42-9A99-E300B17E642A}.Release|x86.ActiveCfg = Release|Any CPU
		{4364879E-A340-4E42-9A99-E300B17E642A}.Release|x86.Build.0 = Release|Any CPU
		{61756592-A16C-493F-908D-2F36F8259735}.Debug|Any CPU.ActiveCfg = Debug|Any CPU
		{61756592-A16C-493F-908D-2F36F8259735}.Debug|Any CPU.Build.0 = Debug|Any CPU
		{61756592-A16C-493F-908D-2F36F8259735}.Debug|x64.ActiveCfg = Debug|Any CPU
		{61756592-A16C-493F-908D-2F36F8259735}.Debug|x64.Build.0 = Debug|Any CPU
		{61756592-A16C-493F-908D-2F36F8259735}.Debug|x86.ActiveCfg = Debug|Any CPU
		{61756592-A16C-493F-908D-2F36F8259735}.Debug|x86.Build.0 = Debug|Any CPU
		{61756592-A16C-493F-908D-2F36F8259735}.Release|Any CPU.ActiveCfg = Release|Any CPU
		{61756592-A16C-493F-908D-2F36F8259735}.Release|Any CPU.Build.0 = Release|Any CPU
		{61756592-A16C-493F-908D-2F36F8259735}.Release|x64.ActiveCfg = Release|Any CPU
		{61756592-A16C-493F-908D-2F36F8259735}.Release|x64.Build.0 = Release|Any CPU
		{61756592-A16C-493F-908D-2F36F8259735}.Release|x86.ActiveCfg = Release|Any CPU
		{61756592-A16C-493F-908D-2F36F8259735}.Release|x86.Build.0 = Release|Any CPU
		{47342164-51DC-4498-AD4C-97702E968FBE}.Debug|Any CPU.ActiveCfg = Debug|Any CPU
		{47342164-51DC-4498-AD4C-97702E968FBE}.Debug|Any CPU.Build.0 = Debug|Any CPU
		{47342164-51DC-4498-AD4C-97702E968FBE}.Debug|x64.ActiveCfg = Debug|Any CPU
		{47342164-51DC-4498-AD4C-97702E968FBE}.Debug|x64.Build.0 = Debug|Any CPU
		{47342164-51DC-4498-AD4C-97702E968FBE}.Debug|x86.ActiveCfg = Debug|Any CPU
		{47342164-51DC-4498-AD4C-97702E968FBE}.Debug|x86.Build.0 = Debug|Any CPU
		{47342164-51DC-4498-AD4C-97702E968FBE}.Release|Any CPU.ActiveCfg = Release|Any CPU
		{47342164-51DC-4498-AD4C-97702E968FBE}.Release|Any CPU.Build.0 = Release|Any CPU
		{47342164-51DC-4498-AD4C-97702E968FBE}.Release|x64.ActiveCfg = Release|Any CPU
		{47342164-51DC-4498-AD4C-97702E968FBE}.Release|x64.Build.0 = Release|Any CPU
		{47342164-51DC-4498-AD4C-97702E968FBE}.Release|x86.ActiveCfg = Release|Any CPU
		{47342164-51DC-4498-AD4C-97702E968FBE}.Release|x86.Build.0 = Release|Any CPU
		{A7B2F28E-3B2D-4CCB-9F69-04B8CE7F855C}.Debug|Any CPU.ActiveCfg = Debug|Any CPU
		{A7B2F28E-3B2D-4CCB-9F69-04B8CE7F855C}.Debug|Any CPU.Build.0 = Debug|Any CPU
		{A7B2F28E-3B2D-4CCB-9F69-04B8CE7F855C}.Debug|x64.ActiveCfg = Debug|Any CPU
		{A7B2F28E-3B2D-4CCB-9F69-04B8CE7F855C}.Debug|x64.Build.0 = Debug|Any CPU
		{A7B2F28E-3B2D-4CCB-9F69-04B8CE7F855C}.Debug|x86.ActiveCfg = Debug|Any CPU
		{A7B2F28E-3B2D-4CCB-9F69-04B8CE7F855C}.Debug|x86.Build.0 = Debug|Any CPU
		{A7B2F28E-3B2D-4CCB-9F69-04B8CE7F855C}.Release|Any CPU.ActiveCfg = Release|Any CPU
		{A7B2F28E-3B2D-4CCB-9F69-04B8CE7F855C}.Release|Any CPU.Build.0 = Release|Any CPU
		{A7B2F28E-3B2D-4CCB-9F69-04B8CE7F855C}.Release|x64.ActiveCfg = Release|Any CPU
		{A7B2F28E-3B2D-4CCB-9F69-04B8CE7F855C}.Release|x64.Build.0 = Release|Any CPU
		{A7B2F28E-3B2D-4CCB-9F69-04B8CE7F855C}.Release|x86.ActiveCfg = Release|Any CPU
		{A7B2F28E-3B2D-4CCB-9F69-04B8CE7F855C}.Release|x86.Build.0 = Release|Any CPU
		{3577343F-C561-4031-8AE5-4A792ECE399D}.Debug|Any CPU.ActiveCfg = Debug|Any CPU
		{3577343F-C561-4031-8AE5-4A792ECE399D}.Debug|Any CPU.Build.0 = Debug|Any CPU
		{3577343F-C561-4031-8AE5-4A792ECE399D}.Debug|x64.ActiveCfg = Debug|Any CPU
		{3577343F-C561-4031-8AE5-4A792ECE399D}.Debug|x64.Build.0 = Debug|Any CPU
		{3577343F-C561-4031-8AE5-4A792ECE399D}.Debug|x86.ActiveCfg = Debug|Any CPU
		{3577343F-C561-4031-8AE5-4A792ECE399D}.Debug|x86.Build.0 = Debug|Any CPU
		{3577343F-C561-4031-8AE5-4A792ECE399D}.Release|Any CPU.ActiveCfg = Release|Any CPU
		{3577343F-C561-4031-8AE5-4A792ECE399D}.Release|Any CPU.Build.0 = Release|Any CPU
		{3577343F-C561-4031-8AE5-4A792ECE399D}.Release|x64.ActiveCfg = Release|Any CPU
		{3577343F-C561-4031-8AE5-4A792ECE399D}.Release|x64.Build.0 = Release|Any CPU
		{3577343F-C561-4031-8AE5-4A792ECE399D}.Release|x86.ActiveCfg = Release|Any CPU
		{3577343F-C561-4031-8AE5-4A792ECE399D}.Release|x86.Build.0 = Release|Any CPU
		{ED022699-A7C1-4A89-8DD6-3C20427440C1}.Debug|Any CPU.ActiveCfg = Debug|Any CPU
		{ED022699-A7C1-4A89-8DD6-3C20427440C1}.Debug|Any CPU.Build.0 = Debug|Any CPU
		{ED022699-A7C1-4A89-8DD6-3C20427440C1}.Debug|x64.ActiveCfg = Debug|Any CPU
		{ED022699-A7C1-4A89-8DD6-3C20427440C1}.Debug|x64.Build.0 = Debug|Any CPU
		{ED022699-A7C1-4A89-8DD6-3C20427440C1}.Debug|x86.ActiveCfg = Debug|Any CPU
		{ED022699-A7C1-4A89-8DD6-3C20427440C1}.Debug|x86.Build.0 = Debug|Any CPU
		{ED022699-A7C1-4A89-8DD6-3C20427440C1}.Release|Any CPU.ActiveCfg = Release|Any CPU
		{ED022699-A7C1-4A89-8DD6-3C20427440C1}.Release|Any CPU.Build.0 = Release|Any CPU
		{ED022699-A7C1-4A89-8DD6-3C20427440C1}.Release|x64.ActiveCfg = Release|Any CPU
		{ED022699-A7C1-4A89-8DD6-3C20427440C1}.Release|x64.Build.0 = Release|Any CPU
		{ED022699-A7C1-4A89-8DD6-3C20427440C1}.Release|x86.ActiveCfg = Release|Any CPU
		{ED022699-A7C1-4A89-8DD6-3C20427440C1}.Release|x86.Build.0 = Release|Any CPU
		{222158C9-EE7E-412B-9105-F570FA29BAAF}.Debug|Any CPU.ActiveCfg = Debug|Any CPU
		{222158C9-EE7E-412B-9105-F570FA29BAAF}.Debug|Any CPU.Build.0 = Debug|Any CPU
		{222158C9-EE7E-412B-9105-F570FA29BAAF}.Debug|x64.ActiveCfg = Debug|Any CPU
		{222158C9-EE7E-412B-9105-F570FA29BAAF}.Debug|x64.Build.0 = Debug|Any CPU
		{222158C9-EE7E-412B-9105-F570FA29BAAF}.Debug|x86.ActiveCfg = Debug|Any CPU
		{222158C9-EE7E-412B-9105-F570FA29BAAF}.Debug|x86.Build.0 = Debug|Any CPU
		{222158C9-EE7E-412B-9105-F570FA29BAAF}.Release|Any CPU.ActiveCfg = Release|Any CPU
		{222158C9-EE7E-412B-9105-F570FA29BAAF}.Release|Any CPU.Build.0 = Release|Any CPU
		{222158C9-EE7E-412B-9105-F570FA29BAAF}.Release|x64.ActiveCfg = Release|Any CPU
		{222158C9-EE7E-412B-9105-F570FA29BAAF}.Release|x64.Build.0 = Release|Any CPU
		{222158C9-EE7E-412B-9105-F570FA29BAAF}.Release|x86.ActiveCfg = Release|Any CPU
		{222158C9-EE7E-412B-9105-F570FA29BAAF}.Release|x86.Build.0 = Release|Any CPU
		{230C6816-A862-450D-8B9C-736CA2D21F93}.Debug|Any CPU.ActiveCfg = Debug|Any CPU
		{230C6816-A862-450D-8B9C-736CA2D21F93}.Debug|Any CPU.Build.0 = Debug|Any CPU
		{230C6816-A862-450D-8B9C-736CA2D21F93}.Debug|x64.ActiveCfg = Debug|Any CPU
		{230C6816-A862-450D-8B9C-736CA2D21F93}.Debug|x64.Build.0 = Debug|Any CPU
		{230C6816-A862-450D-8B9C-736CA2D21F93}.Debug|x86.ActiveCfg = Debug|Any CPU
		{230C6816-A862-450D-8B9C-736CA2D21F93}.Debug|x86.Build.0 = Debug|Any CPU
		{230C6816-A862-450D-8B9C-736CA2D21F93}.Release|Any CPU.ActiveCfg = Release|Any CPU
		{230C6816-A862-450D-8B9C-736CA2D21F93}.Release|Any CPU.Build.0 = Release|Any CPU
		{230C6816-A862-450D-8B9C-736CA2D21F93}.Release|x64.ActiveCfg = Release|Any CPU
		{230C6816-A862-450D-8B9C-736CA2D21F93}.Release|x64.Build.0 = Release|Any CPU
		{230C6816-A862-450D-8B9C-736CA2D21F93}.Release|x86.ActiveCfg = Release|Any CPU
		{230C6816-A862-450D-8B9C-736CA2D21F93}.Release|x86.Build.0 = Release|Any CPU
		{87A8C3EB-C675-4EA8-97F9-98BDF13E23D6}.Debug|Any CPU.ActiveCfg = Debug|Any CPU
		{87A8C3EB-C675-4EA8-97F9-98BDF13E23D6}.Debug|Any CPU.Build.0 = Debug|Any CPU
		{87A8C3EB-C675-4EA8-97F9-98BDF13E23D6}.Debug|x64.ActiveCfg = Debug|Any CPU
		{87A8C3EB-C675-4EA8-97F9-98BDF13E23D6}.Debug|x64.Build.0 = Debug|Any CPU
		{87A8C3EB-C675-4EA8-97F9-98BDF13E23D6}.Debug|x86.ActiveCfg = Debug|Any CPU
		{87A8C3EB-C675-4EA8-97F9-98BDF13E23D6}.Debug|x86.Build.0 = Debug|Any CPU
		{87A8C3EB-C675-4EA8-97F9-98BDF13E23D6}.Release|Any CPU.ActiveCfg = Release|Any CPU
		{87A8C3EB-C675-4EA8-97F9-98BDF13E23D6}.Release|Any CPU.Build.0 = Release|Any CPU
		{87A8C3EB-C675-4EA8-97F9-98BDF13E23D6}.Release|x64.ActiveCfg = Release|Any CPU
		{87A8C3EB-C675-4EA8-97F9-98BDF13E23D6}.Release|x64.Build.0 = Release|Any CPU
		{87A8C3EB-C675-4EA8-97F9-98BDF13E23D6}.Release|x86.ActiveCfg = Release|Any CPU
		{87A8C3EB-C675-4EA8-97F9-98BDF13E23D6}.Release|x86.Build.0 = Release|Any CPU
		{31515AC2-E286-49D7-A35C-5F34BB297EB7}.Debug|Any CPU.ActiveCfg = Debug|Any CPU
		{31515AC2-E286-49D7-A35C-5F34BB297EB7}.Debug|Any CPU.Build.0 = Debug|Any CPU
		{31515AC2-E286-49D7-A35C-5F34BB297EB7}.Debug|x64.ActiveCfg = Debug|Any CPU
		{31515AC2-E286-49D7-A35C-5F34BB297EB7}.Debug|x64.Build.0 = Debug|Any CPU
		{31515AC2-E286-49D7-A35C-5F34BB297EB7}.Debug|x86.ActiveCfg = Debug|Any CPU
		{31515AC2-E286-49D7-A35C-5F34BB297EB7}.Debug|x86.Build.0 = Debug|Any CPU
		{31515AC2-E286-49D7-A35C-5F34BB297EB7}.Release|Any CPU.ActiveCfg = Release|Any CPU
		{31515AC2-E286-49D7-A35C-5F34BB297EB7}.Release|Any CPU.Build.0 = Release|Any CPU
		{31515AC2-E286-49D7-A35C-5F34BB297EB7}.Release|x64.ActiveCfg = Release|Any CPU
		{31515AC2-E286-49D7-A35C-5F34BB297EB7}.Release|x64.Build.0 = Release|Any CPU
		{31515AC2-E286-49D7-A35C-5F34BB297EB7}.Release|x86.ActiveCfg = Release|Any CPU
		{31515AC2-E286-49D7-A35C-5F34BB297EB7}.Release|x86.Build.0 = Release|Any CPU
		{1F48ABFB-4C4A-4E0C-A155-3DBAC0676C95}.Debug|Any CPU.ActiveCfg = Debug|Any CPU
		{1F48ABFB-4C4A-4E0C-A155-3DBAC0676C95}.Debug|Any CPU.Build.0 = Debug|Any CPU
		{1F48ABFB-4C4A-4E0C-A155-3DBAC0676C95}.Debug|x64.ActiveCfg = Debug|Any CPU
		{1F48ABFB-4C4A-4E0C-A155-3DBAC0676C95}.Debug|x64.Build.0 = Debug|Any CPU
		{1F48ABFB-4C4A-4E0C-A155-3DBAC0676C95}.Debug|x86.ActiveCfg = Debug|Any CPU
		{1F48ABFB-4C4A-4E0C-A155-3DBAC0676C95}.Debug|x86.Build.0 = Debug|Any CPU
		{1F48ABFB-4C4A-4E0C-A155-3DBAC0676C95}.Release|Any CPU.ActiveCfg = Release|Any CPU
		{1F48ABFB-4C4A-4E0C-A155-3DBAC0676C95}.Release|Any CPU.Build.0 = Release|Any CPU
		{1F48ABFB-4C4A-4E0C-A155-3DBAC0676C95}.Release|x64.ActiveCfg = Release|Any CPU
		{1F48ABFB-4C4A-4E0C-A155-3DBAC0676C95}.Release|x64.Build.0 = Release|Any CPU
		{1F48ABFB-4C4A-4E0C-A155-3DBAC0676C95}.Release|x86.ActiveCfg = Release|Any CPU
		{1F48ABFB-4C4A-4E0C-A155-3DBAC0676C95}.Release|x86.Build.0 = Release|Any CPU
		{20D19B8A-3C6E-49B4-BBC9-51EA63B86147}.Debug|Any CPU.ActiveCfg = Debug|Any CPU
		{20D19B8A-3C6E-49B4-BBC9-51EA63B86147}.Debug|Any CPU.Build.0 = Debug|Any CPU
		{20D19B8A-3C6E-49B4-BBC9-51EA63B86147}.Debug|x64.ActiveCfg = Debug|Any CPU
		{20D19B8A-3C6E-49B4-BBC9-51EA63B86147}.Debug|x64.Build.0 = Debug|Any CPU
		{20D19B8A-3C6E-49B4-BBC9-51EA63B86147}.Debug|x86.ActiveCfg = Debug|Any CPU
		{20D19B8A-3C6E-49B4-BBC9-51EA63B86147}.Debug|x86.Build.0 = Debug|Any CPU
		{20D19B8A-3C6E-49B4-BBC9-51EA63B86147}.Release|Any CPU.ActiveCfg = Release|Any CPU
		{20D19B8A-3C6E-49B4-BBC9-51EA63B86147}.Release|Any CPU.Build.0 = Release|Any CPU
		{20D19B8A-3C6E-49B4-BBC9-51EA63B86147}.Release|x64.ActiveCfg = Release|Any CPU
		{20D19B8A-3C6E-49B4-BBC9-51EA63B86147}.Release|x64.Build.0 = Release|Any CPU
		{20D19B8A-3C6E-49B4-BBC9-51EA63B86147}.Release|x86.ActiveCfg = Release|Any CPU
		{20D19B8A-3C6E-49B4-BBC9-51EA63B86147}.Release|x86.Build.0 = Release|Any CPU
		{ECC10F39-5198-481C-91D9-40C09A0E323F}.Debug|Any CPU.ActiveCfg = Debug|Any CPU
		{ECC10F39-5198-481C-91D9-40C09A0E323F}.Debug|Any CPU.Build.0 = Debug|Any CPU
		{ECC10F39-5198-481C-91D9-40C09A0E323F}.Debug|x64.ActiveCfg = Debug|Any CPU
		{ECC10F39-5198-481C-91D9-40C09A0E323F}.Debug|x64.Build.0 = Debug|Any CPU
		{ECC10F39-5198-481C-91D9-40C09A0E323F}.Debug|x86.ActiveCfg = Debug|Any CPU
		{ECC10F39-5198-481C-91D9-40C09A0E323F}.Debug|x86.Build.0 = Debug|Any CPU
		{ECC10F39-5198-481C-91D9-40C09A0E323F}.Release|Any CPU.ActiveCfg = Release|Any CPU
		{ECC10F39-5198-481C-91D9-40C09A0E323F}.Release|Any CPU.Build.0 = Release|Any CPU
		{ECC10F39-5198-481C-91D9-40C09A0E323F}.Release|x64.ActiveCfg = Release|Any CPU
		{ECC10F39-5198-481C-91D9-40C09A0E323F}.Release|x64.Build.0 = Release|Any CPU
		{ECC10F39-5198-481C-91D9-40C09A0E323F}.Release|x86.ActiveCfg = Release|Any CPU
		{ECC10F39-5198-481C-91D9-40C09A0E323F}.Release|x86.Build.0 = Release|Any CPU
		{5815FA40-82B7-400D-8FB0-667EED9DC622}.Debug|Any CPU.ActiveCfg = Debug|Any CPU
		{5815FA40-82B7-400D-8FB0-667EED9DC622}.Debug|Any CPU.Build.0 = Debug|Any CPU
		{5815FA40-82B7-400D-8FB0-667EED9DC622}.Debug|x64.ActiveCfg = Debug|Any CPU
		{5815FA40-82B7-400D-8FB0-667EED9DC622}.Debug|x64.Build.0 = Debug|Any CPU
		{5815FA40-82B7-400D-8FB0-667EED9DC622}.Debug|x86.ActiveCfg = Debug|Any CPU
		{5815FA40-82B7-400D-8FB0-667EED9DC622}.Debug|x86.Build.0 = Debug|Any CPU
		{5815FA40-82B7-400D-8FB0-667EED9DC622}.Release|Any CPU.ActiveCfg = Release|Any CPU
		{5815FA40-82B7-400D-8FB0-667EED9DC622}.Release|Any CPU.Build.0 = Release|Any CPU
		{5815FA40-82B7-400D-8FB0-667EED9DC622}.Release|x64.ActiveCfg = Release|Any CPU
		{5815FA40-82B7-400D-8FB0-667EED9DC622}.Release|x64.Build.0 = Release|Any CPU
		{5815FA40-82B7-400D-8FB0-667EED9DC622}.Release|x86.ActiveCfg = Release|Any CPU
		{5815FA40-82B7-400D-8FB0-667EED9DC622}.Release|x86.Build.0 = Release|Any CPU
		{929F4E69-ED22-4ED4-B502-5DA85C2CC3FE}.Debug|Any CPU.ActiveCfg = Debug|Any CPU
		{929F4E69-ED22-4ED4-B502-5DA85C2CC3FE}.Debug|Any CPU.Build.0 = Debug|Any CPU
		{929F4E69-ED22-4ED4-B502-5DA85C2CC3FE}.Debug|x64.ActiveCfg = Debug|Any CPU
		{929F4E69-ED22-4ED4-B502-5DA85C2CC3FE}.Debug|x64.Build.0 = Debug|Any CPU
		{929F4E69-ED22-4ED4-B502-5DA85C2CC3FE}.Debug|x86.ActiveCfg = Debug|Any CPU
		{929F4E69-ED22-4ED4-B502-5DA85C2CC3FE}.Debug|x86.Build.0 = Debug|Any CPU
		{929F4E69-ED22-4ED4-B502-5DA85C2CC3FE}.Release|Any CPU.ActiveCfg = Release|Any CPU
		{929F4E69-ED22-4ED4-B502-5DA85C2CC3FE}.Release|Any CPU.Build.0 = Release|Any CPU
		{929F4E69-ED22-4ED4-B502-5DA85C2CC3FE}.Release|x64.ActiveCfg = Release|Any CPU
		{929F4E69-ED22-4ED4-B502-5DA85C2CC3FE}.Release|x64.Build.0 = Release|Any CPU
		{929F4E69-ED22-4ED4-B502-5DA85C2CC3FE}.Release|x86.ActiveCfg = Release|Any CPU
		{929F4E69-ED22-4ED4-B502-5DA85C2CC3FE}.Release|x86.Build.0 = Release|Any CPU
		{D8F151B3-569D-4257-9DD2-2270FB1D347A}.Debug|Any CPU.ActiveCfg = Debug|Any CPU
		{D8F151B3-569D-4257-9DD2-2270FB1D347A}.Debug|Any CPU.Build.0 = Debug|Any CPU
		{D8F151B3-569D-4257-9DD2-2270FB1D347A}.Debug|x64.ActiveCfg = Debug|Any CPU
		{D8F151B3-569D-4257-9DD2-2270FB1D347A}.Debug|x64.Build.0 = Debug|Any CPU
		{D8F151B3-569D-4257-9DD2-2270FB1D347A}.Debug|x86.ActiveCfg = Debug|Any CPU
		{D8F151B3-569D-4257-9DD2-2270FB1D347A}.Debug|x86.Build.0 = Debug|Any CPU
		{D8F151B3-569D-4257-9DD2-2270FB1D347A}.Release|Any CPU.ActiveCfg = Release|Any CPU
		{D8F151B3-569D-4257-9DD2-2270FB1D347A}.Release|Any CPU.Build.0 = Release|Any CPU
		{D8F151B3-569D-4257-9DD2-2270FB1D347A}.Release|x64.ActiveCfg = Release|Any CPU
		{D8F151B3-569D-4257-9DD2-2270FB1D347A}.Release|x64.Build.0 = Release|Any CPU
		{D8F151B3-569D-4257-9DD2-2270FB1D347A}.Release|x86.ActiveCfg = Release|Any CPU
		{D8F151B3-569D-4257-9DD2-2270FB1D347A}.Release|x86.Build.0 = Release|Any CPU
		{5618F488-A7E7-49EB-9545-F482780ED926}.Debug|Any CPU.ActiveCfg = Debug|Any CPU
		{5618F488-A7E7-49EB-9545-F482780ED926}.Debug|Any CPU.Build.0 = Debug|Any CPU
		{5618F488-A7E7-49EB-9545-F482780ED926}.Debug|x64.ActiveCfg = Debug|Any CPU
		{5618F488-A7E7-49EB-9545-F482780ED926}.Debug|x64.Build.0 = Debug|Any CPU
		{5618F488-A7E7-49EB-9545-F482780ED926}.Debug|x86.ActiveCfg = Debug|Any CPU
		{5618F488-A7E7-49EB-9545-F482780ED926}.Debug|x86.Build.0 = Debug|Any CPU
		{5618F488-A7E7-49EB-9545-F482780ED926}.Release|Any CPU.ActiveCfg = Release|Any CPU
		{5618F488-A7E7-49EB-9545-F482780ED926}.Release|Any CPU.Build.0 = Release|Any CPU
		{5618F488-A7E7-49EB-9545-F482780ED926}.Release|x64.ActiveCfg = Release|Any CPU
		{5618F488-A7E7-49EB-9545-F482780ED926}.Release|x64.Build.0 = Release|Any CPU
		{5618F488-A7E7-49EB-9545-F482780ED926}.Release|x86.ActiveCfg = Release|Any CPU
		{5618F488-A7E7-49EB-9545-F482780ED926}.Release|x86.Build.0 = Release|Any CPU
		{F41251EB-5CDE-4D3E-BF44-BA39D610D430}.Debug|Any CPU.ActiveCfg = Debug|Any CPU
		{F41251EB-5CDE-4D3E-BF44-BA39D610D430}.Debug|Any CPU.Build.0 = Debug|Any CPU
		{F41251EB-5CDE-4D3E-BF44-BA39D610D430}.Debug|x64.ActiveCfg = Debug|Any CPU
		{F41251EB-5CDE-4D3E-BF44-BA39D610D430}.Debug|x64.Build.0 = Debug|Any CPU
		{F41251EB-5CDE-4D3E-BF44-BA39D610D430}.Debug|x86.ActiveCfg = Debug|Any CPU
		{F41251EB-5CDE-4D3E-BF44-BA39D610D430}.Debug|x86.Build.0 = Debug|Any CPU
		{F41251EB-5CDE-4D3E-BF44-BA39D610D430}.Release|Any CPU.ActiveCfg = Release|Any CPU
		{F41251EB-5CDE-4D3E-BF44-BA39D610D430}.Release|Any CPU.Build.0 = Release|Any CPU
		{F41251EB-5CDE-4D3E-BF44-BA39D610D430}.Release|x64.ActiveCfg = Release|Any CPU
		{F41251EB-5CDE-4D3E-BF44-BA39D610D430}.Release|x64.Build.0 = Release|Any CPU
		{F41251EB-5CDE-4D3E-BF44-BA39D610D430}.Release|x86.ActiveCfg = Release|Any CPU
		{F41251EB-5CDE-4D3E-BF44-BA39D610D430}.Release|x86.Build.0 = Release|Any CPU
		{9666BB76-93DE-4DE7-BFFA-2EED1565CE9F}.Debug|Any CPU.ActiveCfg = Debug|Any CPU
		{9666BB76-93DE-4DE7-BFFA-2EED1565CE9F}.Debug|Any CPU.Build.0 = Debug|Any CPU
		{9666BB76-93DE-4DE7-BFFA-2EED1565CE9F}.Debug|x64.ActiveCfg = Debug|Any CPU
		{9666BB76-93DE-4DE7-BFFA-2EED1565CE9F}.Debug|x64.Build.0 = Debug|Any CPU
		{9666BB76-93DE-4DE7-BFFA-2EED1565CE9F}.Debug|x86.ActiveCfg = Debug|Any CPU
		{9666BB76-93DE-4DE7-BFFA-2EED1565CE9F}.Debug|x86.Build.0 = Debug|Any CPU
		{9666BB76-93DE-4DE7-BFFA-2EED1565CE9F}.Release|Any CPU.ActiveCfg = Release|Any CPU
		{9666BB76-93DE-4DE7-BFFA-2EED1565CE9F}.Release|Any CPU.Build.0 = Release|Any CPU
		{9666BB76-93DE-4DE7-BFFA-2EED1565CE9F}.Release|x64.ActiveCfg = Release|Any CPU
		{9666BB76-93DE-4DE7-BFFA-2EED1565CE9F}.Release|x64.Build.0 = Release|Any CPU
		{9666BB76-93DE-4DE7-BFFA-2EED1565CE9F}.Release|x86.ActiveCfg = Release|Any CPU
		{9666BB76-93DE-4DE7-BFFA-2EED1565CE9F}.Release|x86.Build.0 = Release|Any CPU
		{B7AD5768-64AA-46E9-9EA3-B5F5FB97AF23}.Debug|Any CPU.ActiveCfg = Debug|Any CPU
		{B7AD5768-64AA-46E9-9EA3-B5F5FB97AF23}.Debug|Any CPU.Build.0 = Debug|Any CPU
		{B7AD5768-64AA-46E9-9EA3-B5F5FB97AF23}.Debug|x64.ActiveCfg = Debug|Any CPU
		{B7AD5768-64AA-46E9-9EA3-B5F5FB97AF23}.Debug|x64.Build.0 = Debug|Any CPU
		{B7AD5768-64AA-46E9-9EA3-B5F5FB97AF23}.Debug|x86.ActiveCfg = Debug|Any CPU
		{B7AD5768-64AA-46E9-9EA3-B5F5FB97AF23}.Debug|x86.Build.0 = Debug|Any CPU
		{B7AD5768-64AA-46E9-9EA3-B5F5FB97AF23}.Release|Any CPU.ActiveCfg = Release|Any CPU
		{B7AD5768-64AA-46E9-9EA3-B5F5FB97AF23}.Release|Any CPU.Build.0 = Release|Any CPU
		{B7AD5768-64AA-46E9-9EA3-B5F5FB97AF23}.Release|x64.ActiveCfg = Release|Any CPU
		{B7AD5768-64AA-46E9-9EA3-B5F5FB97AF23}.Release|x64.Build.0 = Release|Any CPU
		{B7AD5768-64AA-46E9-9EA3-B5F5FB97AF23}.Release|x86.ActiveCfg = Release|Any CPU
		{B7AD5768-64AA-46E9-9EA3-B5F5FB97AF23}.Release|x86.Build.0 = Release|Any CPU
		{EC364D08-6503-4A34-9738-025FF805F745}.Debug|Any CPU.ActiveCfg = Debug|Any CPU
		{EC364D08-6503-4A34-9738-025FF805F745}.Debug|Any CPU.Build.0 = Debug|Any CPU
		{EC364D08-6503-4A34-9738-025FF805F745}.Debug|x64.ActiveCfg = Debug|Any CPU
		{EC364D08-6503-4A34-9738-025FF805F745}.Debug|x64.Build.0 = Debug|Any CPU
		{EC364D08-6503-4A34-9738-025FF805F745}.Debug|x86.ActiveCfg = Debug|Any CPU
		{EC364D08-6503-4A34-9738-025FF805F745}.Debug|x86.Build.0 = Debug|Any CPU
		{EC364D08-6503-4A34-9738-025FF805F745}.Release|Any CPU.ActiveCfg = Release|Any CPU
		{EC364D08-6503-4A34-9738-025FF805F745}.Release|Any CPU.Build.0 = Release|Any CPU
		{EC364D08-6503-4A34-9738-025FF805F745}.Release|x64.ActiveCfg = Release|Any CPU
		{EC364D08-6503-4A34-9738-025FF805F745}.Release|x64.Build.0 = Release|Any CPU
		{EC364D08-6503-4A34-9738-025FF805F745}.Release|x86.ActiveCfg = Release|Any CPU
		{EC364D08-6503-4A34-9738-025FF805F745}.Release|x86.Build.0 = Release|Any CPU
		{B0F2EE35-E3A4-45D0-9A35-B2540EF2F57A}.Debug|Any CPU.ActiveCfg = Debug|Any CPU
		{B0F2EE35-E3A4-45D0-9A35-B2540EF2F57A}.Debug|Any CPU.Build.0 = Debug|Any CPU
		{B0F2EE35-E3A4-45D0-9A35-B2540EF2F57A}.Debug|x64.ActiveCfg = Debug|Any CPU
		{B0F2EE35-E3A4-45D0-9A35-B2540EF2F57A}.Debug|x64.Build.0 = Debug|Any CPU
		{B0F2EE35-E3A4-45D0-9A35-B2540EF2F57A}.Debug|x86.ActiveCfg = Debug|Any CPU
		{B0F2EE35-E3A4-45D0-9A35-B2540EF2F57A}.Debug|x86.Build.0 = Debug|Any CPU
		{B0F2EE35-E3A4-45D0-9A35-B2540EF2F57A}.Release|Any CPU.ActiveCfg = Release|Any CPU
		{B0F2EE35-E3A4-45D0-9A35-B2540EF2F57A}.Release|Any CPU.Build.0 = Release|Any CPU
		{B0F2EE35-E3A4-45D0-9A35-B2540EF2F57A}.Release|x64.ActiveCfg = Release|Any CPU
		{B0F2EE35-E3A4-45D0-9A35-B2540EF2F57A}.Release|x64.Build.0 = Release|Any CPU
		{B0F2EE35-E3A4-45D0-9A35-B2540EF2F57A}.Release|x86.ActiveCfg = Release|Any CPU
		{B0F2EE35-E3A4-45D0-9A35-B2540EF2F57A}.Release|x86.Build.0 = Release|Any CPU
		{C9B75489-EBBE-4261-92CE-6938956738E2}.Debug|Any CPU.ActiveCfg = Debug|Any CPU
		{C9B75489-EBBE-4261-92CE-6938956738E2}.Debug|Any CPU.Build.0 = Debug|Any CPU
		{C9B75489-EBBE-4261-92CE-6938956738E2}.Debug|x64.ActiveCfg = Debug|Any CPU
		{C9B75489-EBBE-4261-92CE-6938956738E2}.Debug|x64.Build.0 = Debug|Any CPU
		{C9B75489-EBBE-4261-92CE-6938956738E2}.Debug|x86.ActiveCfg = Debug|Any CPU
		{C9B75489-EBBE-4261-92CE-6938956738E2}.Debug|x86.Build.0 = Debug|Any CPU
		{C9B75489-EBBE-4261-92CE-6938956738E2}.Release|Any CPU.ActiveCfg = Release|Any CPU
		{C9B75489-EBBE-4261-92CE-6938956738E2}.Release|Any CPU.Build.0 = Release|Any CPU
		{C9B75489-EBBE-4261-92CE-6938956738E2}.Release|x64.ActiveCfg = Release|Any CPU
		{C9B75489-EBBE-4261-92CE-6938956738E2}.Release|x64.Build.0 = Release|Any CPU
		{C9B75489-EBBE-4261-92CE-6938956738E2}.Release|x86.ActiveCfg = Release|Any CPU
		{C9B75489-EBBE-4261-92CE-6938956738E2}.Release|x86.Build.0 = Release|Any CPU
		{CA9B3FFC-E5CF-4668-92E0-3D7C298F5C18}.Debug|Any CPU.ActiveCfg = Debug|Any CPU
		{CA9B3FFC-E5CF-4668-92E0-3D7C298F5C18}.Debug|Any CPU.Build.0 = Debug|Any CPU
		{CA9B3FFC-E5CF-4668-92E0-3D7C298F5C18}.Debug|x64.ActiveCfg = Debug|Any CPU
		{CA9B3FFC-E5CF-4668-92E0-3D7C298F5C18}.Debug|x64.Build.0 = Debug|Any CPU
		{CA9B3FFC-E5CF-4668-92E0-3D7C298F5C18}.Debug|x86.ActiveCfg = Debug|Any CPU
		{CA9B3FFC-E5CF-4668-92E0-3D7C298F5C18}.Debug|x86.Build.0 = Debug|Any CPU
		{CA9B3FFC-E5CF-4668-92E0-3D7C298F5C18}.Release|Any CPU.ActiveCfg = Release|Any CPU
		{CA9B3FFC-E5CF-4668-92E0-3D7C298F5C18}.Release|Any CPU.Build.0 = Release|Any CPU
		{CA9B3FFC-E5CF-4668-92E0-3D7C298F5C18}.Release|x64.ActiveCfg = Release|Any CPU
		{CA9B3FFC-E5CF-4668-92E0-3D7C298F5C18}.Release|x64.Build.0 = Release|Any CPU
		{CA9B3FFC-E5CF-4668-92E0-3D7C298F5C18}.Release|x86.ActiveCfg = Release|Any CPU
		{CA9B3FFC-E5CF-4668-92E0-3D7C298F5C18}.Release|x86.Build.0 = Release|Any CPU
		{964513B7-1FB7-4580-91E8-8BD61A6BB5DA}.Debug|Any CPU.ActiveCfg = Debug|Any CPU
		{964513B7-1FB7-4580-91E8-8BD61A6BB5DA}.Debug|Any CPU.Build.0 = Debug|Any CPU
		{964513B7-1FB7-4580-91E8-8BD61A6BB5DA}.Debug|x64.ActiveCfg = Debug|Any CPU
		{964513B7-1FB7-4580-91E8-8BD61A6BB5DA}.Debug|x64.Build.0 = Debug|Any CPU
		{964513B7-1FB7-4580-91E8-8BD61A6BB5DA}.Debug|x86.ActiveCfg = Debug|Any CPU
		{964513B7-1FB7-4580-91E8-8BD61A6BB5DA}.Debug|x86.Build.0 = Debug|Any CPU
		{964513B7-1FB7-4580-91E8-8BD61A6BB5DA}.Release|Any CPU.ActiveCfg = Release|Any CPU
		{964513B7-1FB7-4580-91E8-8BD61A6BB5DA}.Release|Any CPU.Build.0 = Release|Any CPU
		{964513B7-1FB7-4580-91E8-8BD61A6BB5DA}.Release|x64.ActiveCfg = Release|Any CPU
		{964513B7-1FB7-4580-91E8-8BD61A6BB5DA}.Release|x64.Build.0 = Release|Any CPU
		{964513B7-1FB7-4580-91E8-8BD61A6BB5DA}.Release|x86.ActiveCfg = Release|Any CPU
		{964513B7-1FB7-4580-91E8-8BD61A6BB5DA}.Release|x86.Build.0 = Release|Any CPU
		{068C1A88-DDFF-4575-8362-CB5A77AC936F}.Debug|Any CPU.ActiveCfg = Debug|Any CPU
		{068C1A88-DDFF-4575-8362-CB5A77AC936F}.Debug|Any CPU.Build.0 = Debug|Any CPU
		{068C1A88-DDFF-4575-8362-CB5A77AC936F}.Debug|x64.ActiveCfg = Debug|Any CPU
		{068C1A88-DDFF-4575-8362-CB5A77AC936F}.Debug|x64.Build.0 = Debug|Any CPU
		{068C1A88-DDFF-4575-8362-CB5A77AC936F}.Debug|x86.ActiveCfg = Debug|Any CPU
		{068C1A88-DDFF-4575-8362-CB5A77AC936F}.Debug|x86.Build.0 = Debug|Any CPU
		{068C1A88-DDFF-4575-8362-CB5A77AC936F}.Release|Any CPU.ActiveCfg = Release|Any CPU
		{068C1A88-DDFF-4575-8362-CB5A77AC936F}.Release|Any CPU.Build.0 = Release|Any CPU
		{068C1A88-DDFF-4575-8362-CB5A77AC936F}.Release|x64.ActiveCfg = Release|Any CPU
		{068C1A88-DDFF-4575-8362-CB5A77AC936F}.Release|x64.Build.0 = Release|Any CPU
		{068C1A88-DDFF-4575-8362-CB5A77AC936F}.Release|x86.ActiveCfg = Release|Any CPU
		{068C1A88-DDFF-4575-8362-CB5A77AC936F}.Release|x86.Build.0 = Release|Any CPU
		{6A61235C-A6DB-4C82-A265-E03CDC71134E}.Debug|Any CPU.ActiveCfg = Debug|Any CPU
		{6A61235C-A6DB-4C82-A265-E03CDC71134E}.Debug|Any CPU.Build.0 = Debug|Any CPU
		{6A61235C-A6DB-4C82-A265-E03CDC71134E}.Debug|x64.ActiveCfg = Debug|Any CPU
		{6A61235C-A6DB-4C82-A265-E03CDC71134E}.Debug|x64.Build.0 = Debug|Any CPU
		{6A61235C-A6DB-4C82-A265-E03CDC71134E}.Debug|x86.ActiveCfg = Debug|Any CPU
		{6A61235C-A6DB-4C82-A265-E03CDC71134E}.Debug|x86.Build.0 = Debug|Any CPU
		{6A61235C-A6DB-4C82-A265-E03CDC71134E}.Release|Any CPU.ActiveCfg = Release|Any CPU
		{6A61235C-A6DB-4C82-A265-E03CDC71134E}.Release|Any CPU.Build.0 = Release|Any CPU
		{6A61235C-A6DB-4C82-A265-E03CDC71134E}.Release|x64.ActiveCfg = Release|Any CPU
		{6A61235C-A6DB-4C82-A265-E03CDC71134E}.Release|x64.Build.0 = Release|Any CPU
		{6A61235C-A6DB-4C82-A265-E03CDC71134E}.Release|x86.ActiveCfg = Release|Any CPU
		{6A61235C-A6DB-4C82-A265-E03CDC71134E}.Release|x86.Build.0 = Release|Any CPU
		{73FE9865-0E31-4B8C-8AF6-45236496A806}.Debug|Any CPU.ActiveCfg = Debug|Any CPU
		{73FE9865-0E31-4B8C-8AF6-45236496A806}.Debug|Any CPU.Build.0 = Debug|Any CPU
		{73FE9865-0E31-4B8C-8AF6-45236496A806}.Debug|x64.ActiveCfg = Debug|Any CPU
		{73FE9865-0E31-4B8C-8AF6-45236496A806}.Debug|x64.Build.0 = Debug|Any CPU
		{73FE9865-0E31-4B8C-8AF6-45236496A806}.Debug|x86.ActiveCfg = Debug|Any CPU
		{73FE9865-0E31-4B8C-8AF6-45236496A806}.Debug|x86.Build.0 = Debug|Any CPU
		{73FE9865-0E31-4B8C-8AF6-45236496A806}.Release|Any CPU.ActiveCfg = Release|Any CPU
		{73FE9865-0E31-4B8C-8AF6-45236496A806}.Release|Any CPU.Build.0 = Release|Any CPU
		{73FE9865-0E31-4B8C-8AF6-45236496A806}.Release|x64.ActiveCfg = Release|Any CPU
		{73FE9865-0E31-4B8C-8AF6-45236496A806}.Release|x64.Build.0 = Release|Any CPU
		{73FE9865-0E31-4B8C-8AF6-45236496A806}.Release|x86.ActiveCfg = Release|Any CPU
		{73FE9865-0E31-4B8C-8AF6-45236496A806}.Release|x86.Build.0 = Release|Any CPU
		{67CA84A7-D3E3-4EF5-9512-699F7321B899}.Debug|Any CPU.ActiveCfg = Debug|Any CPU
		{67CA84A7-D3E3-4EF5-9512-699F7321B899}.Debug|Any CPU.Build.0 = Debug|Any CPU
		{67CA84A7-D3E3-4EF5-9512-699F7321B899}.Debug|x64.ActiveCfg = Debug|Any CPU
		{67CA84A7-D3E3-4EF5-9512-699F7321B899}.Debug|x64.Build.0 = Debug|Any CPU
		{67CA84A7-D3E3-4EF5-9512-699F7321B899}.Debug|x86.ActiveCfg = Debug|Any CPU
		{67CA84A7-D3E3-4EF5-9512-699F7321B899}.Debug|x86.Build.0 = Debug|Any CPU
		{67CA84A7-D3E3-4EF5-9512-699F7321B899}.Release|Any CPU.ActiveCfg = Release|Any CPU
		{67CA84A7-D3E3-4EF5-9512-699F7321B899}.Release|Any CPU.Build.0 = Release|Any CPU
		{67CA84A7-D3E3-4EF5-9512-699F7321B899}.Release|x64.ActiveCfg = Release|Any CPU
		{67CA84A7-D3E3-4EF5-9512-699F7321B899}.Release|x64.Build.0 = Release|Any CPU
		{67CA84A7-D3E3-4EF5-9512-699F7321B899}.Release|x86.ActiveCfg = Release|Any CPU
		{67CA84A7-D3E3-4EF5-9512-699F7321B899}.Release|x86.Build.0 = Release|Any CPU
		{9D65077A-687A-433A-A280-45A70620ADC0}.Debug|Any CPU.ActiveCfg = Debug|Any CPU
		{9D65077A-687A-433A-A280-45A70620ADC0}.Debug|Any CPU.Build.0 = Debug|Any CPU
		{9D65077A-687A-433A-A280-45A70620ADC0}.Debug|x64.ActiveCfg = Debug|Any CPU
		{9D65077A-687A-433A-A280-45A70620ADC0}.Debug|x64.Build.0 = Debug|Any CPU
		{9D65077A-687A-433A-A280-45A70620ADC0}.Debug|x86.ActiveCfg = Debug|Any CPU
		{9D65077A-687A-433A-A280-45A70620ADC0}.Debug|x86.Build.0 = Debug|Any CPU
		{9D65077A-687A-433A-A280-45A70620ADC0}.Release|Any CPU.ActiveCfg = Release|Any CPU
		{9D65077A-687A-433A-A280-45A70620ADC0}.Release|Any CPU.Build.0 = Release|Any CPU
		{9D65077A-687A-433A-A280-45A70620ADC0}.Release|x64.ActiveCfg = Release|Any CPU
		{9D65077A-687A-433A-A280-45A70620ADC0}.Release|x64.Build.0 = Release|Any CPU
		{9D65077A-687A-433A-A280-45A70620ADC0}.Release|x86.ActiveCfg = Release|Any CPU
		{9D65077A-687A-433A-A280-45A70620ADC0}.Release|x86.Build.0 = Release|Any CPU
		{C4AE66A7-2DC5-410C-B17C-9A23DBD0A429}.Debug|Any CPU.ActiveCfg = Debug|Any CPU
		{C4AE66A7-2DC5-410C-B17C-9A23DBD0A429}.Debug|Any CPU.Build.0 = Debug|Any CPU
		{C4AE66A7-2DC5-410C-B17C-9A23DBD0A429}.Debug|x64.ActiveCfg = Debug|Any CPU
		{C4AE66A7-2DC5-410C-B17C-9A23DBD0A429}.Debug|x64.Build.0 = Debug|Any CPU
		{C4AE66A7-2DC5-410C-B17C-9A23DBD0A429}.Debug|x86.ActiveCfg = Debug|Any CPU
		{C4AE66A7-2DC5-410C-B17C-9A23DBD0A429}.Debug|x86.Build.0 = Debug|Any CPU
		{C4AE66A7-2DC5-410C-B17C-9A23DBD0A429}.Release|Any CPU.ActiveCfg = Release|Any CPU
		{C4AE66A7-2DC5-410C-B17C-9A23DBD0A429}.Release|Any CPU.Build.0 = Release|Any CPU
		{C4AE66A7-2DC5-410C-B17C-9A23DBD0A429}.Release|x64.ActiveCfg = Release|Any CPU
		{C4AE66A7-2DC5-410C-B17C-9A23DBD0A429}.Release|x64.Build.0 = Release|Any CPU
		{C4AE66A7-2DC5-410C-B17C-9A23DBD0A429}.Release|x86.ActiveCfg = Release|Any CPU
		{C4AE66A7-2DC5-410C-B17C-9A23DBD0A429}.Release|x86.Build.0 = Release|Any CPU
	EndGlobalSection
	GlobalSection(SolutionProperties) = preSolution
		HideSolutionNode = FALSE
	EndGlobalSection
	GlobalSection(NestedProjects) = preSolution
		{A31DB3FB-ACFC-407D-BAEB-A8CE7B02ACD5} = {D54E3377-9B9C-479F-AC91-950C467643C5}
		{D3CB3202-5150-421A-8080-1C6C3AEE7AF8} = {34A59C35-BF40-43E3-8FA6-6A20B49300E9}
		{4364879E-A340-4E42-9A99-E300B17E642A} = {D1FCDD69-6150-400D-B2AE-C4FE3FD1E1C5}
		{D54E3377-9B9C-479F-AC91-950C467643C5} = {574CE1BF-397E-4262-82AD-94FB1CE98DA2}
		{61756592-A16C-493F-908D-2F36F8259735} = {D54E3377-9B9C-479F-AC91-950C467643C5}
		{47342164-51DC-4498-AD4C-97702E968FBE} = {D54E3377-9B9C-479F-AC91-950C467643C5}
		{A7B2F28E-3B2D-4CCB-9F69-04B8CE7F855C} = {D54E3377-9B9C-479F-AC91-950C467643C5}
		{34A59C35-BF40-43E3-8FA6-6A20B49300E9} = {574CE1BF-397E-4262-82AD-94FB1CE98DA2}
		{D1FCDD69-6150-400D-B2AE-C4FE3FD1E1C5} = {574CE1BF-397E-4262-82AD-94FB1CE98DA2}
		{3577343F-C561-4031-8AE5-4A792ECE399D} = {D1FCDD69-6150-400D-B2AE-C4FE3FD1E1C5}
		{ED022699-A7C1-4A89-8DD6-3C20427440C1} = {D1FCDD69-6150-400D-B2AE-C4FE3FD1E1C5}
		{222158C9-EE7E-412B-9105-F570FA29BAAF} = {D1FCDD69-6150-400D-B2AE-C4FE3FD1E1C5}
		{E88D3DAC-13D1-4711-9ADD-BE97A3A57212} = {574CE1BF-397E-4262-82AD-94FB1CE98DA2}
		{230C6816-A862-450D-8B9C-736CA2D21F93} = {E88D3DAC-13D1-4711-9ADD-BE97A3A57212}
		{0DB9F20A-FD40-4110-807E-AAEFEFCCD574} = {574CE1BF-397E-4262-82AD-94FB1CE98DA2}
		{87A8C3EB-C675-4EA8-97F9-98BDF13E23D6} = {0DB9F20A-FD40-4110-807E-AAEFEFCCD574}
		{31515AC2-E286-49D7-A35C-5F34BB297EB7} = {0DB9F20A-FD40-4110-807E-AAEFEFCCD574}
		{1F48ABFB-4C4A-4E0C-A155-3DBAC0676C95} = {0DB9F20A-FD40-4110-807E-AAEFEFCCD574}
		{20D19B8A-3C6E-49B4-BBC9-51EA63B86147} = {0DB9F20A-FD40-4110-807E-AAEFEFCCD574}
		{ECC10F39-5198-481C-91D9-40C09A0E323F} = {E88D3DAC-13D1-4711-9ADD-BE97A3A57212}
		{929F4E69-ED22-4ED4-B502-5DA85C2CC3FE} = {033E8CA1-0464-45EB-B207-29EAB055FD9E}
		{D8F151B3-569D-4257-9DD2-2270FB1D347A} = {E88D3DAC-13D1-4711-9ADD-BE97A3A57212}
		{5618F488-A7E7-49EB-9545-F482780ED926} = {E88D3DAC-13D1-4711-9ADD-BE97A3A57212}
		{F41251EB-5CDE-4D3E-BF44-BA39D610D430} = {E88D3DAC-13D1-4711-9ADD-BE97A3A57212}
		{029123A2-4A26-41A4-A321-3AE9BF05D8B0} = {574CE1BF-397E-4262-82AD-94FB1CE98DA2}
		{9666BB76-93DE-4DE7-BFFA-2EED1565CE9F} = {029123A2-4A26-41A4-A321-3AE9BF05D8B0}
		{B7AD5768-64AA-46E9-9EA3-B5F5FB97AF23} = {029123A2-4A26-41A4-A321-3AE9BF05D8B0}
		{EC364D08-6503-4A34-9738-025FF805F745} = {029123A2-4A26-41A4-A321-3AE9BF05D8B0}
		{B0F2EE35-E3A4-45D0-9A35-B2540EF2F57A} = {029123A2-4A26-41A4-A321-3AE9BF05D8B0}
		{502469BA-2C56-4FC7-B5C9-935689808ACC} = {574CE1BF-397E-4262-82AD-94FB1CE98DA2}
		{C9B75489-EBBE-4261-92CE-6938956738E2} = {502469BA-2C56-4FC7-B5C9-935689808ACC}
		{CA9B3FFC-E5CF-4668-92E0-3D7C298F5C18} = {502469BA-2C56-4FC7-B5C9-935689808ACC}
		{964513B7-1FB7-4580-91E8-8BD61A6BB5DA} = {502469BA-2C56-4FC7-B5C9-935689808ACC}
		{068C1A88-DDFF-4575-8362-CB5A77AC936F} = {502469BA-2C56-4FC7-B5C9-935689808ACC}
		{104ADC0B-D20E-44DF-821A-967059DAFC4C} = {574CE1BF-397E-4262-82AD-94FB1CE98DA2}
		{6A61235C-A6DB-4C82-A265-E03CDC71134E} = {104ADC0B-D20E-44DF-821A-967059DAFC4C}
		{73FE9865-0E31-4B8C-8AF6-45236496A806} = {104ADC0B-D20E-44DF-821A-967059DAFC4C}
		{67CA84A7-D3E3-4EF5-9512-699F7321B899} = {104ADC0B-D20E-44DF-821A-967059DAFC4C}
		{9D65077A-687A-433A-A280-45A70620ADC0} = {104ADC0B-D20E-44DF-821A-967059DAFC4C}
		{C3724366-BFB1-4DEB-86A4-736EA546D264} = {574CE1BF-397E-4262-82AD-94FB1CE98DA2}
		{B7DD045B-D524-475B-A111-DD6E55431D3B} = {574CE1BF-397E-4262-82AD-94FB1CE98DA2}
		{EDC7432B-5D48-44C4-BF52-F3625E7A43DD} = {574CE1BF-397E-4262-82AD-94FB1CE98DA2}
		{A50DA91B-BD5D-4640-80D8-46B1E55E76FD} = {574CE1BF-397E-4262-82AD-94FB1CE98DA2}
		{4BAA467F-6F58-4C99-ACCF-88F2ADD398B8} = {574CE1BF-397E-4262-82AD-94FB1CE98DA2}
		{41ECEE68-B668-45CB-A3F0-DAC0BCF20D89} = {574CE1BF-397E-4262-82AD-94FB1CE98DA2}
		{C4AE66A7-2DC5-410C-B17C-9A23DBD0A429} = {0DB9F20A-FD40-4110-807E-AAEFEFCCD574}
	EndGlobalSection
	GlobalSection(ExtensibilityGlobals) = postSolution
		SolutionGuid = {5C9AF9F4-BF0A-486D-9F2E-17FE2F53F7E9}
	EndGlobalSection
EndGlobal
