
Microsoft Visual Studio Solution File, Format Version 12.00
# Visual Studio Version 17
VisualStudioVersion = 17.4.33103.184
MinimumVisualStudioVersion = 10.0.40219.1
Project("{9A19103F-16F7-4668-BE54-9A1E7A4F7556}") = "PFRCentr.App.MvcClient", "src\PFRCentr.App.MvcClient\PFRCentr.App.MvcClient.csproj", "{95341527-110D-4DC9-BD5E-495AEAC2D5B9}"
EndProject
Project("{E53339B2-1760-4266-BCC7-CA923CBCF16C}") = "docker-compose", "docker-compose.dcproj", "{AAF1D903-DFD2-47B9-AE2E-F07DBBD5A392}"
EndProject
Project("{FAE04EC0-301F-11D3-BF4B-00C04F79EFBC}") = "ReactJs.TestProject", "..\ReactJs.TestProject\ReactJs.TestProject.csproj", "{17ED7BCD-14E4-47E7-9439-98810F95E082}"
EndProject
Global
	GlobalSection(SolutionConfigurationPlatforms) = preSolution
		Debug|Any CPU = Debug|Any CPU
		Release|Any CPU = Release|Any CPU
	EndGlobalSection
	GlobalSection(ProjectConfigurationPlatforms) = postSolution
		{95341527-110D-4DC9-BD5E-495AEAC2D5B9}.Debug|Any CPU.ActiveCfg = Debug|Any CPU
		{95341527-110D-4DC9-BD5E-495AEAC2D5B9}.Debug|Any CPU.Build.0 = Debug|Any CPU
		{95341527-110D-4DC9-BD5E-495AEAC2D5B9}.Release|Any CPU.ActiveCfg = Release|Any CPU
		{95341527-110D-4DC9-BD5E-495AEAC2D5B9}.Release|Any CPU.Build.0 = Release|Any CPU
		{AAF1D903-DFD2-47B9-AE2E-F07DBBD5A392}.Debug|Any CPU.ActiveCfg = Debug|Any CPU
		{AAF1D903-DFD2-47B9-AE2E-F07DBBD5A392}.Debug|Any CPU.Build.0 = Debug|Any CPU
		{AAF1D903-DFD2-47B9-AE2E-F07DBBD5A392}.Release|Any CPU.ActiveCfg = Release|Any CPU
		{AAF1D903-DFD2-47B9-AE2E-F07DBBD5A392}.Release|Any CPU.Build.0 = Release|Any CPU
		{17ED7BCD-14E4-47E7-9439-98810F95E082}.Debug|Any CPU.ActiveCfg = Debug|Any CPU
		{17ED7BCD-14E4-47E7-9439-98810F95E082}.Debug|Any CPU.Build.0 = Debug|Any CPU
		{17ED7BCD-14E4-47E7-9439-98810F95E082}.Release|Any CPU.ActiveCfg = Release|Any CPU
		{17ED7BCD-14E4-47E7-9439-98810F95E082}.Release|Any CPU.Build.0 = Release|Any CPU
	EndGlobalSection
	GlobalSection(SolutionProperties) = preSolution
		HideSolutionNode = FALSE
	EndGlobalSection
	GlobalSection(ExtensibilityGlobals) = postSolution
		SolutionGuid = {E0957307-5414-4680-9678-8FD9D9A2CDC4}
	EndGlobalSection
EndGlobal
